// !$*UTF8*$!
{
	archiveVersion = 1;
	classes = {
	};
	objectVersion = 77;
	objects = {

/* Begin PBXBuildFile section */
		04302B382F00E924001C0F60 /* Quartz.framework in Frameworks */ = {isa = PBXBuildFile; fileRef = 04302B372F00E924001C0F60 /* Quartz.framework */; };
		04302B442F00E924001C0F60 /* HypnogramQuickLook.appex in Embed Foundation Extensions */ = {isa = PBXBuildFile; fileRef = 04302B352F00E924001C0F60 /* HypnogramQuickLook.appex */; settings = {ATTRIBUTES = (RemoveHeadersOnCopy, ); }; };
		211B1A7B2AC8037E40D63A48 /* HypnoCore in Frameworks */ = {isa = PBXBuildFile; productRef = 4D989C67E2DF4FD885791B0F /* HypnoCore */; };
		95D7E41923E3CAFA9648F0E1 /* HypnoCore in Frameworks */ = {isa = PBXBuildFile; productRef = 6B4E93992CE0046E9A47D568 /* HypnoCore */; };
		A395488D6399FE11853C50D8 /* HypnoCore in Frameworks */ = {isa = PBXBuildFile; productRef = EB154B2C5C3272CE2685E2EC /* HypnoCore */; };
		E188C35FDD1B9BF2E33EAF38 /* HypnoUI in Frameworks */ = {isa = PBXBuildFile; productRef = E668AB4C346BB9907570FA1D /* HypnoUI */; };
/* End PBXBuildFile section */

/* Begin PBXContainerItemProxy section */
		042F99132EC8990C006D4CDE /* PBXContainerItemProxy */ = {
			isa = PBXContainerItemProxy;
			containerPortal = 042F98F92EC8990A006D4CDE /* Project object */;
			proxyType = 1;
			remoteGlobalIDString = 042F99002EC8990B006D4CDE;
			remoteInfo = Hypnograph;
		};
		042F991D2EC8990C006D4CDE /* PBXContainerItemProxy */ = {
			isa = PBXContainerItemProxy;
			containerPortal = 042F98F92EC8990A006D4CDE /* Project object */;
			proxyType = 1;
			remoteGlobalIDString = 042F99002EC8990B006D4CDE;
			remoteInfo = Hypnograph;
		};
		04302B422F00E924001C0F60 /* PBXContainerItemProxy */ = {
			isa = PBXContainerItemProxy;
			containerPortal = 042F98F92EC8990A006D4CDE /* Project object */;
			proxyType = 1;
			remoteGlobalIDString = 04302B342F00E924001C0F60;
			remoteInfo = HypnogramQuickLook;
		};
		2584DF34F393DA72C5614C8F /* PBXContainerItemProxy */ = {
			isa = PBXContainerItemProxy;
			containerPortal = 042F98F92EC8990A006D4CDE /* Project object */;
			proxyType = 1;
			remoteGlobalIDString = E308118CE40F75DAAC8AFFAB;
			remoteInfo = HypnoCore;
		};
		2B3C4D5E6F708192A3B4C5D6 /* PBXContainerItemProxy */ = {
			isa = PBXContainerItemProxy;
			containerPortal = 042F98F92EC8990A006D4CDE /* Project object */;
			proxyType = 1;
			remoteGlobalIDString = 5E6F708192A3B4C5D6E7F809;
			remoteInfo = HypnoUI;
		};
		D1E2F3A4B5C6D7E8F9A0B1CB /* PBXContainerItemProxy */ = {
			isa = PBXContainerItemProxy;
			containerPortal = 042F98F92EC8990A006D4CDE /* Project object */;
			proxyType = 1;
			remoteGlobalIDString = E308118CE40F75DAAC8AFFAB;
			remoteInfo = HypnoCore;
		};
		D1E2F3A4B5C6D7E8F9A0B1CD /* PBXContainerItemProxy */ = {
			isa = PBXContainerItemProxy;
			containerPortal = 042F98F92EC8990A006D4CDE /* Project object */;
			proxyType = 1;
			remoteGlobalIDString = 04302B342F00E924001C0F60;
			remoteInfo = HypnogramQuickLook;
		};
		F6998A651CE7C3DB43E98E0D /* PBXContainerItemProxy */ = {
			isa = PBXContainerItemProxy;
			containerPortal = 042F98F92EC8990A006D4CDE /* Project object */;
			proxyType = 1;
			remoteGlobalIDString = E308118CE40F75DAAC8AFFAB;
			remoteInfo = HypnoCore;
		};
/* End PBXContainerItemProxy section */

/* Begin PBXCopyFilesBuildPhase section */
		04302B452F00E924001C0F60 /* Embed Foundation Extensions */ = {
			isa = PBXCopyFilesBuildPhase;
			buildActionMask = 2147483647;
			dstPath = "";
			dstSubfolderSpec = 13;
			files = (
				04302B442F00E924001C0F60 /* HypnogramQuickLook.appex in Embed Foundation Extensions */,
			);
			name = "Embed Foundation Extensions";
			runOnlyForDeploymentPostprocessing = 0;
		};
/* End PBXCopyFilesBuildPhase section */

/* Begin PBXFileReference section */
		042F99012EC8990B006D4CDE /* Hypnograph.app */ = {isa = PBXFileReference; explicitFileType = wrapper.application; includeInIndex = 0; path = Hypnograph.app; sourceTree = BUILT_PRODUCTS_DIR; };
		042F99122EC8990C006D4CDE /* HypnographTests.xctest */ = {isa = PBXFileReference; explicitFileType = wrapper.cfbundle; includeInIndex = 0; path = HypnographTests.xctest; sourceTree = BUILT_PRODUCTS_DIR; };
		042F991C2EC8990C006D4CDE /* HypnographUITests.xctest */ = {isa = PBXFileReference; explicitFileType = wrapper.cfbundle; includeInIndex = 0; path = HypnographUITests.xctest; sourceTree = BUILT_PRODUCTS_DIR; };
		04302B352F00E924001C0F60 /* HypnogramQuickLook.appex */ = {isa = PBXFileReference; explicitFileType = "wrapper.app-extension"; includeInIndex = 0; path = HypnogramQuickLook.appex; sourceTree = BUILT_PRODUCTS_DIR; };
		04302B372F00E924001C0F60 /* Quartz.framework */ = {isa = PBXFileReference; lastKnownFileType = wrapper.framework; name = Quartz.framework; path = System/Library/Frameworks/Quartz.framework; sourceTree = SDKROOT; };
		045DA3982F4D5DCE00D41089 /* add-history-to-hypnograms-favorite-recent-window.md */ = {isa = PBXFileReference; lastKnownFileType = net.daringfireball.markdown; path = "add-history-to-hypnograms-favorite-recent-window.md"; sourceTree = "<group>"; };
		045DA3992F4D5DCE00D41089 /* beta-release-testflight.md */ = {isa = PBXFileReference; lastKnownFileType = net.daringfireball.markdown; path = "beta-release-testflight.md"; sourceTree = "<group>"; };
		045DA39A2F4D5DCE00D41089 /* export-clip-history-fcpxml.md */ = {isa = PBXFileReference; lastKnownFileType = net.daringfireball.markdown; path = "export-clip-history-fcpxml.md"; sourceTree = "<group>"; };
		045DA39B2F4D5DCE00D41089 /* in-app-feedback.md */ = {isa = PBXFileReference; lastKnownFileType = net.daringfireball.markdown; path = "in-app-feedback.md"; sourceTree = "<group>"; };
		045DA39C2F4D5DCE00D41089 /* layer-editor.md */ = {isa = PBXFileReference; lastKnownFileType = net.daringfireball.markdown; path = "layer-editor.md"; sourceTree = "<group>"; };
		045DA39D2F4D5DCE00D41089 /* save-fullscreen-state.md */ = {isa = PBXFileReference; lastKnownFileType = net.daringfireball.markdown; path = "save-fullscreen-state.md"; sourceTree = "<group>"; };
		045DA39E2F4D5DCE00D41089 /* sets-model-direction.md */ = {isa = PBXFileReference; lastKnownFileType = net.daringfireball.markdown; path = "sets-model-direction.md"; sourceTree = "<group>"; };
		045DA3A02F4D5DCE00D41089 /* dream-players.md */ = {isa = PBXFileReference; lastKnownFileType = net.daringfireball.markdown; path = "dream-players.md"; sourceTree = "<group>"; };
		045DA3A12F4D5DCE00D41089 /* effects.md */ = {isa = PBXFileReference; lastKnownFileType = net.daringfireball.markdown; path = effects.md; sourceTree = "<group>"; };
		045DA3A22F4D5DCE00D41089 /* index.md */ = {isa = PBXFileReference; lastKnownFileType = net.daringfireball.markdown; path = index.md; sourceTree = "<group>"; };
		045DA3A32F4D5DCE00D41089 /* media-library.md */ = {isa = PBXFileReference; lastKnownFileType = net.daringfireball.markdown; path = "media-library.md"; sourceTree = "<group>"; };
		045DA3A42F4D5DCE00D41089 /* recipes.md */ = {isa = PBXFileReference; lastKnownFileType = net.daringfireball.markdown; path = recipes.md; sourceTree = "<group>"; };
		045DA3A52F4D5DCE00D41089 /* rendering.md */ = {isa = PBXFileReference; lastKnownFileType = net.daringfireball.markdown; path = rendering.md; sourceTree = "<group>"; };
		045DA3A62F4D5DCE00D41089 /* settings.md */ = {isa = PBXFileReference; lastKnownFileType = net.daringfireball.markdown; path = settings.md; sourceTree = "<group>"; };
		045DA3A82F4D5DCE00D41089 /* ComponentMockups.swift */ = {isa = PBXFileReference; lastKnownFileType = sourcecode.swift; path = ComponentMockups.swift; sourceTree = "<group>"; };
		045DA3A92F4D5DCE00D41089 /* FullLayoutMockup.swift */ = {isa = PBXFileReference; lastKnownFileType = sourcecode.swift; path = FullLayoutMockup.swift; sourceTree = "<group>"; };
		045DA3AA2F4D5DCE00D41089 /* index.md */ = {isa = PBXFileReference; lastKnownFileType = net.daringfireball.markdown; path = index.md; sourceTree = "<group>"; };
		045DA3AB2F4D5DCE00D41089 /* LeftSidebarMockup.swift */ = {isa = PBXFileReference; lastKnownFileType = sourcecode.swift; path = LeftSidebarMockup.swift; sourceTree = "<group>"; };
		045DA3AC2F4D5DCE00D41089 /* RightSidebarMockup.swift */ = {isa = PBXFileReference; lastKnownFileType = sourcecode.swift; path = RightSidebarMockup.swift; sourceTree = "<group>"; };
		045DA3AE2F4D5DCE00D41089 /* 20241225-custom-blend-modes.md */ = {isa = PBXFileReference; lastKnownFileType = net.daringfireball.markdown; path = "20241225-custom-blend-modes.md"; sourceTree = "<group>"; };
		045DA3AF2F4D5DCE00D41089 /* 20251225-keyboard-handling.md */ = {isa = PBXFileReference; lastKnownFileType = net.daringfireball.markdown; path = "20251225-keyboard-handling.md"; sourceTree = "<group>"; };
		045DA3B02F4D5DCE00D41089 /* 20251226-window-state.md */ = {isa = PBXFileReference; lastKnownFileType = net.daringfireball.markdown; path = "20251226-window-state.md"; sourceTree = "<group>"; };
		045DA3B12F4D5DCE00D41089 /* 20251227-dream-player-refactor.md */ = {isa = PBXFileReference; lastKnownFileType = net.daringfireball.markdown; path = "20251227-dream-player-refactor.md"; sourceTree = "<group>"; };
		045DA3B22F4D5DCE00D41089 /* 20260104-divine-extraction.md */ = {isa = PBXFileReference; lastKnownFileType = net.daringfireball.markdown; path = "20260104-divine-extraction.md"; sourceTree = "<group>"; };
		045DA3B32F4D5DCE00D41089 /* 20260111-effects-system-refactor.md */ = {isa = PBXFileReference; lastKnownFileType = net.daringfireball.markdown; path = "20260111-effects-system-refactor.md"; sourceTree = "<group>"; };
		045DA3B42F4D5DCE00D41089 /* 20260115-unify-montage-sequence.md */ = {isa = PBXFileReference; lastKnownFileType = net.daringfireball.markdown; path = "20260115-unify-montage-sequence.md"; sourceTree = "<group>"; };
		045DA3B52F4D5DCE00D41089 /* 20260116-add-source-framing-setting.md */ = {isa = PBXFileReference; lastKnownFileType = net.daringfireball.markdown; path = "20260116-add-source-framing-setting.md"; sourceTree = "<group>"; };
		045DA3B62F4D5DCE00D41089 /* 20260116-hypnogram-transitions.md */ = {isa = PBXFileReference; lastKnownFileType = net.daringfireball.markdown; path = "20260116-hypnogram-transitions.md"; sourceTree = "<group>"; };
		045DA3B72F4D5DCE00D41089 /* 20260116-unified-player-architecture.md */ = {isa = PBXFileReference; lastKnownFileType = net.daringfireball.markdown; path = "20260116-unified-player-architecture.md"; sourceTree = "<group>"; };
		045DA3B82F4D5DCE00D41089 /* 20260117-metal-playback-pipeline.md */ = {isa = PBXFileReference; lastKnownFileType = net.daringfireball.markdown; path = "20260117-metal-playback-pipeline.md"; sourceTree = "<group>"; };
		045DA3B92F4D5DCE00D41089 /* 20260120-smart-framing-human-centering.md */ = {isa = PBXFileReference; lastKnownFileType = net.daringfireball.markdown; path = "20260120-smart-framing-human-centering.md"; sourceTree = "<group>"; };
		045DA3BA2F4D5DCE00D41089 /* 20260121-more-clear-naming.md */ = {isa = PBXFileReference; lastKnownFileType = net.daringfireball.markdown; path = "20260121-more-clear-naming.md"; sourceTree = "<group>"; };
		045DA3BB2F4D5DCE00D41089 /* 20260125-in-app-windowing-review.md */ = {isa = PBXFileReference; lastKnownFileType = net.daringfireball.markdown; path = "20260125-in-app-windowing-review.md"; sourceTree = "<group>"; };
		045DA3BC2F4D5DCE00D41089 /* 20260215-add-layer-from-selection.md */ = {isa = PBXFileReference; lastKnownFileType = net.daringfireball.markdown; path = "20260215-add-layer-from-selection.md"; sourceTree = "<group>"; };
		045DA3BD2F4D5DCE00D41089 /* 20260215-drag-drop-reorder.md */ = {isa = PBXFileReference; lastKnownFileType = net.daringfireball.markdown; path = "20260215-drag-drop-reorder.md"; sourceTree = "<group>"; };
		045DA3BE2F4D5DCE00D41089 /* 20260217-app-settings-window.md */ = {isa = PBXFileReference; lastKnownFileType = net.daringfireball.markdown; path = "20260217-app-settings-window.md"; sourceTree = "<group>"; };
		045DA3BF2F4D5DCE00D41089 /* 20260217-combine-hud-into-player-settings.md */ = {isa = PBXFileReference; lastKnownFileType = net.daringfireball.markdown; path = "20260217-combine-hud-into-player-settings.md"; sourceTree = "<group>"; };
		045DA3C02F4D5DCE00D41089 /* 20260217-command-menu-review.md */ = {isa = PBXFileReference; lastKnownFileType = net.daringfireball.markdown; path = "20260217-command-menu-review.md"; sourceTree = "<group>"; };
		045DA3C12F4D5DCE00D41089 /* 20260217-live-mode-feature-flag.md */ = {isa = PBXFileReference; lastKnownFileType = net.daringfireball.markdown; path = "20260217-live-mode-feature-flag.md"; sourceTree = "<group>"; };
		045DA3C22F4D5DCE00D41089 /* 20260217-record-deck.md */ = {isa = PBXFileReference; lastKnownFileType = net.daringfireball.markdown; path = "20260217-record-deck.md"; sourceTree = "<group>"; };
		045DA3C32F4D5DCE00D41089 /* 20260217-splash-screen.md */ = {isa = PBXFileReference; lastKnownFileType = net.daringfireball.markdown; path = "20260217-splash-screen.md"; sourceTree = "<group>"; };
		045DA3C42F4D5DCE00D41089 /* 20260221-sets-reset-and-modeling-plan.md */ = {isa = PBXFileReference; lastKnownFileType = net.daringfireball.markdown; path = "20260221-sets-reset-and-modeling-plan.md"; sourceTree = "<group>"; };
		045DA3C52F4D5DCE00D41089 /* 20260224-timeline-transition-effect-isolation-refactor.md */ = {isa = PBXFileReference; lastKnownFileType = net.daringfireball.markdown; path = "20260224-timeline-transition-effect-isolation-refactor.md"; sourceTree = "<group>"; };
		045DA3C62F4D5DCE00D41089 /* done.md */ = {isa = PBXFileReference; lastKnownFileType = net.daringfireball.markdown; path = done.md; sourceTree = "<group>"; };
		045DA3C82F4D5DCE00D41089 /* library-manager.md */ = {isa = PBXFileReference; lastKnownFileType = net.daringfireball.markdown; path = "library-manager.md"; sourceTree = "<group>"; };
		045DA3C92F4D5DCE00D41089 /* location-overlay-effect.md */ = {isa = PBXFileReference; lastKnownFileType = net.daringfireball.markdown; path = "location-overlay-effect.md"; sourceTree = "<group>"; };
		045DA3CA2F4D5DCE00D41089 /* volume-leveling.md */ = {isa = PBXFileReference; lastKnownFileType = net.daringfireball.markdown; path = "volume-leveling.md"; sourceTree = "<group>"; };
		045DA3CC2F4D5DCE00D41089 /* coding-best-practices.md */ = {isa = PBXFileReference; lastKnownFileType = net.daringfireball.markdown; path = "coding-best-practices.md"; sourceTree = "<group>"; };
		045DA3CD2F4D5DCE00D41089 /* mission.md */ = {isa = PBXFileReference; lastKnownFileType = net.daringfireball.markdown; path = mission.md; sourceTree = "<group>"; };
		045DA3CE2F4D5DCE00D41089 /* tech-stack.md */ = {isa = PBXFileReference; lastKnownFileType = net.daringfireball.markdown; path = "tech-stack.md"; sourceTree = "<group>"; };
		045DA3D02F4D5DCE00D41089 /* controls.md */ = {isa = PBXFileReference; lastKnownFileType = net.daringfireball.markdown; path = controls.md; sourceTree = "<group>"; };
		045DA3D22F4D5DCE00D41089 /* 2026-01-25-Eli.md */ = {isa = PBXFileReference; lastKnownFileType = net.daringfireball.markdown; path = "2026-01-25-Eli.md"; sourceTree = "<group>"; };
		045DA3D42F4D5DCE00D41089 /* README.md */ = {isa = PBXFileReference; lastKnownFileType = net.daringfireball.markdown; path = README.md; sourceTree = "<group>"; };
		045DA3D52F4D5DCE00D41089 /* roadmap.md */ = {isa = PBXFileReference; lastKnownFileType = net.daringfireball.markdown; path = roadmap.md; sourceTree = "<group>"; };
		049B39042F26C1A300FFF6A8 /* SwiftUIPreviewHost.app */ = {isa = PBXFileReference; explicitFileType = wrapper.application; includeInIndex = 0; path = SwiftUIPreviewHost.app; sourceTree = BUILT_PRODUCTS_DIR; };
		1A2B3C4D5E6F708192A3B4C5 /* HypnoUI.framework */ = {isa = PBXFileReference; explicitFileType = wrapper.framework; includeInIndex = 0; path = HypnoUI.framework; sourceTree = BUILT_PRODUCTS_DIR; };
		764AADFE87DF1064AD85DF6E /* HypnoCore.framework */ = {isa = PBXFileReference; explicitFileType = wrapper.framework; includeInIndex = 0; path = HypnoCore.framework; sourceTree = BUILT_PRODUCTS_DIR; };
		A1B2C3D4E5F6A7B8C9D0E1F2 /* HypnoCoreTests.xctest */ = {isa = PBXFileReference; explicitFileType = wrapper.cfbundle; includeInIndex = 0; path = HypnoCoreTests.xctest; sourceTree = BUILT_PRODUCTS_DIR; };
		D1B2C3D4E5F60718293A4B5C /* Divine.app */ = {isa = PBXFileReference; explicitFileType = wrapper.application; includeInIndex = 0; path = Divine.app; sourceTree = BUILT_PRODUCTS_DIR; };
		D1E2F3A4B5C6D7E8F9A0B1C2 /* HypnogramQuickLookTests.xctest */ = {isa = PBXFileReference; explicitFileType = wrapper.cfbundle; includeInIndex = 0; path = HypnogramQuickLookTests.xctest; sourceTree = BUILT_PRODUCTS_DIR; };
/* End PBXFileReference section */

/* Begin PBXFileSystemSynchronizedBuildFileExceptionSet section */
		04302B482F00E924001C0F60 /* Exceptions for "HypnogramQuickLook" folder in "HypnogramQuickLook" target */ = {
			isa = PBXFileSystemSynchronizedBuildFileExceptionSet;
			membershipExceptions = (
				Info.plist,
			);
			target = 04302B342F00E924001C0F60 /* HypnogramQuickLook */;
		};
		C0FFEE000000000000000001 /* Exceptions for "Hypnograph" folder in "Hypnograph" target */ = {
			isa = PBXFileSystemSynchronizedBuildFileExceptionSet;
			membershipExceptions = (
				Info.plist,
			);
			target = 042F99002EC8990B006D4CDE /* Hypnograph */;
		};
/* End PBXFileSystemSynchronizedBuildFileExceptionSet section */

/* Begin PBXFileSystemSynchronizedRootGroup section */
		042F99032EC8990B006D4CDE /* Hypnograph */ = {
			isa = PBXFileSystemSynchronizedRootGroup;
			exceptions = (
				C0FFEE000000000000000001 /* Exceptions for "Hypnograph" folder in "Hypnograph" target */,
			);
			path = Hypnograph;
			sourceTree = "<group>";
		};
		042F99152EC8990C006D4CDE /* HypnographTests */ = {
			isa = PBXFileSystemSynchronizedRootGroup;
			exceptions = (
			);
			path = HypnographTests;
			sourceTree = "<group>";
		};
		042F991F2EC8990C006D4CDE /* HypnographUITests */ = {
			isa = PBXFileSystemSynchronizedRootGroup;
			exceptions = (
			);
			path = HypnographUITests;
			sourceTree = "<group>";
		};
		04302B392F00E924001C0F60 /* HypnogramQuickLook */ = {
			isa = PBXFileSystemSynchronizedRootGroup;
			exceptions = (
				04302B482F00E924001C0F60 /* Exceptions for "HypnogramQuickLook" folder in "HypnogramQuickLook" target */,
			);
			path = HypnogramQuickLook;
			sourceTree = "<group>";
		};
		049B39052F26C1A300FFF6A8 /* SwiftUIPreviewHost */ = {
			isa = PBXFileSystemSynchronizedRootGroup;
			exceptions = (
			);
			path = SwiftUIPreviewHost;
			sourceTree = "<group>";
		};
		D1E2F3A4B5C6D7E8F9A0B1C3 /* HypnogramQuickLookTests */ = {
			isa = PBXFileSystemSynchronizedRootGroup;
			exceptions = (
			);
			path = HypnogramQuickLookTests;
			sourceTree = "<group>";
		};
/* End PBXFileSystemSynchronizedRootGroup section */

/* Begin PBXFrameworksBuildPhase section */
		042F98FE2EC8990B006D4CDE /* Frameworks */ = {
			isa = PBXFrameworksBuildPhase;
			buildActionMask = 2147483647;
			files = (
				95D7E41923E3CAFA9648F0E1 /* HypnoCore in Frameworks */,
				E188C35FDD1B9BF2E33EAF38 /* HypnoUI in Frameworks */,
			);
			runOnlyForDeploymentPostprocessing = 0;
		};
		042F990F2EC8990C006D4CDE /* Frameworks */ = {
			isa = PBXFrameworksBuildPhase;
			buildActionMask = 2147483647;
			files = (
				A395488D6399FE11853C50D8 /* HypnoCore in Frameworks */,
			);
			runOnlyForDeploymentPostprocessing = 0;
		};
		042F99192EC8990C006D4CDE /* Frameworks */ = {
			isa = PBXFrameworksBuildPhase;
			buildActionMask = 2147483647;
			files = (
			);
			runOnlyForDeploymentPostprocessing = 0;
		};
		04302B322F00E924001C0F60 /* Frameworks */ = {
			isa = PBXFrameworksBuildPhase;
			buildActionMask = 2147483647;
			files = (
				04302B382F00E924001C0F60 /* Quartz.framework in Frameworks */,
			);
			runOnlyForDeploymentPostprocessing = 0;
		};
		049B39012F26C1A300FFF6A8 /* Frameworks */ = {
			isa = PBXFrameworksBuildPhase;
			buildActionMask = 2147483647;
			files = (
			);
			runOnlyForDeploymentPostprocessing = 0;
		};
		D1E2F3A4B5C6D7E8F9A0B1C6 /* Frameworks */ = {
			isa = PBXFrameworksBuildPhase;
			buildActionMask = 2147483647;
			files = (
				211B1A7B2AC8037E40D63A48 /* HypnoCore in Frameworks */,
			);
			runOnlyForDeploymentPostprocessing = 0;
		};
/* End PBXFrameworksBuildPhase section */

/* Begin PBXGroup section */
		042F98F82EC8990A006D4CDE = {
			isa = PBXGroup;
			children = (
				045DA3D62F4D5DCE00D41089 /* docs */,
				042F99032EC8990B006D4CDE /* Hypnograph */,
				042F99152EC8990C006D4CDE /* HypnographTests */,
				D1E2F3A4B5C6D7E8F9A0B1C3 /* HypnogramQuickLookTests */,
				042F991F2EC8990C006D4CDE /* HypnographUITests */,
				04302B392F00E924001C0F60 /* HypnogramQuickLook */,
				049B39052F26C1A300FFF6A8 /* SwiftUIPreviewHost */,
				04302B362F00E924001C0F60 /* Frameworks */,
				042F99022EC8990B006D4CDE /* Products */,
			);
			sourceTree = "<group>";
		};
		042F99022EC8990B006D4CDE /* Products */ = {
			isa = PBXGroup;
			children = (
				042F99012EC8990B006D4CDE /* Hypnograph.app */,
				D1B2C3D4E5F60718293A4B5C /* Divine.app */,
				764AADFE87DF1064AD85DF6E /* HypnoCore.framework */,
				1A2B3C4D5E6F708192A3B4C5 /* HypnoUI.framework */,
				042F99122EC8990C006D4CDE /* HypnographTests.xctest */,
				A1B2C3D4E5F6A7B8C9D0E1F2 /* HypnoCoreTests.xctest */,
				042F991C2EC8990C006D4CDE /* HypnographUITests.xctest */,
				D1E2F3A4B5C6D7E8F9A0B1C2 /* HypnogramQuickLookTests.xctest */,
				04302B352F00E924001C0F60 /* HypnogramQuickLook.appex */,
				049B39042F26C1A300FFF6A8 /* SwiftUIPreviewHost.app */,
			);
			name = Products;
			sourceTree = "<group>";
		};
		04302B362F00E924001C0F60 /* Frameworks */ = {
			isa = PBXGroup;
			children = (
				04302B372F00E924001C0F60 /* Quartz.framework */,
			);
			name = Frameworks;
			sourceTree = "<group>";
		};
		045DA39F2F4D5DCE00D41089 /* active */ = {
			isa = PBXGroup;
			children = (
				045DA3982F4D5DCE00D41089 /* add-history-to-hypnograms-favorite-recent-window.md */,
				045DA3992F4D5DCE00D41089 /* beta-release-testflight.md */,
				045DA39A2F4D5DCE00D41089 /* export-clip-history-fcpxml.md */,
				045DA39B2F4D5DCE00D41089 /* in-app-feedback.md */,
				045DA39C2F4D5DCE00D41089 /* layer-editor.md */,
				045DA39D2F4D5DCE00D41089 /* save-fullscreen-state.md */,
				045DA39E2F4D5DCE00D41089 /* sets-model-direction.md */,
			);
			path = active;
			sourceTree = "<group>";
		};
		045DA3A72F4D5DCE00D41089 /* architecture */ = {
			isa = PBXGroup;
			children = (
				045DA3A02F4D5DCE00D41089 /* dream-players.md */,
				045DA3A12F4D5DCE00D41089 /* effects.md */,
				045DA3A22F4D5DCE00D41089 /* index.md */,
				045DA3A32F4D5DCE00D41089 /* media-library.md */,
				045DA3A42F4D5DCE00D41089 /* recipes.md */,
				045DA3A52F4D5DCE00D41089 /* rendering.md */,
				045DA3A62F4D5DCE00D41089 /* settings.md */,
			);
			path = architecture;
			sourceTree = "<group>";
		};
		045DA3AD2F4D5DCE00D41089 /* 20260221-sidebar-ui-redesign-assets */ = {
			isa = PBXGroup;
			children = (
				045DA3A82F4D5DCE00D41089 /* ComponentMockups.swift */,
				045DA3A92F4D5DCE00D41089 /* FullLayoutMockup.swift */,
				045DA3AA2F4D5DCE00D41089 /* index.md */,
				045DA3AB2F4D5DCE00D41089 /* LeftSidebarMockup.swift */,
				045DA3AC2F4D5DCE00D41089 /* RightSidebarMockup.swift */,
			);
			path = "20260221-sidebar-ui-redesign-assets";
			sourceTree = "<group>";
		};
		045DA3C72F4D5DCE00D41089 /* archive */ = {
			isa = PBXGroup;
			children = (
				045DA3AD2F4D5DCE00D41089 /* 20260221-sidebar-ui-redesign-assets */,
				045DA3AE2F4D5DCE00D41089 /* 20241225-custom-blend-modes.md */,
				045DA3AF2F4D5DCE00D41089 /* 20251225-keyboard-handling.md */,
				045DA3B02F4D5DCE00D41089 /* 20251226-window-state.md */,
				045DA3B12F4D5DCE00D41089 /* 20251227-dream-player-refactor.md */,
				045DA3B22F4D5DCE00D41089 /* 20260104-divine-extraction.md */,
				045DA3B32F4D5DCE00D41089 /* 20260111-effects-system-refactor.md */,
				045DA3B42F4D5DCE00D41089 /* 20260115-unify-montage-sequence.md */,
				045DA3B52F4D5DCE00D41089 /* 20260116-add-source-framing-setting.md */,
				045DA3B62F4D5DCE00D41089 /* 20260116-hypnogram-transitions.md */,
				045DA3B72F4D5DCE00D41089 /* 20260116-unified-player-architecture.md */,
				045DA3B82F4D5DCE00D41089 /* 20260117-metal-playback-pipeline.md */,
				045DA3B92F4D5DCE00D41089 /* 20260120-smart-framing-human-centering.md */,
				045DA3BA2F4D5DCE00D41089 /* 20260121-more-clear-naming.md */,
				045DA3BB2F4D5DCE00D41089 /* 20260125-in-app-windowing-review.md */,
				045DA3BC2F4D5DCE00D41089 /* 20260215-add-layer-from-selection.md */,
				045DA3BD2F4D5DCE00D41089 /* 20260215-drag-drop-reorder.md */,
				045DA3BE2F4D5DCE00D41089 /* 20260217-app-settings-window.md */,
				045DA3BF2F4D5DCE00D41089 /* 20260217-combine-hud-into-player-settings.md */,
				045DA3C02F4D5DCE00D41089 /* 20260217-command-menu-review.md */,
				045DA3C12F4D5DCE00D41089 /* 20260217-live-mode-feature-flag.md */,
				045DA3C22F4D5DCE00D41089 /* 20260217-record-deck.md */,
				045DA3C32F4D5DCE00D41089 /* 20260217-splash-screen.md */,
				045DA3C42F4D5DCE00D41089 /* 20260221-sets-reset-and-modeling-plan.md */,
				045DA3C52F4D5DCE00D41089 /* 20260224-timeline-transition-effect-isolation-refactor.md */,
				045DA3C62F4D5DCE00D41089 /* done.md */,
			);
			path = archive;
			sourceTree = "<group>";
		};
		045DA3CB2F4D5DCE00D41089 /* backlog */ = {
			isa = PBXGroup;
			children = (
				045DA3C82F4D5DCE00D41089 /* library-manager.md */,
				045DA3C92F4D5DCE00D41089 /* location-overlay-effect.md */,
				045DA3CA2F4D5DCE00D41089 /* volume-leveling.md */,
			);
			path = backlog;
			sourceTree = "<group>";
		};
		045DA3CF2F4D5DCE00D41089 /* product */ = {
			isa = PBXGroup;
			children = (
				045DA3CC2F4D5DCE00D41089 /* coding-best-practices.md */,
				045DA3CD2F4D5DCE00D41089 /* mission.md */,
				045DA3CE2F4D5DCE00D41089 /* tech-stack.md */,
			);
			path = product;
			sourceTree = "<group>";
		};
		045DA3D12F4D5DCE00D41089 /* reference */ = {
			isa = PBXGroup;
			children = (
				045DA3D02F4D5DCE00D41089 /* controls.md */,
			);
			path = reference;
			sourceTree = "<group>";
		};
		045DA3D32F4D5DCE00D41089 /* user-testing */ = {
			isa = PBXGroup;
			children = (
				045DA3D22F4D5DCE00D41089 /* 2026-01-25-Eli.md */,
			);
			path = "user-testing";
			sourceTree = "<group>";
		};
		045DA3D62F4D5DCE00D41089 /* docs */ = {
			isa = PBXGroup;
			children = (
				045DA39F2F4D5DCE00D41089 /* active */,
				045DA3A72F4D5DCE00D41089 /* architecture */,
				045DA3C72F4D5DCE00D41089 /* archive */,
				045DA3CB2F4D5DCE00D41089 /* backlog */,
				045DA3CF2F4D5DCE00D41089 /* product */,
				045DA3D12F4D5DCE00D41089 /* reference */,
				045DA3D32F4D5DCE00D41089 /* user-testing */,
				045DA3D42F4D5DCE00D41089 /* README.md */,
				045DA3D52F4D5DCE00D41089 /* roadmap.md */,
			);
			path = docs;
			sourceTree = "<group>";
		};
/* End PBXGroup section */

/* Begin PBXNativeTarget section */
		042F99002EC8990B006D4CDE /* Hypnograph */ = {
			isa = PBXNativeTarget;
			buildConfigurationList = 042F99262EC8990C006D4CDE /* Build configuration list for PBXNativeTarget "Hypnograph" */;
			buildPhases = (
				042F98FD2EC8990B006D4CDE /* Sources */,
				042F98FE2EC8990B006D4CDE /* Frameworks */,
				042F98FF2EC8990B006D4CDE /* Resources */,
				04302B452F00E924001C0F60 /* Embed Foundation Extensions */,
			);
			buildRules = (
			);
			dependencies = (
				B03AFD12E053E628259C04A8 /* PBXTargetDependency */,
				04302B432F00E924001C0F60 /* PBXTargetDependency */,
				3C4D5E6F708192A3B4C5D6E7 /* PBXTargetDependency */,
			);
			fileSystemSynchronizedGroups = (
				042F99032EC8990B006D4CDE /* Hypnograph */,
			);
			name = Hypnograph;
			packageProductDependencies = (
				6B4E93992CE0046E9A47D568 /* HypnoCore */,
				E668AB4C346BB9907570FA1D /* HypnoUI */,
			);
			productName = Hypnograph;
			productReference = 042F99012EC8990B006D4CDE /* Hypnograph.app */;
			productType = "com.apple.product-type.application";
		};
		042F99112EC8990C006D4CDE /* HypnographTests */ = {
			isa = PBXNativeTarget;
			buildConfigurationList = 042F99292EC8990C006D4CDE /* Build configuration list for PBXNativeTarget "HypnographTests" */;
			buildPhases = (
				042F990E2EC8990C006D4CDE /* Sources */,
				042F990F2EC8990C006D4CDE /* Frameworks */,
				042F99102EC8990C006D4CDE /* Resources */,
			);
			buildRules = (
			);
			dependencies = (
				313448C8FA3055B0BE588035 /* PBXTargetDependency */,
				042F99142EC8990C006D4CDE /* PBXTargetDependency */,
			);
			fileSystemSynchronizedGroups = (
				042F99152EC8990C006D4CDE /* HypnographTests */,
			);
			name = HypnographTests;
			packageProductDependencies = (
				EB154B2C5C3272CE2685E2EC /* HypnoCore */,
			);
			productName = HypnographTests;
			productReference = 042F99122EC8990C006D4CDE /* HypnographTests.xctest */;
			productType = "com.apple.product-type.bundle.unit-test";
		};
		042F991B2EC8990C006D4CDE /* HypnographUITests */ = {
			isa = PBXNativeTarget;
			buildConfigurationList = 042F992C2EC8990C006D4CDE /* Build configuration list for PBXNativeTarget "HypnographUITests" */;
			buildPhases = (
				042F99182EC8990C006D4CDE /* Sources */,
				042F99192EC8990C006D4CDE /* Frameworks */,
				042F991A2EC8990C006D4CDE /* Resources */,
			);
			buildRules = (
			);
			dependencies = (
				042F991E2EC8990C006D4CDE /* PBXTargetDependency */,
			);
			fileSystemSynchronizedGroups = (
				042F991F2EC8990C006D4CDE /* HypnographUITests */,
			);
			name = HypnographUITests;
			productName = HypnographUITests;
			productReference = 042F991C2EC8990C006D4CDE /* HypnographUITests.xctest */;
			productType = "com.apple.product-type.bundle.ui-testing";
		};
		04302B342F00E924001C0F60 /* HypnogramQuickLook */ = {
			isa = PBXNativeTarget;
			buildConfigurationList = 04302B492F00E924001C0F60 /* Build configuration list for PBXNativeTarget "HypnogramQuickLook" */;
			buildPhases = (
				04302B312F00E924001C0F60 /* Sources */,
				04302B322F00E924001C0F60 /* Frameworks */,
				04302B332F00E924001C0F60 /* Resources */,
			);
			buildRules = (
			);
			dependencies = (
			);
			fileSystemSynchronizedGroups = (
				04302B392F00E924001C0F60 /* HypnogramQuickLook */,
			);
			name = HypnogramQuickLook;
			productName = HypnogramQuickLook;
			productReference = 04302B352F00E924001C0F60 /* HypnogramQuickLook.appex */;
			productType = "com.apple.product-type.app-extension";
		};
		049B39032F26C1A300FFF6A8 /* SwiftUIPreviewHost */ = {
			isa = PBXNativeTarget;
			buildConfigurationList = 049B39222F26C1A400FFF6A8 /* Build configuration list for PBXNativeTarget "SwiftUIPreviewHost" */;
			buildPhases = (
				049B39002F26C1A300FFF6A8 /* Sources */,
				049B39012F26C1A300FFF6A8 /* Frameworks */,
				049B39022F26C1A300FFF6A8 /* Resources */,
			);
			buildRules = (
			);
			dependencies = (
			);
			fileSystemSynchronizedGroups = (
				049B39052F26C1A300FFF6A8 /* SwiftUIPreviewHost */,
			);
			name = SwiftUIPreviewHost;
			productName = SwiftUIPreviewHost;
			productReference = 049B39042F26C1A300FFF6A8 /* SwiftUIPreviewHost.app */;
			productType = "com.apple.product-type.application";
		};
		D1E2F3A4B5C6D7E8F9A0B1C4 /* HypnogramQuickLookTests */ = {
			isa = PBXNativeTarget;
			buildConfigurationList = D1E2F3A4B5C6D7E8F9A0B1C8 /* Build configuration list for PBXNativeTarget "HypnogramQuickLookTests" */;
			buildPhases = (
				D1E2F3A4B5C6D7E8F9A0B1C5 /* Sources */,
				D1E2F3A4B5C6D7E8F9A0B1C6 /* Frameworks */,
				D1E2F3A4B5C6D7E8F9A0B1C7 /* Resources */,
			);
			buildRules = (
			);
			dependencies = (
				D1E2F3A4B5C6D7E8F9A0B1CE /* PBXTargetDependency */,
				D1E2F3A4B5C6D7E8F9A0B1D0 /* PBXTargetDependency */,
			);
			fileSystemSynchronizedGroups = (
				D1E2F3A4B5C6D7E8F9A0B1C3 /* HypnogramQuickLookTests */,
			);
			name = HypnogramQuickLookTests;
			packageProductDependencies = (
				4D989C67E2DF4FD885791B0F /* HypnoCore */,
			);
			productName = HypnogramQuickLookTests;
			productReference = D1E2F3A4B5C6D7E8F9A0B1C2 /* HypnogramQuickLookTests.xctest */;
			productType = "com.apple.product-type.bundle.unit-test";
		};
/* End PBXNativeTarget section */

/* Begin PBXProject section */
		042F98F92EC8990A006D4CDE /* Project object */ = {
			isa = PBXProject;
			attributes = {
				BuildIndependentTargetsInParallel = 1;
				LastSwiftUpdateCheck = 2620;
				LastUpgradeCheck = 1620;
				TargetAttributes = {
					042F99002EC8990B006D4CDE = {
						CreatedOnToolsVersion = 16.2;
					};
					042F99112EC8990C006D4CDE = {
						CreatedOnToolsVersion = 16.2;
						TestTargetID = 042F99002EC8990B006D4CDE;
					};
					042F991B2EC8990C006D4CDE = {
						CreatedOnToolsVersion = 16.2;
						TestTargetID = 042F99002EC8990B006D4CDE;
					};
					04302B342F00E924001C0F60 = {
						CreatedOnToolsVersion = 26.2;
					};
					049B39032F26C1A300FFF6A8 = {
						CreatedOnToolsVersion = 26.2;
					};
					D1E2F3A4B5C6D7E8F9A0B1C4 = {
						CreatedOnToolsVersion = 16.2;
						TestTargetID = 04302B342F00E924001C0F60;
					};
				};
			};
			buildConfigurationList = 042F98FC2EC8990A006D4CDE /* Build configuration list for PBXProject "Hypnograph" */;
			developmentRegion = en;
			hasScannedForEncodings = 0;
			knownRegions = (
				en,
				Base,
			);
			mainGroup = 042F98F82EC8990A006D4CDE;
			minimizedProjectReferenceProxies = 1;
			packageReferences = (
				F439BC86A2FE43602B2EA467 /* XCLocalSwiftPackageReference "HypnoPackages" */,
			);
			preferredProjectObjectVersion = 77;
			productRefGroup = 042F99022EC8990B006D4CDE /* Products */;
			projectDirPath = "";
			projectRoot = "";
			targets = (
				042F99002EC8990B006D4CDE /* Hypnograph */,
				042F99112EC8990C006D4CDE /* HypnographTests */,
				D1E2F3A4B5C6D7E8F9A0B1C4 /* HypnogramQuickLookTests */,
				042F991B2EC8990C006D4CDE /* HypnographUITests */,
				04302B342F00E924001C0F60 /* HypnogramQuickLook */,
				049B39032F26C1A300FFF6A8 /* SwiftUIPreviewHost */,
			);
		};
/* End PBXProject section */

/* Begin PBXResourcesBuildPhase section */
		042F98FF2EC8990B006D4CDE /* Resources */ = {
			isa = PBXResourcesBuildPhase;
			buildActionMask = 2147483647;
			files = (
			);
			runOnlyForDeploymentPostprocessing = 0;
		};
		042F99102EC8990C006D4CDE /* Resources */ = {
			isa = PBXResourcesBuildPhase;
			buildActionMask = 2147483647;
			files = (
			);
			runOnlyForDeploymentPostprocessing = 0;
		};
		042F991A2EC8990C006D4CDE /* Resources */ = {
			isa = PBXResourcesBuildPhase;
			buildActionMask = 2147483647;
			files = (
			);
			runOnlyForDeploymentPostprocessing = 0;
		};
		04302B332F00E924001C0F60 /* Resources */ = {
			isa = PBXResourcesBuildPhase;
			buildActionMask = 2147483647;
			files = (
			);
			runOnlyForDeploymentPostprocessing = 0;
		};
		049B39022F26C1A300FFF6A8 /* Resources */ = {
			isa = PBXResourcesBuildPhase;
			buildActionMask = 2147483647;
			files = (
			);
			runOnlyForDeploymentPostprocessing = 0;
		};
		D1E2F3A4B5C6D7E8F9A0B1C7 /* Resources */ = {
			isa = PBXResourcesBuildPhase;
			buildActionMask = 2147483647;
			files = (
			);
			runOnlyForDeploymentPostprocessing = 0;
		};
/* End PBXResourcesBuildPhase section */

/* Begin PBXSourcesBuildPhase section */
		042F98FD2EC8990B006D4CDE /* Sources */ = {
			isa = PBXSourcesBuildPhase;
			buildActionMask = 2147483647;
			files = (
			);
			runOnlyForDeploymentPostprocessing = 0;
		};
		042F990E2EC8990C006D4CDE /* Sources */ = {
			isa = PBXSourcesBuildPhase;
			buildActionMask = 2147483647;
			files = (
			);
			runOnlyForDeploymentPostprocessing = 0;
		};
		042F99182EC8990C006D4CDE /* Sources */ = {
			isa = PBXSourcesBuildPhase;
			buildActionMask = 2147483647;
			files = (
			);
			runOnlyForDeploymentPostprocessing = 0;
		};
		04302B312F00E924001C0F60 /* Sources */ = {
			isa = PBXSourcesBuildPhase;
			buildActionMask = 2147483647;
			files = (
			);
			runOnlyForDeploymentPostprocessing = 0;
		};
		049B39002F26C1A300FFF6A8 /* Sources */ = {
			isa = PBXSourcesBuildPhase;
			buildActionMask = 2147483647;
			files = (
			);
			runOnlyForDeploymentPostprocessing = 0;
		};
		D1E2F3A4B5C6D7E8F9A0B1C5 /* Sources */ = {
			isa = PBXSourcesBuildPhase;
			buildActionMask = 2147483647;
			files = (
			);
			runOnlyForDeploymentPostprocessing = 0;
		};
/* End PBXSourcesBuildPhase section */

/* Begin PBXTargetDependency section */
		042F99142EC8990C006D4CDE /* PBXTargetDependency */ = {
			isa = PBXTargetDependency;
			target = 042F99002EC8990B006D4CDE /* Hypnograph */;
			targetProxy = 042F99132EC8990C006D4CDE /* PBXContainerItemProxy */;
		};
		042F991E2EC8990C006D4CDE /* PBXTargetDependency */ = {
			isa = PBXTargetDependency;
			target = 042F99002EC8990B006D4CDE /* Hypnograph */;
			targetProxy = 042F991D2EC8990C006D4CDE /* PBXContainerItemProxy */;
		};
		04302B432F00E924001C0F60 /* PBXTargetDependency */ = {
			isa = PBXTargetDependency;
			target = 04302B342F00E924001C0F60 /* HypnogramQuickLook */;
			targetProxy = 04302B422F00E924001C0F60 /* PBXContainerItemProxy */;
		};
		313448C8FA3055B0BE588035 /* PBXTargetDependency */ = {
			isa = PBXTargetDependency;
			targetProxy = 2584DF34F393DA72C5614C8F /* PBXContainerItemProxy */;
		};
		3C4D5E6F708192A3B4C5D6E7 /* PBXTargetDependency */ = {
			isa = PBXTargetDependency;
			targetProxy = 2B3C4D5E6F708192A3B4C5D6 /* PBXContainerItemProxy */;
		};
		B03AFD12E053E628259C04A8 /* PBXTargetDependency */ = {
			isa = PBXTargetDependency;
			targetProxy = F6998A651CE7C3DB43E98E0D /* PBXContainerItemProxy */;
		};
		D1E2F3A4B5C6D7E8F9A0B1CE /* PBXTargetDependency */ = {
			isa = PBXTargetDependency;
			targetProxy = D1E2F3A4B5C6D7E8F9A0B1CB /* PBXContainerItemProxy */;
		};
		D1E2F3A4B5C6D7E8F9A0B1D0 /* PBXTargetDependency */ = {
			isa = PBXTargetDependency;
			target = 04302B342F00E924001C0F60 /* HypnogramQuickLook */;
			targetProxy = D1E2F3A4B5C6D7E8F9A0B1CD /* PBXContainerItemProxy */;
		};
/* End PBXTargetDependency section */

/* Begin XCBuildConfiguration section */
		042F99242EC8990C006D4CDE /* Debug */ = {
			isa = XCBuildConfiguration;
			buildSettings = {
				ALWAYS_SEARCH_USER_PATHS = NO;
				ASSETCATALOG_COMPILER_GENERATE_SWIFT_ASSET_SYMBOL_EXTENSIONS = YES;
				CLANG_ANALYZER_NONNULL = YES;
				CLANG_ANALYZER_NUMBER_OBJECT_CONVERSION = YES_AGGRESSIVE;
				CLANG_CXX_LANGUAGE_STANDARD = "gnu++20";
				CLANG_ENABLE_MODULES = YES;
				CLANG_ENABLE_OBJC_ARC = YES;
				CLANG_ENABLE_OBJC_WEAK = YES;
				CLANG_WARN_BLOCK_CAPTURE_AUTORELEASING = YES;
				CLANG_WARN_BOOL_CONVERSION = YES;
				CLANG_WARN_COMMA = YES;
				CLANG_WARN_CONSTANT_CONVERSION = YES;
				CLANG_WARN_DEPRECATED_OBJC_IMPLEMENTATIONS = YES;
				CLANG_WARN_DIRECT_OBJC_ISA_USAGE = YES_ERROR;
				CLANG_WARN_DOCUMENTATION_COMMENTS = YES;
				CLANG_WARN_EMPTY_BODY = YES;
				CLANG_WARN_ENUM_CONVERSION = YES;
				CLANG_WARN_INFINITE_RECURSION = YES;
				CLANG_WARN_INT_CONVERSION = YES;
				CLANG_WARN_NON_LITERAL_NULL_CONVERSION = YES;
				CLANG_WARN_OBJC_IMPLICIT_RETAIN_SELF = YES;
				CLANG_WARN_OBJC_LITERAL_CONVERSION = YES;
				CLANG_WARN_OBJC_ROOT_CLASS = YES_ERROR;
				CLANG_WARN_QUOTED_INCLUDE_IN_FRAMEWORK_HEADER = YES;
				CLANG_WARN_RANGE_LOOP_ANALYSIS = YES;
				CLANG_WARN_STRICT_PROTOTYPES = YES;
				CLANG_WARN_SUSPICIOUS_MOVE = YES;
				CLANG_WARN_UNGUARDED_AVAILABILITY = YES_AGGRESSIVE;
				CLANG_WARN_UNREACHABLE_CODE = YES;
				CLANG_WARN__DUPLICATE_METHOD_MATCH = YES;
				COPY_PHASE_STRIP = NO;
				DEBUG_INFORMATION_FORMAT = dwarf;
				ENABLE_STRICT_OBJC_MSGSEND = YES;
				ENABLE_TESTABILITY = YES;
				ENABLE_USER_SCRIPT_SANDBOXING = YES;
				GCC_C_LANGUAGE_STANDARD = gnu17;
				GCC_DYNAMIC_NO_PIC = NO;
				GCC_NO_COMMON_BLOCKS = YES;
				GCC_OPTIMIZATION_LEVEL = 0;
				GCC_PREPROCESSOR_DEFINITIONS = (
					"DEBUG=1",
					"$(inherited)",
				);
				GCC_WARN_64_TO_32_BIT_CONVERSION = YES;
				GCC_WARN_ABOUT_RETURN_TYPE = YES_ERROR;
				GCC_WARN_UNDECLARED_SELECTOR = YES;
				GCC_WARN_UNINITIALIZED_AUTOS = YES_AGGRESSIVE;
				GCC_WARN_UNUSED_FUNCTION = YES;
				GCC_WARN_UNUSED_VARIABLE = YES;
				LOCALIZATION_PREFERS_STRING_CATALOGS = YES;
				MACOSX_DEPLOYMENT_TARGET = 15.2;
				MTL_ENABLE_DEBUG_INFO = INCLUDE_SOURCE;
				MTL_FAST_MATH = YES;
				ONLY_ACTIVE_ARCH = YES;
				SDKROOT = macosx;
				SWIFT_ACTIVE_COMPILATION_CONDITIONS = "DEBUG $(inherited)";
				SWIFT_OPTIMIZATION_LEVEL = "-Onone";
			};
			name = Debug;
		};
		042F99252EC8990C006D4CDE /* Release */ = {
			isa = XCBuildConfiguration;
			buildSettings = {
				ALWAYS_SEARCH_USER_PATHS = NO;
				ASSETCATALOG_COMPILER_GENERATE_SWIFT_ASSET_SYMBOL_EXTENSIONS = YES;
				CLANG_ANALYZER_NONNULL = YES;
				CLANG_ANALYZER_NUMBER_OBJECT_CONVERSION = YES_AGGRESSIVE;
				CLANG_CXX_LANGUAGE_STANDARD = "gnu++20";
				CLANG_ENABLE_MODULES = YES;
				CLANG_ENABLE_OBJC_ARC = YES;
				CLANG_ENABLE_OBJC_WEAK = YES;
				CLANG_WARN_BLOCK_CAPTURE_AUTORELEASING = YES;
				CLANG_WARN_BOOL_CONVERSION = YES;
				CLANG_WARN_COMMA = YES;
				CLANG_WARN_CONSTANT_CONVERSION = YES;
				CLANG_WARN_DEPRECATED_OBJC_IMPLEMENTATIONS = YES;
				CLANG_WARN_DIRECT_OBJC_ISA_USAGE = YES_ERROR;
				CLANG_WARN_DOCUMENTATION_COMMENTS = YES;
				CLANG_WARN_EMPTY_BODY = YES;
				CLANG_WARN_ENUM_CONVERSION = YES;
				CLANG_WARN_INFINITE_RECURSION = YES;
				CLANG_WARN_INT_CONVERSION = YES;
				CLANG_WARN_NON_LITERAL_NULL_CONVERSION = YES;
				CLANG_WARN_OBJC_IMPLICIT_RETAIN_SELF = YES;
				CLANG_WARN_OBJC_LITERAL_CONVERSION = YES;
				CLANG_WARN_OBJC_ROOT_CLASS = YES_ERROR;
				CLANG_WARN_QUOTED_INCLUDE_IN_FRAMEWORK_HEADER = YES;
				CLANG_WARN_RANGE_LOOP_ANALYSIS = YES;
				CLANG_WARN_STRICT_PROTOTYPES = YES;
				CLANG_WARN_SUSPICIOUS_MOVE = YES;
				CLANG_WARN_UNGUARDED_AVAILABILITY = YES_AGGRESSIVE;
				CLANG_WARN_UNREACHABLE_CODE = YES;
				CLANG_WARN__DUPLICATE_METHOD_MATCH = YES;
				COPY_PHASE_STRIP = NO;
				DEBUG_INFORMATION_FORMAT = "dwarf-with-dsym";
				ENABLE_NS_ASSERTIONS = NO;
				ENABLE_STRICT_OBJC_MSGSEND = YES;
				ENABLE_USER_SCRIPT_SANDBOXING = YES;
				GCC_C_LANGUAGE_STANDARD = gnu17;
				GCC_NO_COMMON_BLOCKS = YES;
				GCC_WARN_64_TO_32_BIT_CONVERSION = YES;
				GCC_WARN_ABOUT_RETURN_TYPE = YES_ERROR;
				GCC_WARN_UNDECLARED_SELECTOR = YES;
				GCC_WARN_UNINITIALIZED_AUTOS = YES_AGGRESSIVE;
				GCC_WARN_UNUSED_FUNCTION = YES;
				GCC_WARN_UNUSED_VARIABLE = YES;
				LOCALIZATION_PREFERS_STRING_CATALOGS = YES;
				MACOSX_DEPLOYMENT_TARGET = 15.2;
				MTL_ENABLE_DEBUG_INFO = NO;
				MTL_FAST_MATH = YES;
				SDKROOT = macosx;
				SWIFT_COMPILATION_MODE = wholemodule;
			};
			name = Release;
		};
		042F99272EC8990C006D4CDE /* Debug */ = {
			isa = XCBuildConfiguration;
			buildSettings = {
				ASSETCATALOG_COMPILER_APPICON_NAME = AppIcon;
				ASSETCATALOG_COMPILER_GLOBAL_ACCENT_COLOR_NAME = AccentColor;
				ASSETCATALOG_COMPILER_INCLUDE_ALL_APPICON_ASSETS = YES;
				CODE_SIGN_ENTITLEMENTS = Hypnograph/Hypnograph.entitlements;
				CODE_SIGN_STYLE = Automatic;
				COMBINE_HIDPI_IMAGES = YES;
				CURRENT_PROJECT_VERSION = 2;
				DEVELOPMENT_ASSET_PATHS = "";
				DEVELOPMENT_TEAM = 6A74MR47VX;
				ENABLE_HARDENED_RUNTIME = YES;
				ENABLE_PREVIEWS = YES;
				GENERATE_INFOPLIST_FILE = YES;
				INFOPLIST_FILE = Hypnograph/Info.plist;
				INFOPLIST_KEY_NSHumanReadableCopyright = "";
				INFOPLIST_KEY_NSPhotoLibraryUsageDescription = "In order to create Hypnograms from your photos library you need to allow access, you can choose not to and only use files.";
				LD_RUNPATH_SEARCH_PATHS = (
					"$(inherited)",
					"@executable_path/../Frameworks",
				);
				MARKETING_VERSION = 0.2;
				PRODUCT_BUNDLE_IDENTIFIER = lorenjohnson.Hypnograph;
				PRODUCT_NAME = "$(TARGET_NAME)";
				SWIFT_EMIT_LOC_STRINGS = YES;
				SWIFT_VERSION = 5.0;
			};
			name = Debug;
		};
		042F99282EC8990C006D4CDE /* Release */ = {
			isa = XCBuildConfiguration;
			buildSettings = {
				ASSETCATALOG_COMPILER_APPICON_NAME = AppIcon;
				ASSETCATALOG_COMPILER_GLOBAL_ACCENT_COLOR_NAME = AccentColor;
				ASSETCATALOG_COMPILER_INCLUDE_ALL_APPICON_ASSETS = YES;
				CODE_SIGN_ENTITLEMENTS = Hypnograph/Hypnograph.entitlements;
				CODE_SIGN_STYLE = Automatic;
				COMBINE_HIDPI_IMAGES = YES;
				CURRENT_PROJECT_VERSION = 2;
				DEVELOPMENT_ASSET_PATHS = "";
				DEVELOPMENT_TEAM = 6A74MR47VX;
				ENABLE_HARDENED_RUNTIME = YES;
				ENABLE_PREVIEWS = YES;
				GENERATE_INFOPLIST_FILE = YES;
				INFOPLIST_FILE = Hypnograph/Info.plist;
				INFOPLIST_KEY_NSHumanReadableCopyright = "";
				INFOPLIST_KEY_NSPhotoLibraryUsageDescription = "In order to create Hypnograms from your photos library you need to allow access, you can choose not to and only use files.";
				LD_RUNPATH_SEARCH_PATHS = (
					"$(inherited)",
					"@executable_path/../Frameworks",
				);
				MARKETING_VERSION = 0.2;
				PRODUCT_BUNDLE_IDENTIFIER = lorenjohnson.Hypnograph;
				PRODUCT_NAME = "$(TARGET_NAME)";
				SWIFT_EMIT_LOC_STRINGS = YES;
				SWIFT_VERSION = 5.0;
			};
			name = Release;
		};
		042F992A2EC8990C006D4CDE /* Debug */ = {
			isa = XCBuildConfiguration;
			buildSettings = {
				BUNDLE_LOADER = "$(TEST_HOST)";
				CODE_SIGN_STYLE = Automatic;
				CURRENT_PROJECT_VERSION = 2;
				DEVELOPMENT_TEAM = 6A74MR47VX;
				GENERATE_INFOPLIST_FILE = YES;
				MACOSX_DEPLOYMENT_TARGET = 15.2;
				MARKETING_VERSION = 0.2;
				PRODUCT_BUNDLE_IDENTIFIER = lorenjohnson.HypnographTests;
				PRODUCT_NAME = "$(TARGET_NAME)";
				SWIFT_EMIT_LOC_STRINGS = NO;
				SWIFT_VERSION = 5.0;
				TEST_HOST = "$(BUILT_PRODUCTS_DIR)/Hypnograph.app/$(BUNDLE_EXECUTABLE_FOLDER_PATH)/Hypnograph";
			};
			name = Debug;
		};
		042F992B2EC8990C006D4CDE /* Release */ = {
			isa = XCBuildConfiguration;
			buildSettings = {
				BUNDLE_LOADER = "$(TEST_HOST)";
				CODE_SIGN_STYLE = Automatic;
				CURRENT_PROJECT_VERSION = 2;
				DEVELOPMENT_TEAM = 6A74MR47VX;
				GENERATE_INFOPLIST_FILE = YES;
				MACOSX_DEPLOYMENT_TARGET = 15.2;
				MARKETING_VERSION = 0.2;
				PRODUCT_BUNDLE_IDENTIFIER = lorenjohnson.HypnographTests;
				PRODUCT_NAME = "$(TARGET_NAME)";
				SWIFT_EMIT_LOC_STRINGS = NO;
				SWIFT_VERSION = 5.0;
				TEST_HOST = "$(BUILT_PRODUCTS_DIR)/Hypnograph.app/$(BUNDLE_EXECUTABLE_FOLDER_PATH)/Hypnograph";
			};
			name = Release;
		};
		042F992D2EC8990C006D4CDE /* Debug */ = {
			isa = XCBuildConfiguration;
			buildSettings = {
				CODE_SIGN_STYLE = Automatic;
				CURRENT_PROJECT_VERSION = 2;
				DEVELOPMENT_TEAM = 6A74MR47VX;
				GENERATE_INFOPLIST_FILE = YES;
				MARKETING_VERSION = 0.2;
				PRODUCT_BUNDLE_IDENTIFIER = lorenjohnson.HypnographUITests;
				PRODUCT_NAME = "$(TARGET_NAME)";
				SWIFT_EMIT_LOC_STRINGS = NO;
				SWIFT_VERSION = 5.0;
				TEST_TARGET_NAME = Hypnograph;
			};
			name = Debug;
		};
		042F992E2EC8990C006D4CDE /* Release */ = {
			isa = XCBuildConfiguration;
			buildSettings = {
				CODE_SIGN_STYLE = Automatic;
				CURRENT_PROJECT_VERSION = 2;
				DEVELOPMENT_TEAM = 6A74MR47VX;
				GENERATE_INFOPLIST_FILE = YES;
				MARKETING_VERSION = 0.2;
				PRODUCT_BUNDLE_IDENTIFIER = lorenjohnson.HypnographUITests;
				PRODUCT_NAME = "$(TARGET_NAME)";
				SWIFT_EMIT_LOC_STRINGS = NO;
				SWIFT_VERSION = 5.0;
				TEST_TARGET_NAME = Hypnograph;
			};
			name = Release;
		};
		04302B462F00E924001C0F60 /* Debug */ = {
			isa = XCBuildConfiguration;
			buildSettings = {
				CODE_SIGN_ENTITLEMENTS = HypnogramQuickLook/HypnogramQuickLook.entitlements;
				CODE_SIGN_STYLE = Automatic;
				CURRENT_PROJECT_VERSION = 2;
				DEVELOPMENT_TEAM = 6A74MR47VX;
				ENABLE_APP_SANDBOX = YES;
				ENABLE_HARDENED_RUNTIME = YES;
				ENABLE_USER_SELECTED_FILES = readonly;
				GENERATE_INFOPLIST_FILE = YES;
				INFOPLIST_FILE = HypnogramQuickLook/Info.plist;
				INFOPLIST_KEY_CFBundleDisplayName = HypnogramQuickLook;
				INFOPLIST_KEY_NSHumanReadableCopyright = "";
				LD_RUNPATH_SEARCH_PATHS = (
					"$(inherited)",
					"@executable_path/../Frameworks",
					"@executable_path/../../../../Frameworks",
				);
				MACOSX_DEPLOYMENT_TARGET = 15.7;
				MARKETING_VERSION = 0.2;
				PRODUCT_BUNDLE_IDENTIFIER = lorenjohnson.Hypnograph.HypnogramQuickLook;
				PRODUCT_NAME = "$(TARGET_NAME)";
				SKIP_INSTALL = YES;
				STRING_CATALOG_GENERATE_SYMBOLS = YES;
				SWIFT_APPROACHABLE_CONCURRENCY = YES;
				SWIFT_EMIT_LOC_STRINGS = YES;
				SWIFT_UPCOMING_FEATURE_MEMBER_IMPORT_VISIBILITY = YES;
				SWIFT_VERSION = 5.0;
			};
			name = Debug;
		};
		04302B472F00E924001C0F60 /* Release */ = {
			isa = XCBuildConfiguration;
			buildSettings = {
				CODE_SIGN_ENTITLEMENTS = HypnogramQuickLook/HypnogramQuickLook.entitlements;
				CODE_SIGN_STYLE = Automatic;
				CURRENT_PROJECT_VERSION = 2;
				DEVELOPMENT_TEAM = 6A74MR47VX;
				ENABLE_APP_SANDBOX = YES;
				ENABLE_HARDENED_RUNTIME = YES;
				ENABLE_USER_SELECTED_FILES = readonly;
				GENERATE_INFOPLIST_FILE = YES;
				INFOPLIST_FILE = HypnogramQuickLook/Info.plist;
				INFOPLIST_KEY_CFBundleDisplayName = HypnogramQuickLook;
				INFOPLIST_KEY_NSHumanReadableCopyright = "";
				LD_RUNPATH_SEARCH_PATHS = (
					"$(inherited)",
					"@executable_path/../Frameworks",
					"@executable_path/../../../../Frameworks",
				);
				MACOSX_DEPLOYMENT_TARGET = 15.7;
				MARKETING_VERSION = 0.2;
				PRODUCT_BUNDLE_IDENTIFIER = lorenjohnson.Hypnograph.HypnogramQuickLook;
				PRODUCT_NAME = "$(TARGET_NAME)";
				SKIP_INSTALL = YES;
				STRING_CATALOG_GENERATE_SYMBOLS = YES;
				SWIFT_APPROACHABLE_CONCURRENCY = YES;
				SWIFT_EMIT_LOC_STRINGS = YES;
				SWIFT_UPCOMING_FEATURE_MEMBER_IMPORT_VISIBILITY = YES;
				SWIFT_VERSION = 5.0;
			};
			name = Release;
		};
		049B39232F26C1A400FFF6A8 /* Debug */ = {
			isa = XCBuildConfiguration;
			buildSettings = {
				ASSETCATALOG_COMPILER_APPICON_NAME = AppIcon;
				ASSETCATALOG_COMPILER_GLOBAL_ACCENT_COLOR_NAME = AccentColor;
				CODE_SIGN_STYLE = Automatic;
				COMBINE_HIDPI_IMAGES = YES;
				CURRENT_PROJECT_VERSION = 1;
				DEVELOPMENT_TEAM = 6A74MR47VX;
				ENABLE_APP_SANDBOX = YES;
				ENABLE_HARDENED_RUNTIME = YES;
				ENABLE_PREVIEWS = YES;
				ENABLE_USER_SELECTED_FILES = readonly;
				GENERATE_INFOPLIST_FILE = YES;
				INFOPLIST_KEY_NSHumanReadableCopyright = "";
				LD_RUNPATH_SEARCH_PATHS = (
					"$(inherited)",
					"@executable_path/../Frameworks",
				);
				MACOSX_DEPLOYMENT_TARGET = 26.2;
				MARKETING_VERSION = 1.0;
				PRODUCT_BUNDLE_IDENTIFIER = lorenjohnson.SwiftUIPreviewHost;
				PRODUCT_NAME = "$(TARGET_NAME)";
				REGISTER_APP_GROUPS = YES;
				STRING_CATALOG_GENERATE_SYMBOLS = YES;
				SWIFT_APPROACHABLE_CONCURRENCY = YES;
				SWIFT_DEFAULT_ACTOR_ISOLATION = MainActor;
				SWIFT_EMIT_LOC_STRINGS = YES;
				SWIFT_UPCOMING_FEATURE_MEMBER_IMPORT_VISIBILITY = YES;
				SWIFT_VERSION = 5.0;
			};
			name = Debug;
		};
		049B39242F26C1A400FFF6A8 /* Release */ = {
			isa = XCBuildConfiguration;
			buildSettings = {
				ASSETCATALOG_COMPILER_APPICON_NAME = AppIcon;
				ASSETCATALOG_COMPILER_GLOBAL_ACCENT_COLOR_NAME = AccentColor;
				CODE_SIGN_STYLE = Automatic;
				COMBINE_HIDPI_IMAGES = YES;
				CURRENT_PROJECT_VERSION = 1;
				DEVELOPMENT_TEAM = 6A74MR47VX;
				ENABLE_APP_SANDBOX = YES;
				ENABLE_HARDENED_RUNTIME = YES;
				ENABLE_PREVIEWS = YES;
				ENABLE_USER_SELECTED_FILES = readonly;
				GENERATE_INFOPLIST_FILE = YES;
				INFOPLIST_KEY_NSHumanReadableCopyright = "";
				LD_RUNPATH_SEARCH_PATHS = (
					"$(inherited)",
					"@executable_path/../Frameworks",
				);
				MACOSX_DEPLOYMENT_TARGET = 26.2;
				MARKETING_VERSION = 1.0;
				PRODUCT_BUNDLE_IDENTIFIER = lorenjohnson.SwiftUIPreviewHost;
				PRODUCT_NAME = "$(TARGET_NAME)";
				REGISTER_APP_GROUPS = YES;
				STRING_CATALOG_GENERATE_SYMBOLS = YES;
				SWIFT_APPROACHABLE_CONCURRENCY = YES;
				SWIFT_DEFAULT_ACTOR_ISOLATION = MainActor;
				SWIFT_EMIT_LOC_STRINGS = YES;
				SWIFT_UPCOMING_FEATURE_MEMBER_IMPORT_VISIBILITY = YES;
				SWIFT_VERSION = 5.0;
			};
			name = Release;
		};
		D1E2F3A4B5C6D7E8F9A0B1C9 /* Debug */ = {
			isa = XCBuildConfiguration;
			buildSettings = {
				CODE_SIGN_STYLE = Automatic;
				CURRENT_PROJECT_VERSION = 2;
				DEVELOPMENT_TEAM = 6A74MR47VX;
				GENERATE_INFOPLIST_FILE = YES;
				MACOSX_DEPLOYMENT_TARGET = 15.2;
				MARKETING_VERSION = 0.2;
				PRODUCT_BUNDLE_IDENTIFIER = lorenjohnson.HypnogramQuickLookTests;
				PRODUCT_NAME = "$(TARGET_NAME)";
				SWIFT_EMIT_LOC_STRINGS = NO;
				SWIFT_VERSION = 5.0;
			};
			name = Debug;
		};
		D1E2F3A4B5C6D7E8F9A0B1CA /* Release */ = {
			isa = XCBuildConfiguration;
			buildSettings = {
				CODE_SIGN_STYLE = Automatic;
				CURRENT_PROJECT_VERSION = 2;
				DEVELOPMENT_TEAM = 6A74MR47VX;
				GENERATE_INFOPLIST_FILE = YES;
				MACOSX_DEPLOYMENT_TARGET = 15.2;
				MARKETING_VERSION = 0.2;
				PRODUCT_BUNDLE_IDENTIFIER = lorenjohnson.HypnogramQuickLookTests;
				PRODUCT_NAME = "$(TARGET_NAME)";
				SWIFT_EMIT_LOC_STRINGS = NO;
				SWIFT_VERSION = 5.0;
			};
			name = Release;
		};
/* End XCBuildConfiguration section */

/* Begin XCConfigurationList section */
		042F98FC2EC8990A006D4CDE /* Build configuration list for PBXProject "Hypnograph" */ = {
			isa = XCConfigurationList;
			buildConfigurations = (
				042F99242EC8990C006D4CDE /* Debug */,
				042F99252EC8990C006D4CDE /* Release */,
			);
			defaultConfigurationIsVisible = 0;
			defaultConfigurationName = Release;
		};
		042F99262EC8990C006D4CDE /* Build configuration list for PBXNativeTarget "Hypnograph" */ = {
			isa = XCConfigurationList;
			buildConfigurations = (
				042F99272EC8990C006D4CDE /* Debug */,
				042F99282EC8990C006D4CDE /* Release */,
			);
			defaultConfigurationIsVisible = 0;
			defaultConfigurationName = Release;
		};
		042F99292EC8990C006D4CDE /* Build configuration list for PBXNativeTarget "HypnographTests" */ = {
			isa = XCConfigurationList;
			buildConfigurations = (
				042F992A2EC8990C006D4CDE /* Debug */,
				042F992B2EC8990C006D4CDE /* Release */,
			);
			defaultConfigurationIsVisible = 0;
			defaultConfigurationName = Release;
		};
		042F992C2EC8990C006D4CDE /* Build configuration list for PBXNativeTarget "HypnographUITests" */ = {
			isa = XCConfigurationList;
			buildConfigurations = (
				042F992D2EC8990C006D4CDE /* Debug */,
				042F992E2EC8990C006D4CDE /* Release */,
			);
			defaultConfigurationIsVisible = 0;
			defaultConfigurationName = Release;
		};
		04302B492F00E924001C0F60 /* Build configuration list for PBXNativeTarget "HypnogramQuickLook" */ = {
			isa = XCConfigurationList;
			buildConfigurations = (
				04302B462F00E924001C0F60 /* Debug */,
				04302B472F00E924001C0F60 /* Release */,
			);
			defaultConfigurationIsVisible = 0;
			defaultConfigurationName = Release;
		};
		049B39222F26C1A400FFF6A8 /* Build configuration list for PBXNativeTarget "SwiftUIPreviewHost" */ = {
			isa = XCConfigurationList;
			buildConfigurations = (
				049B39232F26C1A400FFF6A8 /* Debug */,
				049B39242F26C1A400FFF6A8 /* Release */,
			);
			defaultConfigurationIsVisible = 0;
			defaultConfigurationName = Release;
		};
		D1E2F3A4B5C6D7E8F9A0B1C8 /* Build configuration list for PBXNativeTarget "HypnogramQuickLookTests" */ = {
			isa = XCConfigurationList;
			buildConfigurations = (
				D1E2F3A4B5C6D7E8F9A0B1C9 /* Debug */,
				D1E2F3A4B5C6D7E8F9A0B1CA /* Release */,
			);
			defaultConfigurationIsVisible = 0;
			defaultConfigurationName = Release;
		};
/* End XCConfigurationList section */

/* Begin XCLocalSwiftPackageReference section */
		F439BC86A2FE43602B2EA467 /* XCLocalSwiftPackageReference "HypnoPackages" */ = {
			isa = XCLocalSwiftPackageReference;
			relativePath = ../HypnoPackages;
		};
/* End XCLocalSwiftPackageReference section */

/* Begin XCSwiftPackageProductDependency section */
		4D989C67E2DF4FD885791B0F /* HypnoCore */ = {
			isa = XCSwiftPackageProductDependency;
			package = F439BC86A2FE43602B2EA467 /* XCLocalSwiftPackageReference "HypnoPackages" */;
			productName = HypnoCore;
		};
		6B4E93992CE0046E9A47D568 /* HypnoCore */ = {
			isa = XCSwiftPackageProductDependency;
			package = F439BC86A2FE43602B2EA467 /* XCLocalSwiftPackageReference "HypnoPackages" */;
			productName = HypnoCore;
		};
		E668AB4C346BB9907570FA1D /* HypnoUI */ = {
			isa = XCSwiftPackageProductDependency;
			package = F439BC86A2FE43602B2EA467 /* XCLocalSwiftPackageReference "HypnoPackages" */;
			productName = HypnoUI;
		};
		EB154B2C5C3272CE2685E2EC /* HypnoCore */ = {
			isa = XCSwiftPackageProductDependency;
			package = F439BC86A2FE43602B2EA467 /* XCLocalSwiftPackageReference "HypnoPackages" */;
			productName = HypnoCore;
		};
/* End XCSwiftPackageProductDependency section */
	};
	rootObject = 042F98F92EC8990A006D4CDE /* Project object */;
}
