// !$*UTF8*$!
{
	archiveVersion = 1;
	classes = {
	};
	objectVersion = 77;
	objects = {

/* Begin PBXBuildFile section */
		04302B382F00E924001C0F60 /* Quartz.framework in Frameworks */ = {isa = PBXBuildFile; fileRef = 04302B372F00E924001C0F60 /* Quartz.framework */; };
		04302B442F00E924001C0F60 /* HypnogramQuickLook.appex in Embed Foundation Extensions */ = {isa = PBXBuildFile; fileRef = 04302B352F00E924001C0F60 /* HypnogramQuickLook.appex */; settings = {ATTRIBUTES = (RemoveHeadersOnCopy, ); }; };
		41E09D815A84A5C5F90444FE /* HypnoCore.framework in Frameworks */ = {isa = PBXBuildFile; fileRef = 764AADFE87DF1064AD85DF6E /* HypnoCore.framework */; };
		8C9F3A1B2C3D4E5F6A7B8C9D /* HypnoUI.framework in Frameworks */ = {isa = PBXBuildFile; fileRef = 1A2B3C4D5E6F708192A3B4C5 /* HypnoUI.framework */; };
		A1B2C3D4E5F6A7B8C9D0E1F8 /* HypnoCore.framework in Frameworks */ = {isa = PBXBuildFile; fileRef = 764AADFE87DF1064AD85DF6E /* HypnoCore.framework */; };
		B1C2D3E4F5A6B7C8D9E0F1A9 /* HypnoCore.framework in Frameworks */ = {isa = PBXBuildFile; fileRef = 764AADFE87DF1064AD85DF6E /* HypnoCore.framework */; };
		C1D2E3F4A5B6C7D8E9F0A1BA /* HypnoCore.framework in Frameworks */ = {isa = PBXBuildFile; fileRef = 764AADFE87DF1064AD85DF6E /* HypnoCore.framework */; };
		C29DD884B84036A4B39F88C0 /* HypnoCore.framework in Frameworks */ = {isa = PBXBuildFile; fileRef = 764AADFE87DF1064AD85DF6E /* HypnoCore.framework */; };
		D1B2C3D4E5F60718293A4B70 /* HypnoCore.framework in Frameworks */ = {isa = PBXBuildFile; fileRef = 764AADFE87DF1064AD85DF6E /* HypnoCore.framework */; };
		D1B2C3D4E5F60718293A4B74 /* HypnoUI.framework in Frameworks */ = {isa = PBXBuildFile; fileRef = 1A2B3C4D5E6F708192A3B4C5 /* HypnoUI.framework */; };
		D1E2F3A4B5C6D7E8F9A0B1D1 /* HypnoCore.framework in Frameworks */ = {isa = PBXBuildFile; fileRef = 764AADFE87DF1064AD85DF6E /* HypnoCore.framework */; };
/* End PBXBuildFile section */

/* Begin PBXContainerItemProxy section */
		042F99132EC8990C006D4CDE /* PBXContainerItemProxy */ = {
			isa = PBXContainerItemProxy;
			containerPortal = 042F98F92EC8990A006D4CDE /* Project object */;
			proxyType = 1;
			remoteGlobalIDString = 042F99002EC8990B006D4CDE;
			remoteInfo = Hypnograph;
		};
		042F991D2EC8990C006D4CDE /* PBXContainerItemProxy */ = {
			isa = PBXContainerItemProxy;
			containerPortal = 042F98F92EC8990A006D4CDE /* Project object */;
			proxyType = 1;
			remoteGlobalIDString = 042F99002EC8990B006D4CDE;
			remoteInfo = Hypnograph;
		};
		04302B422F00E924001C0F60 /* PBXContainerItemProxy */ = {
			isa = PBXContainerItemProxy;
			containerPortal = 042F98F92EC8990A006D4CDE /* Project object */;
			proxyType = 1;
			remoteGlobalIDString = 04302B342F00E924001C0F60;
			remoteInfo = HypnogramQuickLook;
		};
		2584DF34F393DA72C5614C8F /* PBXContainerItemProxy */ = {
			isa = PBXContainerItemProxy;
			containerPortal = 042F98F92EC8990A006D4CDE /* Project object */;
			proxyType = 1;
			remoteGlobalIDString = E308118CE40F75DAAC8AFFAB;
			remoteInfo = HypnoCore;
		};
		2B3C4D5E6F708192A3B4C5D6 /* PBXContainerItemProxy */ = {
			isa = PBXContainerItemProxy;
			containerPortal = 042F98F92EC8990A006D4CDE /* Project object */;
			proxyType = 1;
			remoteGlobalIDString = 5E6F708192A3B4C5D6E7F809;
			remoteInfo = HypnoUI;
		};
		A1B2C3D4E5F6A7B8C9D0E1F9 /* PBXContainerItemProxy */ = {
			isa = PBXContainerItemProxy;
			containerPortal = 042F98F92EC8990A006D4CDE /* Project object */;
			proxyType = 1;
			remoteGlobalIDString = E308118CE40F75DAAC8AFFAB;
			remoteInfo = HypnoCore;
		};
		B1C2D3E4F5A6B7C8D9E0F1AB /* PBXContainerItemProxy */ = {
			isa = PBXContainerItemProxy;
			containerPortal = 042F98F92EC8990A006D4CDE /* Project object */;
			proxyType = 1;
			remoteGlobalIDString = E308118CE40F75DAAC8AFFAB;
			remoteInfo = HypnoCore;
		};
		C1D2E3F4A5B6C7D8E9F0A1BD /* PBXContainerItemProxy */ = {
			isa = PBXContainerItemProxy;
			containerPortal = 042F98F92EC8990A006D4CDE /* Project object */;
			proxyType = 1;
			remoteGlobalIDString = E308118CE40F75DAAC8AFFAB;
			remoteInfo = HypnoCore;
		};
		D1B2C3D4E5F60718293A4B90 /* PBXContainerItemProxy */ = {
			isa = PBXContainerItemProxy;
			containerPortal = 042F98F92EC8990A006D4CDE /* Project object */;
			proxyType = 1;
			remoteGlobalIDString = E308118CE40F75DAAC8AFFAB;
			remoteInfo = HypnoCore;
		};
		D1B2C3D4E5F60718293A4B94 /* PBXContainerItemProxy */ = {
			isa = PBXContainerItemProxy;
			containerPortal = 042F98F92EC8990A006D4CDE /* Project object */;
			proxyType = 1;
			remoteGlobalIDString = 5E6F708192A3B4C5D6E7F809;
			remoteInfo = HypnoUI;
		};
		D1E2F3A4B5C6D7E8F9A0B1CB /* PBXContainerItemProxy */ = {
			isa = PBXContainerItemProxy;
			containerPortal = 042F98F92EC8990A006D4CDE /* Project object */;
			proxyType = 1;
			remoteGlobalIDString = E308118CE40F75DAAC8AFFAB;
			remoteInfo = HypnoCore;
		};
		D1E2F3A4B5C6D7E8F9A0B1CD /* PBXContainerItemProxy */ = {
			isa = PBXContainerItemProxy;
			containerPortal = 042F98F92EC8990A006D4CDE /* Project object */;
			proxyType = 1;
			remoteGlobalIDString = 04302B342F00E924001C0F60;
			remoteInfo = HypnogramQuickLook;
		};
		F6998A651CE7C3DB43E98E0D /* PBXContainerItemProxy */ = {
			isa = PBXContainerItemProxy;
			containerPortal = 042F98F92EC8990A006D4CDE /* Project object */;
			proxyType = 1;
			remoteGlobalIDString = E308118CE40F75DAAC8AFFAB;
			remoteInfo = HypnoCore;
		};
/* End PBXContainerItemProxy section */

/* Begin PBXCopyFilesBuildPhase section */
		04302B452F00E924001C0F60 /* Embed Foundation Extensions */ = {
			isa = PBXCopyFilesBuildPhase;
			buildActionMask = 2147483647;
			dstPath = "";
			dstSubfolderSpec = 13;
			files = (
				04302B442F00E924001C0F60 /* HypnogramQuickLook.appex in Embed Foundation Extensions */,
			);
			name = "Embed Foundation Extensions";
			runOnlyForDeploymentPostprocessing = 0;
		};
/* End PBXCopyFilesBuildPhase section */

/* Begin PBXFileReference section */
		042F99012EC8990B006D4CDE /* Hypnograph.app */ = {isa = PBXFileReference; explicitFileType = wrapper.application; includeInIndex = 0; path = Hypnograph.app; sourceTree = BUILT_PRODUCTS_DIR; };
		042F99122EC8990C006D4CDE /* HypnographTests.xctest */ = {isa = PBXFileReference; explicitFileType = wrapper.cfbundle; includeInIndex = 0; path = HypnographTests.xctest; sourceTree = BUILT_PRODUCTS_DIR; };
		042F991C2EC8990C006D4CDE /* HypnographUITests.xctest */ = {isa = PBXFileReference; explicitFileType = wrapper.cfbundle; includeInIndex = 0; path = HypnographUITests.xctest; sourceTree = BUILT_PRODUCTS_DIR; };
		04302B352F00E924001C0F60 /* HypnogramQuickLook.appex */ = {isa = PBXFileReference; explicitFileType = "wrapper.app-extension"; includeInIndex = 0; path = HypnogramQuickLook.appex; sourceTree = BUILT_PRODUCTS_DIR; };
		04302B372F00E924001C0F60 /* Quartz.framework */ = {isa = PBXFileReference; lastKnownFileType = wrapper.framework; name = Quartz.framework; path = System/Library/Frameworks/Quartz.framework; sourceTree = SDKROOT; };
		1A2B3C4D5E6F708192A3B4C5 /* HypnoUI.framework */ = {isa = PBXFileReference; explicitFileType = wrapper.framework; includeInIndex = 0; path = HypnoUI.framework; sourceTree = BUILT_PRODUCTS_DIR; };
		764AADFE87DF1064AD85DF6E /* HypnoCore.framework */ = {isa = PBXFileReference; explicitFileType = wrapper.framework; includeInIndex = 0; path = HypnoCore.framework; sourceTree = BUILT_PRODUCTS_DIR; };
		A1B2C3D4E5F6A7B8C9D0E1F2 /* HypnoCoreTests.xctest */ = {isa = PBXFileReference; explicitFileType = wrapper.cfbundle; includeInIndex = 0; path = HypnoCoreTests.xctest; sourceTree = BUILT_PRODUCTS_DIR; };
		B1C2D3E4F5A6B7C8D9E0F1A2 /* HypnoEffectsTests.xctest */ = {isa = PBXFileReference; explicitFileType = wrapper.cfbundle; includeInIndex = 0; path = HypnoEffectsTests.xctest; sourceTree = BUILT_PRODUCTS_DIR; };
		C1D2E3F4A5B6C7D8E9F0A1B2 /* HypnoRendererTests.xctest */ = {isa = PBXFileReference; explicitFileType = wrapper.cfbundle; includeInIndex = 0; path = HypnoRendererTests.xctest; sourceTree = BUILT_PRODUCTS_DIR; };
		D1B2C3D4E5F60718293A4B5C /* Divine.app */ = {isa = PBXFileReference; explicitFileType = wrapper.application; includeInIndex = 0; path = Divine.app; sourceTree = BUILT_PRODUCTS_DIR; };
		D1E2F3A4B5C6D7E8F9A0B1C2 /* HypnogramQuickLookTests.xctest */ = {isa = PBXFileReference; explicitFileType = wrapper.cfbundle; includeInIndex = 0; path = HypnogramQuickLookTests.xctest; sourceTree = BUILT_PRODUCTS_DIR; };
/* End PBXFileReference section */

/* Begin PBXFileSystemSynchronizedBuildFileExceptionSet section */
		04302B482F00E924001C0F60 /* Exceptions for "HypnogramQuickLook" folder in "HypnogramQuickLook" target */ = {
			isa = PBXFileSystemSynchronizedBuildFileExceptionSet;
			membershipExceptions = (
				Info.plist,
			);
			target = 04302B342F00E924001C0F60 /* HypnogramQuickLook */;
		};
		D1B2C3D4E5F60718293A4B66 /* Exceptions for "Divine" folder in "Divine" target */ = {
			isa = PBXFileSystemSynchronizedBuildFileExceptionSet;
			membershipExceptions = (
				Info.plist,
			);
			target = D1B2C3D4E5F60718293A4B5D /* Divine */;
		};
/* End PBXFileSystemSynchronizedBuildFileExceptionSet section */

/* Begin PBXFileSystemSynchronizedRootGroup section */
		042F99032EC8990B006D4CDE /* Hypnograph */ = {
			isa = PBXFileSystemSynchronizedRootGroup;
			path = Hypnograph;
			sourceTree = "<group>";
		};
		042F99152EC8990C006D4CDE /* HypnographTests */ = {
			isa = PBXFileSystemSynchronizedRootGroup;
			path = HypnographTests;
			sourceTree = "<group>";
		};
		042F991F2EC8990C006D4CDE /* HypnographUITests */ = {
			isa = PBXFileSystemSynchronizedRootGroup;
			path = HypnographUITests;
			sourceTree = "<group>";
		};
		04302B392F00E924001C0F60 /* HypnogramQuickLook */ = {
			isa = PBXFileSystemSynchronizedRootGroup;
			exceptions = (
				04302B482F00E924001C0F60 /* Exceptions for "HypnogramQuickLook" folder in "HypnogramQuickLook" target */,
			);
			path = HypnogramQuickLook;
			sourceTree = "<group>";
		};
		4D5E6F708192A3B4C5D6E7F8 /* HypnoUI */ = {
			isa = PBXFileSystemSynchronizedRootGroup;
			path = HypnoUI;
			sourceTree = "<group>";
		};
		A1B2C3D4E5F6A7B8C9D0E1F3 /* HypnoCoreTests */ = {
			isa = PBXFileSystemSynchronizedRootGroup;
			path = HypnoCoreTests;
			sourceTree = "<group>";
		};
		D1B2C3D4E5F60718293A4B64 /* Divine */ = {
			isa = PBXFileSystemSynchronizedRootGroup;
			exceptions = (
				D1B2C3D4E5F60718293A4B66 /* Exceptions for "Divine" folder in "Divine" target */,
			);
			path = Divine;
			sourceTree = "<group>";
		};
		D1E2F3A4B5C6D7E8F9A0B1C3 /* HypnogramQuickLookTests */ = {
			isa = PBXFileSystemSynchronizedRootGroup;
			path = HypnogramQuickLookTests;
			sourceTree = "<group>";
		};
		F50B765E3CAB7CFD665F71DC /* HypnoCore */ = {
			isa = PBXFileSystemSynchronizedRootGroup;
			path = HypnoCore;
			sourceTree = "<group>";
		};
/* End PBXFileSystemSynchronizedRootGroup section */

/* Begin PBXFrameworksBuildPhase section */
		042F98FE2EC8990B006D4CDE /* Frameworks */ = {
			isa = PBXFrameworksBuildPhase;
			buildActionMask = 2147483647;
			files = (
				41E09D815A84A5C5F90444FE /* HypnoCore.framework in Frameworks */,
				8C9F3A1B2C3D4E5F6A7B8C9D /* HypnoUI.framework in Frameworks */,
			);
			runOnlyForDeploymentPostprocessing = 0;
		};
		042F990F2EC8990C006D4CDE /* Frameworks */ = {
			isa = PBXFrameworksBuildPhase;
			buildActionMask = 2147483647;
			files = (
				C29DD884B84036A4B39F88C0 /* HypnoCore.framework in Frameworks */,
			);
			runOnlyForDeploymentPostprocessing = 0;
		};
		042F99192EC8990C006D4CDE /* Frameworks */ = {
			isa = PBXFrameworksBuildPhase;
			buildActionMask = 2147483647;
			files = (
			);
			runOnlyForDeploymentPostprocessing = 0;
		};
		04302B322F00E924001C0F60 /* Frameworks */ = {
			isa = PBXFrameworksBuildPhase;
			buildActionMask = 2147483647;
			files = (
				04302B382F00E924001C0F60 /* Quartz.framework in Frameworks */,
			);
			runOnlyForDeploymentPostprocessing = 0;
		};
		407DC1ED597763C16767A434 /* Frameworks */ = {
			isa = PBXFrameworksBuildPhase;
			buildActionMask = 2147483647;
			files = (
			);
			runOnlyForDeploymentPostprocessing = 0;
		};
		708192A3B4C5D6E7F8091A2B /* Frameworks */ = {
			isa = PBXFrameworksBuildPhase;
			buildActionMask = 2147483647;
			files = (
			);
			runOnlyForDeploymentPostprocessing = 0;
		};
		A1B2C3D4E5F6A7B8C9D0E1F6 /* Frameworks */ = {
			isa = PBXFrameworksBuildPhase;
			buildActionMask = 2147483647;
			files = (
				A1B2C3D4E5F6A7B8C9D0E1F8 /* HypnoCore.framework in Frameworks */,
			);
			runOnlyForDeploymentPostprocessing = 0;
		};
		B1C2D3E4F5A6B7C8D9E0F1A6 /* Frameworks */ = {
			isa = PBXFrameworksBuildPhase;
			buildActionMask = 2147483647;
			files = (
				B1C2D3E4F5A6B7C8D9E0F1A9 /* HypnoCore.framework in Frameworks */,
			);
			runOnlyForDeploymentPostprocessing = 0;
		};
		C1D2E3F4A5B6C7D8E9F0A1B6 /* Frameworks */ = {
			isa = PBXFrameworksBuildPhase;
			buildActionMask = 2147483647;
			files = (
				C1D2E3F4A5B6C7D8E9F0A1BA /* HypnoCore.framework in Frameworks */,
			);
			runOnlyForDeploymentPostprocessing = 0;
		};
		D1B2C3D4E5F60718293A4B5F /* Frameworks */ = {
			isa = PBXFrameworksBuildPhase;
			buildActionMask = 2147483647;
			files = (
				D1B2C3D4E5F60718293A4B70 /* HypnoCore.framework in Frameworks */,
				D1B2C3D4E5F60718293A4B74 /* HypnoUI.framework in Frameworks */,
			);
			runOnlyForDeploymentPostprocessing = 0;
		};
		D1E2F3A4B5C6D7E8F9A0B1C6 /* Frameworks */ = {
			isa = PBXFrameworksBuildPhase;
			buildActionMask = 2147483647;
			files = (
				D1E2F3A4B5C6D7E8F9A0B1D1 /* HypnoCore.framework in Frameworks */,
			);
			runOnlyForDeploymentPostprocessing = 0;
		};
/* End PBXFrameworksBuildPhase section */

/* Begin PBXGroup section */
		042F98F82EC8990A006D4CDE = {
			isa = PBXGroup;
			children = (
				042F99032EC8990B006D4CDE /* Hypnograph */,
				D1B2C3D4E5F60718293A4B64 /* Divine */,
				F50B765E3CAB7CFD665F71DC /* HypnoCore */,
				4D5E6F708192A3B4C5D6E7F8 /* HypnoUI */,
				A1B2C3D4E5F6A7B8C9D0E1F3 /* HypnoCoreTests */,
				042F99152EC8990C006D4CDE /* HypnographTests */,
				D1E2F3A4B5C6D7E8F9A0B1C3 /* HypnogramQuickLookTests */,
				042F991F2EC8990C006D4CDE /* HypnographUITests */,
				04302B392F00E924001C0F60 /* HypnogramQuickLook */,
				04302B362F00E924001C0F60 /* Frameworks */,
				042F99022EC8990B006D4CDE /* Products */,
			);
			sourceTree = "<group>";
		};
		042F99022EC8990B006D4CDE /* Products */ = {
			isa = PBXGroup;
			children = (
				042F99012EC8990B006D4CDE /* Hypnograph.app */,
				D1B2C3D4E5F60718293A4B5C /* Divine.app */,
				764AADFE87DF1064AD85DF6E /* HypnoCore.framework */,
				1A2B3C4D5E6F708192A3B4C5 /* HypnoUI.framework */,
				042F99122EC8990C006D4CDE /* HypnographTests.xctest */,
				A1B2C3D4E5F6A7B8C9D0E1F2 /* HypnoCoreTests.xctest */,
				B1C2D3E4F5A6B7C8D9E0F1A2 /* HypnoEffectsTests.xctest */,
				C1D2E3F4A5B6C7D8E9F0A1B2 /* HypnoRendererTests.xctest */,
				042F991C2EC8990C006D4CDE /* HypnographUITests.xctest */,
				D1E2F3A4B5C6D7E8F9A0B1C2 /* HypnogramQuickLookTests.xctest */,
				04302B352F00E924001C0F60 /* HypnogramQuickLook.appex */,
			);
			name = Products;
			sourceTree = "<group>";
		};
		04302B362F00E924001C0F60 /* Frameworks */ = {
			isa = PBXGroup;
			children = (
				04302B372F00E924001C0F60 /* Quartz.framework */,
			);
			name = Frameworks;
			sourceTree = "<group>";
		};
/* End PBXGroup section */

/* Begin PBXNativeTarget section */
		042F99002EC8990B006D4CDE /* Hypnograph */ = {
			isa = PBXNativeTarget;
			buildConfigurationList = 042F99262EC8990C006D4CDE /* Build configuration list for PBXNativeTarget "Hypnograph" */;
			buildPhases = (
				042F98FD2EC8990B006D4CDE /* Sources */,
				042F98FE2EC8990B006D4CDE /* Frameworks */,
				042F98FF2EC8990B006D4CDE /* Resources */,
				04302B452F00E924001C0F60 /* Embed Foundation Extensions */,
			);
			buildRules = (
			);
			dependencies = (
				B03AFD12E053E628259C04A8 /* PBXTargetDependency */,
				04302B432F00E924001C0F60 /* PBXTargetDependency */,
				3C4D5E6F708192A3B4C5D6E7 /* PBXTargetDependency */,
			);
			fileSystemSynchronizedGroups = (
				042F99032EC8990B006D4CDE /* Hypnograph */,
			);
			name = Hypnograph;
			packageProductDependencies = (
			);
			productName = Hypnograph;
			productReference = 042F99012EC8990B006D4CDE /* Hypnograph.app */;
			productType = "com.apple.product-type.application";
		};
		042F99112EC8990C006D4CDE /* HypnographTests */ = {
			isa = PBXNativeTarget;
			buildConfigurationList = 042F99292EC8990C006D4CDE /* Build configuration list for PBXNativeTarget "HypnographTests" */;
			buildPhases = (
				042F990E2EC8990C006D4CDE /* Sources */,
				042F990F2EC8990C006D4CDE /* Frameworks */,
				042F99102EC8990C006D4CDE /* Resources */,
			);
			buildRules = (
			);
			dependencies = (
				313448C8FA3055B0BE588035 /* PBXTargetDependency */,
				042F99142EC8990C006D4CDE /* PBXTargetDependency */,
			);
			fileSystemSynchronizedGroups = (
				042F99152EC8990C006D4CDE /* HypnographTests */,
			);
			name = HypnographTests;
			packageProductDependencies = (
			);
			productName = HypnographTests;
			productReference = 042F99122EC8990C006D4CDE /* HypnographTests.xctest */;
			productType = "com.apple.product-type.bundle.unit-test";
		};
		042F991B2EC8990C006D4CDE /* HypnographUITests */ = {
			isa = PBXNativeTarget;
			buildConfigurationList = 042F992C2EC8990C006D4CDE /* Build configuration list for PBXNativeTarget "HypnographUITests" */;
			buildPhases = (
				042F99182EC8990C006D4CDE /* Sources */,
				042F99192EC8990C006D4CDE /* Frameworks */,
				042F991A2EC8990C006D4CDE /* Resources */,
			);
			buildRules = (
			);
			dependencies = (
				042F991E2EC8990C006D4CDE /* PBXTargetDependency */,
			);
			fileSystemSynchronizedGroups = (
				042F991F2EC8990C006D4CDE /* HypnographUITests */,
			);
			name = HypnographUITests;
			packageProductDependencies = (
			);
			productName = HypnographUITests;
			productReference = 042F991C2EC8990C006D4CDE /* HypnographUITests.xctest */;
			productType = "com.apple.product-type.bundle.ui-testing";
		};
		04302B342F00E924001C0F60 /* HypnogramQuickLook */ = {
			isa = PBXNativeTarget;
			buildConfigurationList = 04302B492F00E924001C0F60 /* Build configuration list for PBXNativeTarget "HypnogramQuickLook" */;
			buildPhases = (
				04302B312F00E924001C0F60 /* Sources */,
				04302B322F00E924001C0F60 /* Frameworks */,
				04302B332F00E924001C0F60 /* Resources */,
			);
			buildRules = (
			);
			dependencies = (
			);
			fileSystemSynchronizedGroups = (
				04302B392F00E924001C0F60 /* HypnogramQuickLook */,
			);
			name = HypnogramQuickLook;
			packageProductDependencies = (
			);
			productName = HypnogramQuickLook;
			productReference = 04302B352F00E924001C0F60 /* HypnogramQuickLook.appex */;
			productType = "com.apple.product-type.app-extension";
		};
		5E6F708192A3B4C5D6E7F809 /* HypnoUI */ = {
			isa = PBXNativeTarget;
			buildConfigurationList = 92A3B4C5D6E7F8091A2B3C4D /* Build configuration list for PBXNativeTarget "HypnoUI" */;
			buildPhases = (
				6F708192A3B4C5D6E7F8091A /* Sources */,
				708192A3B4C5D6E7F8091A2B /* Frameworks */,
				8192A3B4C5D6E7F8091A2B3C /* Resources */,
			);
			buildRules = (
			);
			dependencies = (
			);
			fileSystemSynchronizedGroups = (
				4D5E6F708192A3B4C5D6E7F8 /* HypnoUI */,
			);
			name = HypnoUI;
			packageProductDependencies = (
			);
			productName = HypnoUI;
			productReference = 1A2B3C4D5E6F708192A3B4C5 /* HypnoUI.framework */;
			productType = "com.apple.product-type.framework";
		};
		A1B2C3D4E5F6A7B8C9D0E1F4 /* HypnoCoreTests */ = {
			isa = PBXNativeTarget;
			buildConfigurationList = A1B2C3D4E5F6A7B8C9D0E1FD /* Build configuration list for PBXNativeTarget "HypnoCoreTests" */;
			buildPhases = (
				A1B2C3D4E5F6A7B8C9D0E1F5 /* Sources */,
				A1B2C3D4E5F6A7B8C9D0E1F6 /* Frameworks */,
				A1B2C3D4E5F6A7B8C9D0E1F7 /* Resources */,
			);
			buildRules = (
			);
			dependencies = (
				A1B2C3D4E5F6A7B8C9D0E1FA /* PBXTargetDependency */,
			);
			fileSystemSynchronizedGroups = (
				A1B2C3D4E5F6A7B8C9D0E1F3 /* HypnoCoreTests */,
			);
			name = HypnoCoreTests;
			packageProductDependencies = (
			);
			productName = HypnoCoreTests;
			productReference = A1B2C3D4E5F6A7B8C9D0E1F2 /* HypnoCoreTests.xctest */;
			productType = "com.apple.product-type.bundle.unit-test";
		};
		B1C2D3E4F5A6B7C8D9E0F1A4 /* HypnoEffectsTests */ = {
			isa = PBXNativeTarget;
			buildConfigurationList = B1C2D3E4F5A6B7C8D9E0F1B0 /* Build configuration list for PBXNativeTarget "HypnoEffectsTests" */;
			buildPhases = (
				B1C2D3E4F5A6B7C8D9E0F1A5 /* Sources */,
				B1C2D3E4F5A6B7C8D9E0F1A6 /* Frameworks */,
				B1C2D3E4F5A6B7C8D9E0F1A7 /* Resources */,
			);
			buildRules = (
			);
			dependencies = (
				B1C2D3E4F5A6B7C8D9E0F1AD /* PBXTargetDependency */,
			);
			name = HypnoEffectsTests;
			packageProductDependencies = (
			);
			productName = HypnoEffectsTests;
			productReference = B1C2D3E4F5A6B7C8D9E0F1A2 /* HypnoEffectsTests.xctest */;
			productType = "com.apple.product-type.bundle.unit-test";
		};
		C1D2E3F4A5B6C7D8E9F0A1B4 /* HypnoRendererTests */ = {
			isa = PBXNativeTarget;
			buildConfigurationList = C1D2E3F4A5B6C7D8E9F0A1C3 /* Build configuration list for PBXNativeTarget "HypnoRendererTests" */;
			buildPhases = (
				C1D2E3F4A5B6C7D8E9F0A1B5 /* Sources */,
				C1D2E3F4A5B6C7D8E9F0A1B6 /* Frameworks */,
				C1D2E3F4A5B6C7D8E9F0A1B7 /* Resources */,
			);
			buildRules = (
			);
			dependencies = (
				C1D2E3F4A5B6C7D8E9F0A1C0 /* PBXTargetDependency */,
			);
			name = HypnoRendererTests;
			packageProductDependencies = (
			);
			productName = HypnoRendererTests;
			productReference = C1D2E3F4A5B6C7D8E9F0A1B2 /* HypnoRendererTests.xctest */;
			productType = "com.apple.product-type.bundle.unit-test";
		};
		D1B2C3D4E5F60718293A4B5D /* Divine */ = {
			isa = PBXNativeTarget;
			buildConfigurationList = D1B2C3D4E5F60718293A4B61 /* Build configuration list for PBXNativeTarget "Divine" */;
			buildPhases = (
				D1B2C3D4E5F60718293A4B5E /* Sources */,
				D1B2C3D4E5F60718293A4B5F /* Frameworks */,
				D1B2C3D4E5F60718293A4B60 /* Resources */,
			);
			buildRules = (
			);
			dependencies = (
				D1B2C3D4E5F60718293A4B80 /* PBXTargetDependency */,
				D1B2C3D4E5F60718293A4B84 /* PBXTargetDependency */,
			);
			fileSystemSynchronizedGroups = (
				D1B2C3D4E5F60718293A4B64 /* Divine */,
			);
			name = Divine;
			packageProductDependencies = (
			);
			productName = Divine;
			productReference = D1B2C3D4E5F60718293A4B5C /* Divine.app */;
			productType = "com.apple.product-type.application";
		};
		D1E2F3A4B5C6D7E8F9A0B1C4 /* HypnogramQuickLookTests */ = {
			isa = PBXNativeTarget;
			buildConfigurationList = D1E2F3A4B5C6D7E8F9A0B1C8 /* Build configuration list for PBXNativeTarget "HypnogramQuickLookTests" */;
			buildPhases = (
				D1E2F3A4B5C6D7E8F9A0B1C5 /* Sources */,
				D1E2F3A4B5C6D7E8F9A0B1C6 /* Frameworks */,
				D1E2F3A4B5C6D7E8F9A0B1C7 /* Resources */,
			);
			buildRules = (
			);
			dependencies = (
				D1E2F3A4B5C6D7E8F9A0B1CE /* PBXTargetDependency */,
				D1E2F3A4B5C6D7E8F9A0B1D0 /* PBXTargetDependency */,
			);
			fileSystemSynchronizedGroups = (
				D1E2F3A4B5C6D7E8F9A0B1C3 /* HypnogramQuickLookTests */,
			);
			name = HypnogramQuickLookTests;
			packageProductDependencies = (
			);
			productName = HypnogramQuickLookTests;
			productReference = D1E2F3A4B5C6D7E8F9A0B1C2 /* HypnogramQuickLookTests.xctest */;
			productType = "com.apple.product-type.bundle.unit-test";
		};
		E308118CE40F75DAAC8AFFAB /* HypnoCore */ = {
			isa = PBXNativeTarget;
			buildConfigurationList = F9CA0C79C80E16E02BAB23DE /* Build configuration list for PBXNativeTarget "HypnoCore" */;
			buildPhases = (
				5B9151A3F9720052068AD44D /* Sources */,
				407DC1ED597763C16767A434 /* Frameworks */,
				3A2F64193354A6BE695FA5CA /* Resources */,
			);
			buildRules = (
			);
			dependencies = (
			);
			fileSystemSynchronizedGroups = (
				F50B765E3CAB7CFD665F71DC /* HypnoCore */,
			);
			name = HypnoCore;
			packageProductDependencies = (
			);
			productName = HypnoCore;
			productReference = 764AADFE87DF1064AD85DF6E /* HypnoCore.framework */;
			productType = "com.apple.product-type.framework";
		};
/* End PBXNativeTarget section */

/* Begin PBXProject section */
		042F98F92EC8990A006D4CDE /* Project object */ = {
			isa = PBXProject;
			attributes = {
				BuildIndependentTargetsInParallel = 1;
				LastSwiftUpdateCheck = 2620;
				LastUpgradeCheck = 1620;
				TargetAttributes = {
					042F99002EC8990B006D4CDE = {
						CreatedOnToolsVersion = 16.2;
					};
					042F99112EC8990C006D4CDE = {
						CreatedOnToolsVersion = 16.2;
						TestTargetID = 042F99002EC8990B006D4CDE;
					};
					042F991B2EC8990C006D4CDE = {
						CreatedOnToolsVersion = 16.2;
						TestTargetID = 042F99002EC8990B006D4CDE;
					};
					04302B342F00E924001C0F60 = {
						CreatedOnToolsVersion = 26.2;
					};
					5E6F708192A3B4C5D6E7F809 = {
						CreatedOnToolsVersion = 16.2;
					};
					A1B2C3D4E5F6A7B8C9D0E1F4 = {
						CreatedOnToolsVersion = 16.2;
						TestTargetID = E308118CE40F75DAAC8AFFAB;
					};
					B1C2D3E4F5A6B7C8D9E0F1A4 = {
						CreatedOnToolsVersion = 16.2;
						TestTargetID = B64DECC20CE5570FAEAE4AEF;
					};
					C1D2E3F4A5B6C7D8E9F0A1B4 = {
						CreatedOnToolsVersion = 16.2;
						TestTargetID = 42FBE3931A16A0254C875DC3;
					};
					D1B2C3D4E5F60718293A4B5D = {
						CreatedOnToolsVersion = 16.2;
					};
					D1E2F3A4B5C6D7E8F9A0B1C4 = {
						CreatedOnToolsVersion = 16.2;
						TestTargetID = 04302B342F00E924001C0F60;
					};
					E308118CE40F75DAAC8AFFAB = {
						CreatedOnToolsVersion = 16.2;
					};
				};
			};
			buildConfigurationList = 042F98FC2EC8990A006D4CDE /* Build configuration list for PBXProject "Hypnograph" */;
			developmentRegion = en;
			hasScannedForEncodings = 0;
			knownRegions = (
				en,
				Base,
			);
			mainGroup = 042F98F82EC8990A006D4CDE;
			minimizedProjectReferenceProxies = 1;
			preferredProjectObjectVersion = 77;
			productRefGroup = 042F99022EC8990B006D4CDE /* Products */;
			projectDirPath = "";
			projectRoot = "";
			targets = (
				042F99002EC8990B006D4CDE /* Hypnograph */,
				D1B2C3D4E5F60718293A4B5D /* Divine */,
				E308118CE40F75DAAC8AFFAB /* HypnoCore */,
				5E6F708192A3B4C5D6E7F809 /* HypnoUI */,
				042F99112EC8990C006D4CDE /* HypnographTests */,
				A1B2C3D4E5F6A7B8C9D0E1F4 /* HypnoCoreTests */,
				B1C2D3E4F5A6B7C8D9E0F1A4 /* HypnoEffectsTests */,
				C1D2E3F4A5B6C7D8E9F0A1B4 /* HypnoRendererTests */,
				D1E2F3A4B5C6D7E8F9A0B1C4 /* HypnogramQuickLookTests */,
				042F991B2EC8990C006D4CDE /* HypnographUITests */,
				04302B342F00E924001C0F60 /* HypnogramQuickLook */,
			);
		};
/* End PBXProject section */

/* Begin PBXResourcesBuildPhase section */
		042F98FF2EC8990B006D4CDE /* Resources */ = {
			isa = PBXResourcesBuildPhase;
			buildActionMask = 2147483647;
			files = (
			);
			runOnlyForDeploymentPostprocessing = 0;
		};
		042F99102EC8990C006D4CDE /* Resources */ = {
			isa = PBXResourcesBuildPhase;
			buildActionMask = 2147483647;
			files = (
			);
			runOnlyForDeploymentPostprocessing = 0;
		};
		042F991A2EC8990C006D4CDE /* Resources */ = {
			isa = PBXResourcesBuildPhase;
			buildActionMask = 2147483647;
			files = (
			);
			runOnlyForDeploymentPostprocessing = 0;
		};
		04302B332F00E924001C0F60 /* Resources */ = {
			isa = PBXResourcesBuildPhase;
			buildActionMask = 2147483647;
			files = (
			);
			runOnlyForDeploymentPostprocessing = 0;
		};
		3A2F64193354A6BE695FA5CA /* Resources */ = {
			isa = PBXResourcesBuildPhase;
			buildActionMask = 2147483647;
			files = (
			);
			runOnlyForDeploymentPostprocessing = 0;
		};
		8192A3B4C5D6E7F8091A2B3C /* Resources */ = {
			isa = PBXResourcesBuildPhase;
			buildActionMask = 2147483647;
			files = (
			);
			runOnlyForDeploymentPostprocessing = 0;
		};
		A1B2C3D4E5F6A7B8C9D0E1F7 /* Resources */ = {
			isa = PBXResourcesBuildPhase;
			buildActionMask = 2147483647;
			files = (
			);
			runOnlyForDeploymentPostprocessing = 0;
		};
		B1C2D3E4F5A6B7C8D9E0F1A7 /* Resources */ = {
			isa = PBXResourcesBuildPhase;
			buildActionMask = 2147483647;
			files = (
			);
			runOnlyForDeploymentPostprocessing = 0;
		};
		C1D2E3F4A5B6C7D8E9F0A1B7 /* Resources */ = {
			isa = PBXResourcesBuildPhase;
			buildActionMask = 2147483647;
			files = (
			);
			runOnlyForDeploymentPostprocessing = 0;
		};
		D1B2C3D4E5F60718293A4B60 /* Resources */ = {
			isa = PBXResourcesBuildPhase;
			buildActionMask = 2147483647;
			files = (
			);
			runOnlyForDeploymentPostprocessing = 0;
		};
		D1E2F3A4B5C6D7E8F9A0B1C7 /* Resources */ = {
			isa = PBXResourcesBuildPhase;
			buildActionMask = 2147483647;
			files = (
			);
			runOnlyForDeploymentPostprocessing = 0;
		};
/* End PBXResourcesBuildPhase section */

/* Begin PBXSourcesBuildPhase section */
		042F98FD2EC8990B006D4CDE /* Sources */ = {
			isa = PBXSourcesBuildPhase;
			buildActionMask = 2147483647;
			files = (
			);
			runOnlyForDeploymentPostprocessing = 0;
		};
		042F990E2EC8990C006D4CDE /* Sources */ = {
			isa = PBXSourcesBuildPhase;
			buildActionMask = 2147483647;
			files = (
			);
			runOnlyForDeploymentPostprocessing = 0;
		};
		042F99182EC8990C006D4CDE /* Sources */ = {
			isa = PBXSourcesBuildPhase;
			buildActionMask = 2147483647;
			files = (
			);
			runOnlyForDeploymentPostprocessing = 0;
		};
		04302B312F00E924001C0F60 /* Sources */ = {
			isa = PBXSourcesBuildPhase;
			buildActionMask = 2147483647;
			files = (
			);
			runOnlyForDeploymentPostprocessing = 0;
		};
		5B9151A3F9720052068AD44D /* Sources */ = {
			isa = PBXSourcesBuildPhase;
			buildActionMask = 2147483647;
			files = (
			);
			runOnlyForDeploymentPostprocessing = 0;
		};
		6F708192A3B4C5D6E7F8091A /* Sources */ = {
			isa = PBXSourcesBuildPhase;
			buildActionMask = 2147483647;
			files = (
			);
			runOnlyForDeploymentPostprocessing = 0;
		};
		A1B2C3D4E5F6A7B8C9D0E1F5 /* Sources */ = {
			isa = PBXSourcesBuildPhase;
			buildActionMask = 2147483647;
			files = (
			);
			runOnlyForDeploymentPostprocessing = 0;
		};
		B1C2D3E4F5A6B7C8D9E0F1A5 /* Sources */ = {
			isa = PBXSourcesBuildPhase;
			buildActionMask = 2147483647;
			files = (
			);
			runOnlyForDeploymentPostprocessing = 0;
		};
		C1D2E3F4A5B6C7D8E9F0A1B5 /* Sources */ = {
			isa = PBXSourcesBuildPhase;
			buildActionMask = 2147483647;
			files = (
			);
			runOnlyForDeploymentPostprocessing = 0;
		};
		D1B2C3D4E5F60718293A4B5E /* Sources */ = {
			isa = PBXSourcesBuildPhase;
			buildActionMask = 2147483647;
			files = (
			);
			runOnlyForDeploymentPostprocessing = 0;
		};
		D1E2F3A4B5C6D7E8F9A0B1C5 /* Sources */ = {
			isa = PBXSourcesBuildPhase;
			buildActionMask = 2147483647;
			files = (
			);
			runOnlyForDeploymentPostprocessing = 0;
		};
/* End PBXSourcesBuildPhase section */

/* Begin PBXTargetDependency section */
		042F99142EC8990C006D4CDE /* PBXTargetDependency */ = {
			isa = PBXTargetDependency;
			target = 042F99002EC8990B006D4CDE /* Hypnograph */;
			targetProxy = 042F99132EC8990C006D4CDE /* PBXContainerItemProxy */;
		};
		042F991E2EC8990C006D4CDE /* PBXTargetDependency */ = {
			isa = PBXTargetDependency;
			target = 042F99002EC8990B006D4CDE /* Hypnograph */;
			targetProxy = 042F991D2EC8990C006D4CDE /* PBXContainerItemProxy */;
		};
		04302B432F00E924001C0F60 /* PBXTargetDependency */ = {
			isa = PBXTargetDependency;
			target = 04302B342F00E924001C0F60 /* HypnogramQuickLook */;
			targetProxy = 04302B422F00E924001C0F60 /* PBXContainerItemProxy */;
		};
		313448C8FA3055B0BE588035 /* PBXTargetDependency */ = {
			isa = PBXTargetDependency;
			target = E308118CE40F75DAAC8AFFAB /* HypnoCore */;
			targetProxy = 2584DF34F393DA72C5614C8F /* PBXContainerItemProxy */;
		};
		3C4D5E6F708192A3B4C5D6E7 /* PBXTargetDependency */ = {
			isa = PBXTargetDependency;
			target = 5E6F708192A3B4C5D6E7F809 /* HypnoUI */;
			targetProxy = 2B3C4D5E6F708192A3B4C5D6 /* PBXContainerItemProxy */;
		};
		A1B2C3D4E5F6A7B8C9D0E1FA /* PBXTargetDependency */ = {
			isa = PBXTargetDependency;
			target = E308118CE40F75DAAC8AFFAB /* HypnoCore */;
			targetProxy = A1B2C3D4E5F6A7B8C9D0E1F9 /* PBXContainerItemProxy */;
		};
		B03AFD12E053E628259C04A8 /* PBXTargetDependency */ = {
			isa = PBXTargetDependency;
			target = E308118CE40F75DAAC8AFFAB /* HypnoCore */;
			targetProxy = F6998A651CE7C3DB43E98E0D /* PBXContainerItemProxy */;
		};
		B1C2D3E4F5A6B7C8D9E0F1AD /* PBXTargetDependency */ = {
			isa = PBXTargetDependency;
			target = E308118CE40F75DAAC8AFFAB /* HypnoCore */;
			targetProxy = B1C2D3E4F5A6B7C8D9E0F1AB /* PBXContainerItemProxy */;
		};
		C1D2E3F4A5B6C7D8E9F0A1C0 /* PBXTargetDependency */ = {
			isa = PBXTargetDependency;
			target = E308118CE40F75DAAC8AFFAB /* HypnoCore */;
			targetProxy = C1D2E3F4A5B6C7D8E9F0A1BD /* PBXContainerItemProxy */;
		};
		D1B2C3D4E5F60718293A4B80 /* PBXTargetDependency */ = {
			isa = PBXTargetDependency;
			target = E308118CE40F75DAAC8AFFAB /* HypnoCore */;
			targetProxy = D1B2C3D4E5F60718293A4B90 /* PBXContainerItemProxy */;
		};
		D1B2C3D4E5F60718293A4B84 /* PBXTargetDependency */ = {
			isa = PBXTargetDependency;
			target = 5E6F708192A3B4C5D6E7F809 /* HypnoUI */;
			targetProxy = D1B2C3D4E5F60718293A4B94 /* PBXContainerItemProxy */;
		};
		D1E2F3A4B5C6D7E8F9A0B1CE /* PBXTargetDependency */ = {
			isa = PBXTargetDependency;
			target = E308118CE40F75DAAC8AFFAB /* HypnoCore */;
			targetProxy = D1E2F3A4B5C6D7E8F9A0B1CB /* PBXContainerItemProxy */;
		};
		D1E2F3A4B5C6D7E8F9A0B1D0 /* PBXTargetDependency */ = {
			isa = PBXTargetDependency;
			target = 04302B342F00E924001C0F60 /* HypnogramQuickLook */;
			targetProxy = D1E2F3A4B5C6D7E8F9A0B1CD /* PBXContainerItemProxy */;
		};
/* End PBXTargetDependency section */

/* Begin XCBuildConfiguration section */
		042F99242EC8990C006D4CDE /* Debug */ = {
			isa = XCBuildConfiguration;
			buildSettings = {
				ALWAYS_SEARCH_USER_PATHS = NO;
				ASSETCATALOG_COMPILER_GENERATE_SWIFT_ASSET_SYMBOL_EXTENSIONS = YES;
				CLANG_ANALYZER_NONNULL = YES;
				CLANG_ANALYZER_NUMBER_OBJECT_CONVERSION = YES_AGGRESSIVE;
				CLANG_CXX_LANGUAGE_STANDARD = "gnu++20";
				CLANG_ENABLE_MODULES = YES;
				CLANG_ENABLE_OBJC_ARC = YES;
				CLANG_ENABLE_OBJC_WEAK = YES;
				CLANG_WARN_BLOCK_CAPTURE_AUTORELEASING = YES;
				CLANG_WARN_BOOL_CONVERSION = YES;
				CLANG_WARN_COMMA = YES;
				CLANG_WARN_CONSTANT_CONVERSION = YES;
				CLANG_WARN_DEPRECATED_OBJC_IMPLEMENTATIONS = YES;
				CLANG_WARN_DIRECT_OBJC_ISA_USAGE = YES_ERROR;
				CLANG_WARN_DOCUMENTATION_COMMENTS = YES;
				CLANG_WARN_EMPTY_BODY = YES;
				CLANG_WARN_ENUM_CONVERSION = YES;
				CLANG_WARN_INFINITE_RECURSION = YES;
				CLANG_WARN_INT_CONVERSION = YES;
				CLANG_WARN_NON_LITERAL_NULL_CONVERSION = YES;
				CLANG_WARN_OBJC_IMPLICIT_RETAIN_SELF = YES;
				CLANG_WARN_OBJC_LITERAL_CONVERSION = YES;
				CLANG_WARN_OBJC_ROOT_CLASS = YES_ERROR;
				CLANG_WARN_QUOTED_INCLUDE_IN_FRAMEWORK_HEADER = YES;
				CLANG_WARN_RANGE_LOOP_ANALYSIS = YES;
				CLANG_WARN_STRICT_PROTOTYPES = YES;
				CLANG_WARN_SUSPICIOUS_MOVE = YES;
				CLANG_WARN_UNGUARDED_AVAILABILITY = YES_AGGRESSIVE;
				CLANG_WARN_UNREACHABLE_CODE = YES;
				CLANG_WARN__DUPLICATE_METHOD_MATCH = YES;
				COPY_PHASE_STRIP = NO;
				DEBUG_INFORMATION_FORMAT = dwarf;
				ENABLE_STRICT_OBJC_MSGSEND = YES;
				ENABLE_TESTABILITY = YES;
				ENABLE_USER_SCRIPT_SANDBOXING = YES;
				GCC_C_LANGUAGE_STANDARD = gnu17;
				GCC_DYNAMIC_NO_PIC = NO;
				GCC_NO_COMMON_BLOCKS = YES;
				GCC_OPTIMIZATION_LEVEL = 0;
				GCC_PREPROCESSOR_DEFINITIONS = (
					"DEBUG=1",
					"$(inherited)",
				);
				GCC_WARN_64_TO_32_BIT_CONVERSION = YES;
				GCC_WARN_ABOUT_RETURN_TYPE = YES_ERROR;
				GCC_WARN_UNDECLARED_SELECTOR = YES;
				GCC_WARN_UNINITIALIZED_AUTOS = YES_AGGRESSIVE;
				GCC_WARN_UNUSED_FUNCTION = YES;
				GCC_WARN_UNUSED_VARIABLE = YES;
				LOCALIZATION_PREFERS_STRING_CATALOGS = YES;
				MACOSX_DEPLOYMENT_TARGET = 15.2;
				MTL_ENABLE_DEBUG_INFO = INCLUDE_SOURCE;
				MTL_FAST_MATH = YES;
				ONLY_ACTIVE_ARCH = YES;
				SDKROOT = macosx;
				SWIFT_ACTIVE_COMPILATION_CONDITIONS = "DEBUG $(inherited)";
				SWIFT_OPTIMIZATION_LEVEL = "-Onone";
			};
			name = Debug;
		};
		042F99252EC8990C006D4CDE /* Release */ = {
			isa = XCBuildConfiguration;
			buildSettings = {
				ALWAYS_SEARCH_USER_PATHS = NO;
				ASSETCATALOG_COMPILER_GENERATE_SWIFT_ASSET_SYMBOL_EXTENSIONS = YES;
				CLANG_ANALYZER_NONNULL = YES;
				CLANG_ANALYZER_NUMBER_OBJECT_CONVERSION = YES_AGGRESSIVE;
				CLANG_CXX_LANGUAGE_STANDARD = "gnu++20";
				CLANG_ENABLE_MODULES = YES;
				CLANG_ENABLE_OBJC_ARC = YES;
				CLANG_ENABLE_OBJC_WEAK = YES;
				CLANG_WARN_BLOCK_CAPTURE_AUTORELEASING = YES;
				CLANG_WARN_BOOL_CONVERSION = YES;
				CLANG_WARN_COMMA = YES;
				CLANG_WARN_CONSTANT_CONVERSION = YES;
				CLANG_WARN_DEPRECATED_OBJC_IMPLEMENTATIONS = YES;
				CLANG_WARN_DIRECT_OBJC_ISA_USAGE = YES_ERROR;
				CLANG_WARN_DOCUMENTATION_COMMENTS = YES;
				CLANG_WARN_EMPTY_BODY = YES;
				CLANG_WARN_ENUM_CONVERSION = YES;
				CLANG_WARN_INFINITE_RECURSION = YES;
				CLANG_WARN_INT_CONVERSION = YES;
				CLANG_WARN_NON_LITERAL_NULL_CONVERSION = YES;
				CLANG_WARN_OBJC_IMPLICIT_RETAIN_SELF = YES;
				CLANG_WARN_OBJC_LITERAL_CONVERSION = YES;
				CLANG_WARN_OBJC_ROOT_CLASS = YES_ERROR;
				CLANG_WARN_QUOTED_INCLUDE_IN_FRAMEWORK_HEADER = YES;
				CLANG_WARN_RANGE_LOOP_ANALYSIS = YES;
				CLANG_WARN_STRICT_PROTOTYPES = YES;
				CLANG_WARN_SUSPICIOUS_MOVE = YES;
				CLANG_WARN_UNGUARDED_AVAILABILITY = YES_AGGRESSIVE;
				CLANG_WARN_UNREACHABLE_CODE = YES;
				CLANG_WARN__DUPLICATE_METHOD_MATCH = YES;
				COPY_PHASE_STRIP = NO;
				DEBUG_INFORMATION_FORMAT = "dwarf-with-dsym";
				ENABLE_NS_ASSERTIONS = NO;
				ENABLE_STRICT_OBJC_MSGSEND = YES;
				ENABLE_USER_SCRIPT_SANDBOXING = YES;
				GCC_C_LANGUAGE_STANDARD = gnu17;
				GCC_NO_COMMON_BLOCKS = YES;
				GCC_WARN_64_TO_32_BIT_CONVERSION = YES;
				GCC_WARN_ABOUT_RETURN_TYPE = YES_ERROR;
				GCC_WARN_UNDECLARED_SELECTOR = YES;
				GCC_WARN_UNINITIALIZED_AUTOS = YES_AGGRESSIVE;
				GCC_WARN_UNUSED_FUNCTION = YES;
				GCC_WARN_UNUSED_VARIABLE = YES;
				LOCALIZATION_PREFERS_STRING_CATALOGS = YES;
				MACOSX_DEPLOYMENT_TARGET = 15.2;
				MTL_ENABLE_DEBUG_INFO = NO;
				MTL_FAST_MATH = YES;
				SDKROOT = macosx;
				SWIFT_COMPILATION_MODE = wholemodule;
			};
			name = Release;
		};
		042F99272EC8990C006D4CDE /* Debug */ = {
			isa = XCBuildConfiguration;
			buildSettings = {
				ASSETCATALOG_COMPILER_APPICON_NAME = AppIcon;
				ASSETCATALOG_COMPILER_GLOBAL_ACCENT_COLOR_NAME = AccentColor;
				ASSETCATALOG_COMPILER_INCLUDE_ALL_APPICON_ASSETS = YES;
				CODE_SIGN_ENTITLEMENTS = Hypnograph/Hypnograph.entitlements;
				CODE_SIGN_STYLE = Automatic;
				COMBINE_HIDPI_IMAGES = YES;
				CURRENT_PROJECT_VERSION = 2;
				DEVELOPMENT_ASSET_PATHS = "\"Hypnograph/Preview Content\"";
				DEVELOPMENT_TEAM = 6A74MR47VX;
				ENABLE_HARDENED_RUNTIME = YES;
				ENABLE_PREVIEWS = YES;
				GENERATE_INFOPLIST_FILE = YES;
				INFOPLIST_FILE = Hypnograph/Info.plist;
				INFOPLIST_KEY_NSHumanReadableCopyright = "";
				INFOPLIST_KEY_NSPhotoLibraryUsageDescription = "In order to create Hypnograms from your photos library you need to allow access, you can choose not to and only use files.";
				LD_RUNPATH_SEARCH_PATHS = (
					"$(inherited)",
					"@executable_path/../Frameworks",
				);
				MARKETING_VERSION = 0.2;
				PRODUCT_BUNDLE_IDENTIFIER = lorenjohnson.Hypnograph;
				PRODUCT_NAME = "$(TARGET_NAME)";
				SWIFT_EMIT_LOC_STRINGS = YES;
				SWIFT_VERSION = 5.0;
			};
			name = Debug;
		};
		042F99282EC8990C006D4CDE /* Release */ = {
			isa = XCBuildConfiguration;
			buildSettings = {
				ASSETCATALOG_COMPILER_APPICON_NAME = AppIcon;
				ASSETCATALOG_COMPILER_GLOBAL_ACCENT_COLOR_NAME = AccentColor;
				ASSETCATALOG_COMPILER_INCLUDE_ALL_APPICON_ASSETS = YES;
				CODE_SIGN_ENTITLEMENTS = Hypnograph/Hypnograph.entitlements;
				CODE_SIGN_STYLE = Automatic;
				COMBINE_HIDPI_IMAGES = YES;
				CURRENT_PROJECT_VERSION = 2;
				DEVELOPMENT_ASSET_PATHS = "\"Hypnograph/Preview Content\"";
				DEVELOPMENT_TEAM = 6A74MR47VX;
				ENABLE_HARDENED_RUNTIME = YES;
				ENABLE_PREVIEWS = YES;
				GENERATE_INFOPLIST_FILE = YES;
				INFOPLIST_FILE = Hypnograph/Info.plist;
				INFOPLIST_KEY_NSHumanReadableCopyright = "";
				INFOPLIST_KEY_NSPhotoLibraryUsageDescription = "In order to create Hypnograms from your photos library you need to allow access, you can choose not to and only use files.";
				LD_RUNPATH_SEARCH_PATHS = (
					"$(inherited)",
					"@executable_path/../Frameworks",
				);
				MARKETING_VERSION = 0.2;
				PRODUCT_BUNDLE_IDENTIFIER = lorenjohnson.Hypnograph;
				PRODUCT_NAME = "$(TARGET_NAME)";
				SWIFT_EMIT_LOC_STRINGS = YES;
				SWIFT_VERSION = 5.0;
			};
			name = Release;
		};
		042F992A2EC8990C006D4CDE /* Debug */ = {
			isa = XCBuildConfiguration;
			buildSettings = {
				BUNDLE_LOADER = "$(TEST_HOST)";
				CODE_SIGN_STYLE = Automatic;
				CURRENT_PROJECT_VERSION = 2;
				DEVELOPMENT_TEAM = 6A74MR47VX;
				GENERATE_INFOPLIST_FILE = YES;
				MACOSX_DEPLOYMENT_TARGET = 15.2;
				MARKETING_VERSION = 0.2;
				PRODUCT_BUNDLE_IDENTIFIER = lorenjohnson.HypnographTests;
				PRODUCT_NAME = "$(TARGET_NAME)";
				SWIFT_EMIT_LOC_STRINGS = NO;
				SWIFT_VERSION = 5.0;
				TEST_HOST = "$(BUILT_PRODUCTS_DIR)/Hypnograph.app/$(BUNDLE_EXECUTABLE_FOLDER_PATH)/Hypnograph";
			};
			name = Debug;
		};
		042F992B2EC8990C006D4CDE /* Release */ = {
			isa = XCBuildConfiguration;
			buildSettings = {
				BUNDLE_LOADER = "$(TEST_HOST)";
				CODE_SIGN_STYLE = Automatic;
				CURRENT_PROJECT_VERSION = 2;
				DEVELOPMENT_TEAM = 6A74MR47VX;
				GENERATE_INFOPLIST_FILE = YES;
				MACOSX_DEPLOYMENT_TARGET = 15.2;
				MARKETING_VERSION = 0.2;
				PRODUCT_BUNDLE_IDENTIFIER = lorenjohnson.HypnographTests;
				PRODUCT_NAME = "$(TARGET_NAME)";
				SWIFT_EMIT_LOC_STRINGS = NO;
				SWIFT_VERSION = 5.0;
				TEST_HOST = "$(BUILT_PRODUCTS_DIR)/Hypnograph.app/$(BUNDLE_EXECUTABLE_FOLDER_PATH)/Hypnograph";
			};
			name = Release;
		};
		042F992D2EC8990C006D4CDE /* Debug */ = {
			isa = XCBuildConfiguration;
			buildSettings = {
				CODE_SIGN_STYLE = Automatic;
				CURRENT_PROJECT_VERSION = 2;
				DEVELOPMENT_TEAM = 6A74MR47VX;
				GENERATE_INFOPLIST_FILE = YES;
				MARKETING_VERSION = 0.2;
				PRODUCT_BUNDLE_IDENTIFIER = lorenjohnson.HypnographUITests;
				PRODUCT_NAME = "$(TARGET_NAME)";
				SWIFT_EMIT_LOC_STRINGS = NO;
				SWIFT_VERSION = 5.0;
				TEST_TARGET_NAME = Hypnograph;
			};
			name = Debug;
		};
		042F992E2EC8990C006D4CDE /* Release */ = {
			isa = XCBuildConfiguration;
			buildSettings = {
				CODE_SIGN_STYLE = Automatic;
				CURRENT_PROJECT_VERSION = 2;
				DEVELOPMENT_TEAM = 6A74MR47VX;
				GENERATE_INFOPLIST_FILE = YES;
				MARKETING_VERSION = 0.2;
				PRODUCT_BUNDLE_IDENTIFIER = lorenjohnson.HypnographUITests;
				PRODUCT_NAME = "$(TARGET_NAME)";
				SWIFT_EMIT_LOC_STRINGS = NO;
				SWIFT_VERSION = 5.0;
				TEST_TARGET_NAME = Hypnograph;
			};
			name = Release;
		};
		04302B462F00E924001C0F60 /* Debug */ = {
			isa = XCBuildConfiguration;
			buildSettings = {
				CODE_SIGN_ENTITLEMENTS = HypnogramQuickLook/HypnogramQuickLook.entitlements;
				CODE_SIGN_STYLE = Automatic;
				CURRENT_PROJECT_VERSION = 2;
				DEVELOPMENT_TEAM = 6A74MR47VX;
				ENABLE_APP_SANDBOX = YES;
				ENABLE_HARDENED_RUNTIME = YES;
				ENABLE_USER_SELECTED_FILES = readonly;
				GENERATE_INFOPLIST_FILE = YES;
				INFOPLIST_FILE = HypnogramQuickLook/Info.plist;
				INFOPLIST_KEY_CFBundleDisplayName = HypnogramQuickLook;
				INFOPLIST_KEY_NSHumanReadableCopyright = "";
				LD_RUNPATH_SEARCH_PATHS = (
					"$(inherited)",
					"@executable_path/../Frameworks",
					"@executable_path/../../../../Frameworks",
				);
				MACOSX_DEPLOYMENT_TARGET = 15.7;
				MARKETING_VERSION = 0.2;
				PRODUCT_BUNDLE_IDENTIFIER = lorenjohnson.Hypnograph.HypnogramQuickLook;
				PRODUCT_NAME = "$(TARGET_NAME)";
				SKIP_INSTALL = YES;
				STRING_CATALOG_GENERATE_SYMBOLS = YES;
				SWIFT_APPROACHABLE_CONCURRENCY = YES;
				SWIFT_EMIT_LOC_STRINGS = YES;
				SWIFT_UPCOMING_FEATURE_MEMBER_IMPORT_VISIBILITY = YES;
				SWIFT_VERSION = 5.0;
			};
			name = Debug;
		};
		04302B472F00E924001C0F60 /* Release */ = {
			isa = XCBuildConfiguration;
			buildSettings = {
				CODE_SIGN_ENTITLEMENTS = HypnogramQuickLook/HypnogramQuickLook.entitlements;
				CODE_SIGN_STYLE = Automatic;
				CURRENT_PROJECT_VERSION = 2;
				DEVELOPMENT_TEAM = 6A74MR47VX;
				ENABLE_APP_SANDBOX = YES;
				ENABLE_HARDENED_RUNTIME = YES;
				ENABLE_USER_SELECTED_FILES = readonly;
				GENERATE_INFOPLIST_FILE = YES;
				INFOPLIST_FILE = HypnogramQuickLook/Info.plist;
				INFOPLIST_KEY_CFBundleDisplayName = HypnogramQuickLook;
				INFOPLIST_KEY_NSHumanReadableCopyright = "";
				LD_RUNPATH_SEARCH_PATHS = (
					"$(inherited)",
					"@executable_path/../Frameworks",
					"@executable_path/../../../../Frameworks",
				);
				MACOSX_DEPLOYMENT_TARGET = 15.7;
				MARKETING_VERSION = 0.2;
				PRODUCT_BUNDLE_IDENTIFIER = lorenjohnson.Hypnograph.HypnogramQuickLook;
				PRODUCT_NAME = "$(TARGET_NAME)";
				SKIP_INSTALL = YES;
				STRING_CATALOG_GENERATE_SYMBOLS = YES;
				SWIFT_APPROACHABLE_CONCURRENCY = YES;
				SWIFT_EMIT_LOC_STRINGS = YES;
				SWIFT_UPCOMING_FEATURE_MEMBER_IMPORT_VISIBILITY = YES;
				SWIFT_VERSION = 5.0;
			};
			name = Release;
		};
		670BB02F33C293971AEE3E28 /* Release */ = {
			isa = XCBuildConfiguration;
			buildSettings = {
				CODE_SIGN_STYLE = Automatic;
				CURRENT_PROJECT_VERSION = 2;
				DEFINES_MODULE = YES;
				DEVELOPMENT_TEAM = 6A74MR47VX;
				GENERATE_INFOPLIST_FILE = YES;
				MACOSX_DEPLOYMENT_TARGET = 15.2;
				MARKETING_VERSION = 0.2;
				PRODUCT_BUNDLE_IDENTIFIER = lorenjohnson.HypnoCore;
				PRODUCT_NAME = "$(TARGET_NAME)";
				SKIP_INSTALL = YES;
				SWIFT_VERSION = 5.0;
			};
			name = Release;
		};
		A1B2C3D4E5F6A7B8C9D0E1FB /* Debug */ = {
			isa = XCBuildConfiguration;
			buildSettings = {
				CODE_SIGN_STYLE = Automatic;
				CURRENT_PROJECT_VERSION = 2;
				DEVELOPMENT_TEAM = 6A74MR47VX;
				GENERATE_INFOPLIST_FILE = YES;
				MACOSX_DEPLOYMENT_TARGET = 15.2;
				MARKETING_VERSION = 0.2;
				PRODUCT_BUNDLE_IDENTIFIER = lorenjohnson.HypnoCoreTests;
				PRODUCT_NAME = "$(TARGET_NAME)";
				SWIFT_EMIT_LOC_STRINGS = NO;
				SWIFT_VERSION = 5.0;
			};
			name = Debug;
		};
		A1B2C3D4E5F6A7B8C9D0E1FC /* Release */ = {
			isa = XCBuildConfiguration;
			buildSettings = {
				CODE_SIGN_STYLE = Automatic;
				CURRENT_PROJECT_VERSION = 2;
				DEVELOPMENT_TEAM = 6A74MR47VX;
				GENERATE_INFOPLIST_FILE = YES;
				MACOSX_DEPLOYMENT_TARGET = 15.2;
				MARKETING_VERSION = 0.2;
				PRODUCT_BUNDLE_IDENTIFIER = lorenjohnson.HypnoCoreTests;
				PRODUCT_NAME = "$(TARGET_NAME)";
				SWIFT_EMIT_LOC_STRINGS = NO;
				SWIFT_VERSION = 5.0;
			};
			name = Release;
		};
		A3B4C5D6E7F8091A2B3C4D5E /* Debug */ = {
			isa = XCBuildConfiguration;
			buildSettings = {
				CODE_SIGN_STYLE = Automatic;
				CURRENT_PROJECT_VERSION = 2;
				DEFINES_MODULE = YES;
				DEVELOPMENT_TEAM = 6A74MR47VX;
				GENERATE_INFOPLIST_FILE = YES;
				MACOSX_DEPLOYMENT_TARGET = 15.2;
				MARKETING_VERSION = 0.2;
				PRODUCT_BUNDLE_IDENTIFIER = lorenjohnson.HypnoUI;
				PRODUCT_NAME = "$(TARGET_NAME)";
				SKIP_INSTALL = YES;
				SWIFT_VERSION = 5.0;
			};
			name = Debug;
		};
		B1C2D3E4F5A6B7C8D9E0F1AE /* Debug */ = {
			isa = XCBuildConfiguration;
			buildSettings = {
				CODE_SIGN_STYLE = Automatic;
				CURRENT_PROJECT_VERSION = 2;
				DEVELOPMENT_TEAM = 6A74MR47VX;
				GENERATE_INFOPLIST_FILE = YES;
				MACOSX_DEPLOYMENT_TARGET = 15.2;
				MARKETING_VERSION = 0.2;
				PRODUCT_BUNDLE_IDENTIFIER = lorenjohnson.HypnoEffectsTests;
				PRODUCT_NAME = "$(TARGET_NAME)";
				SWIFT_EMIT_LOC_STRINGS = NO;
				SWIFT_VERSION = 5.0;
			};
			name = Debug;
		};
		B1C2D3E4F5A6B7C8D9E0F1AF /* Release */ = {
			isa = XCBuildConfiguration;
			buildSettings = {
				CODE_SIGN_STYLE = Automatic;
				CURRENT_PROJECT_VERSION = 2;
				DEVELOPMENT_TEAM = 6A74MR47VX;
				GENERATE_INFOPLIST_FILE = YES;
				MACOSX_DEPLOYMENT_TARGET = 15.2;
				MARKETING_VERSION = 0.2;
				PRODUCT_BUNDLE_IDENTIFIER = lorenjohnson.HypnoEffectsTests;
				PRODUCT_NAME = "$(TARGET_NAME)";
				SWIFT_EMIT_LOC_STRINGS = NO;
				SWIFT_VERSION = 5.0;
			};
			name = Release;
		};
		B3DEDE98A9F6E414EF392594 /* Debug */ = {
			isa = XCBuildConfiguration;
			buildSettings = {
				CODE_SIGN_STYLE = Automatic;
				CURRENT_PROJECT_VERSION = 2;
				DEFINES_MODULE = YES;
				DEVELOPMENT_TEAM = 6A74MR47VX;
				GENERATE_INFOPLIST_FILE = YES;
				MACOSX_DEPLOYMENT_TARGET = 15.2;
				MARKETING_VERSION = 0.2;
				PRODUCT_BUNDLE_IDENTIFIER = lorenjohnson.HypnoCore;
				PRODUCT_NAME = "$(TARGET_NAME)";
				SKIP_INSTALL = YES;
				SWIFT_VERSION = 5.0;
			};
			name = Debug;
		};
		B4C5D6E7F8091A2B3C4D5E6F /* Release */ = {
			isa = XCBuildConfiguration;
			buildSettings = {
				CODE_SIGN_STYLE = Automatic;
				CURRENT_PROJECT_VERSION = 2;
				DEFINES_MODULE = YES;
				DEVELOPMENT_TEAM = 6A74MR47VX;
				GENERATE_INFOPLIST_FILE = YES;
				MACOSX_DEPLOYMENT_TARGET = 15.2;
				MARKETING_VERSION = 0.2;
				PRODUCT_BUNDLE_IDENTIFIER = lorenjohnson.HypnoUI;
				PRODUCT_NAME = "$(TARGET_NAME)";
				SKIP_INSTALL = YES;
				SWIFT_VERSION = 5.0;
			};
			name = Release;
		};
		C1D2E3F4A5B6C7D8E9F0A1C1 /* Debug */ = {
			isa = XCBuildConfiguration;
			buildSettings = {
				CODE_SIGN_STYLE = Automatic;
				CURRENT_PROJECT_VERSION = 2;
				DEVELOPMENT_TEAM = 6A74MR47VX;
				GENERATE_INFOPLIST_FILE = YES;
				MACOSX_DEPLOYMENT_TARGET = 15.2;
				MARKETING_VERSION = 0.2;
				PRODUCT_BUNDLE_IDENTIFIER = lorenjohnson.HypnoRendererTests;
				PRODUCT_NAME = "$(TARGET_NAME)";
				SWIFT_EMIT_LOC_STRINGS = NO;
				SWIFT_VERSION = 5.0;
			};
			name = Debug;
		};
		C1D2E3F4A5B6C7D8E9F0A1C2 /* Release */ = {
			isa = XCBuildConfiguration;
			buildSettings = {
				CODE_SIGN_STYLE = Automatic;
				CURRENT_PROJECT_VERSION = 2;
				DEVELOPMENT_TEAM = 6A74MR47VX;
				GENERATE_INFOPLIST_FILE = YES;
				MACOSX_DEPLOYMENT_TARGET = 15.2;
				MARKETING_VERSION = 0.2;
				PRODUCT_BUNDLE_IDENTIFIER = lorenjohnson.HypnoRendererTests;
				PRODUCT_NAME = "$(TARGET_NAME)";
				SWIFT_EMIT_LOC_STRINGS = NO;
				SWIFT_VERSION = 5.0;
			};
			name = Release;
		};
		D1B2C3D4E5F60718293A4B62 /* Debug */ = {
			isa = XCBuildConfiguration;
			buildSettings = {
				ASSETCATALOG_COMPILER_APPICON_NAME = AppIcon;
				ASSETCATALOG_COMPILER_GLOBAL_ACCENT_COLOR_NAME = AccentColor;
				ASSETCATALOG_COMPILER_INCLUDE_ALL_APPICON_ASSETS = YES;
				CODE_SIGN_ENTITLEMENTS = DivineApp/Divine.entitlements;
				CODE_SIGN_STYLE = Automatic;
				COMBINE_HIDPI_IMAGES = YES;
				CURRENT_PROJECT_VERSION = 1;
				DEVELOPMENT_ASSET_PATHS = "\"DivineApp/Preview Content\"";
				DEVELOPMENT_TEAM = 6A74MR47VX;
				ENABLE_HARDENED_RUNTIME = YES;
				ENABLE_PREVIEWS = YES;
				GENERATE_INFOPLIST_FILE = YES;
				INFOPLIST_FILE = DivineApp/Info.plist;
				INFOPLIST_KEY_NSHumanReadableCopyright = "";
				INFOPLIST_KEY_NSPhotoLibraryUsageDescription = "Divine needs access to Photos to draw cards from your library.";
				LD_RUNPATH_SEARCH_PATHS = (
					"$(inherited)",
					"@executable_path/../Frameworks",
				);
				MARKETING_VERSION = 0.1;
				PRODUCT_BUNDLE_IDENTIFIER = lorenjohnson.Divine;
				PRODUCT_NAME = "$(TARGET_NAME)";
				SWIFT_EMIT_LOC_STRINGS = YES;
				SWIFT_VERSION = 5.0;
			};
			name = Debug;
		};
		D1B2C3D4E5F60718293A4B63 /* Release */ = {
			isa = XCBuildConfiguration;
			buildSettings = {
				ASSETCATALOG_COMPILER_APPICON_NAME = AppIcon;
				ASSETCATALOG_COMPILER_GLOBAL_ACCENT_COLOR_NAME = AccentColor;
				ASSETCATALOG_COMPILER_INCLUDE_ALL_APPICON_ASSETS = YES;
				CODE_SIGN_ENTITLEMENTS = DivineApp/Divine.entitlements;
				CODE_SIGN_STYLE = Automatic;
				COMBINE_HIDPI_IMAGES = YES;
				CURRENT_PROJECT_VERSION = 1;
				DEVELOPMENT_ASSET_PATHS = "\"DivineApp/Preview Content\"";
				DEVELOPMENT_TEAM = 6A74MR47VX;
				ENABLE_HARDENED_RUNTIME = YES;
				ENABLE_PREVIEWS = YES;
				GENERATE_INFOPLIST_FILE = YES;
				INFOPLIST_FILE = DivineApp/Info.plist;
				INFOPLIST_KEY_NSHumanReadableCopyright = "";
				INFOPLIST_KEY_NSPhotoLibraryUsageDescription = "Divine needs access to Photos to draw cards from your library.";
				LD_RUNPATH_SEARCH_PATHS = (
					"$(inherited)",
					"@executable_path/../Frameworks",
				);
				MARKETING_VERSION = 0.1;
				PRODUCT_BUNDLE_IDENTIFIER = lorenjohnson.Divine;
				PRODUCT_NAME = "$(TARGET_NAME)";
				SWIFT_EMIT_LOC_STRINGS = YES;
				SWIFT_VERSION = 5.0;
			};
			name = Release;
		};
		D1E2F3A4B5C6D7E8F9A0B1C9 /* Debug */ = {
			isa = XCBuildConfiguration;
			buildSettings = {
				CODE_SIGN_STYLE = Automatic;
				CURRENT_PROJECT_VERSION = 2;
				DEVELOPMENT_TEAM = 6A74MR47VX;
				GENERATE_INFOPLIST_FILE = YES;
				MACOSX_DEPLOYMENT_TARGET = 15.2;
				MARKETING_VERSION = 0.2;
				PRODUCT_BUNDLE_IDENTIFIER = lorenjohnson.HypnogramQuickLookTests;
				PRODUCT_NAME = "$(TARGET_NAME)";
				SWIFT_EMIT_LOC_STRINGS = NO;
				SWIFT_VERSION = 5.0;
			};
			name = Debug;
		};
		D1E2F3A4B5C6D7E8F9A0B1CA /* Release */ = {
			isa = XCBuildConfiguration;
			buildSettings = {
				CODE_SIGN_STYLE = Automatic;
				CURRENT_PROJECT_VERSION = 2;
				DEVELOPMENT_TEAM = 6A74MR47VX;
				GENERATE_INFOPLIST_FILE = YES;
				MACOSX_DEPLOYMENT_TARGET = 15.2;
				MARKETING_VERSION = 0.2;
				PRODUCT_BUNDLE_IDENTIFIER = lorenjohnson.HypnogramQuickLookTests;
				PRODUCT_NAME = "$(TARGET_NAME)";
				SWIFT_EMIT_LOC_STRINGS = NO;
				SWIFT_VERSION = 5.0;
			};
			name = Release;
		};
/* End XCBuildConfiguration section */

/* Begin XCConfigurationList section */
		042F98FC2EC8990A006D4CDE /* Build configuration list for PBXProject "Hypnograph" */ = {
			isa = XCConfigurationList;
			buildConfigurations = (
				042F99242EC8990C006D4CDE /* Debug */,
				042F99252EC8990C006D4CDE /* Release */,
			);
			defaultConfigurationIsVisible = 0;
			defaultConfigurationName = Release;
		};
		042F99262EC8990C006D4CDE /* Build configuration list for PBXNativeTarget "Hypnograph" */ = {
			isa = XCConfigurationList;
			buildConfigurations = (
				042F99272EC8990C006D4CDE /* Debug */,
				042F99282EC8990C006D4CDE /* Release */,
			);
			defaultConfigurationIsVisible = 0;
			defaultConfigurationName = Release;
		};
		042F99292EC8990C006D4CDE /* Build configuration list for PBXNativeTarget "HypnographTests" */ = {
			isa = XCConfigurationList;
			buildConfigurations = (
				042F992A2EC8990C006D4CDE /* Debug */,
				042F992B2EC8990C006D4CDE /* Release */,
			);
			defaultConfigurationIsVisible = 0;
			defaultConfigurationName = Release;
		};
		042F992C2EC8990C006D4CDE /* Build configuration list for PBXNativeTarget "HypnographUITests" */ = {
			isa = XCConfigurationList;
			buildConfigurations = (
				042F992D2EC8990C006D4CDE /* Debug */,
				042F992E2EC8990C006D4CDE /* Release */,
			);
			defaultConfigurationIsVisible = 0;
			defaultConfigurationName = Release;
		};
		04302B492F00E924001C0F60 /* Build configuration list for PBXNativeTarget "HypnogramQuickLook" */ = {
			isa = XCConfigurationList;
			buildConfigurations = (
				04302B462F00E924001C0F60 /* Debug */,
				04302B472F00E924001C0F60 /* Release */,
			);
			defaultConfigurationIsVisible = 0;
			defaultConfigurationName = Release;
		};
		92A3B4C5D6E7F8091A2B3C4D /* Build configuration list for PBXNativeTarget "HypnoUI" */ = {
			isa = XCConfigurationList;
			buildConfigurations = (
				A3B4C5D6E7F8091A2B3C4D5E /* Debug */,
				B4C5D6E7F8091A2B3C4D5E6F /* Release */,
			);
			defaultConfigurationIsVisible = 0;
			defaultConfigurationName = Release;
		};
		A1B2C3D4E5F6A7B8C9D0E1FD /* Build configuration list for PBXNativeTarget "HypnoCoreTests" */ = {
			isa = XCConfigurationList;
			buildConfigurations = (
				A1B2C3D4E5F6A7B8C9D0E1FB /* Debug */,
				A1B2C3D4E5F6A7B8C9D0E1FC /* Release */,
			);
			defaultConfigurationIsVisible = 0;
			defaultConfigurationName = Release;
		};
		B1C2D3E4F5A6B7C8D9E0F1B0 /* Build configuration list for PBXNativeTarget "HypnoEffectsTests" */ = {
			isa = XCConfigurationList;
			buildConfigurations = (
				B1C2D3E4F5A6B7C8D9E0F1AE /* Debug */,
				B1C2D3E4F5A6B7C8D9E0F1AF /* Release */,
			);
			defaultConfigurationIsVisible = 0;
			defaultConfigurationName = Release;
		};
		C1D2E3F4A5B6C7D8E9F0A1C3 /* Build configuration list for PBXNativeTarget "HypnoRendererTests" */ = {
			isa = XCConfigurationList;
			buildConfigurations = (
				C1D2E3F4A5B6C7D8E9F0A1C1 /* Debug */,
				C1D2E3F4A5B6C7D8E9F0A1C2 /* Release */,
			);
			defaultConfigurationIsVisible = 0;
			defaultConfigurationName = Release;
		};
		D1B2C3D4E5F60718293A4B61 /* Build configuration list for PBXNativeTarget "Divine" */ = {
			isa = XCConfigurationList;
			buildConfigurations = (
				D1B2C3D4E5F60718293A4B62 /* Debug */,
				D1B2C3D4E5F60718293A4B63 /* Release */,
			);
			defaultConfigurationIsVisible = 0;
			defaultConfigurationName = Release;
		};
		D1E2F3A4B5C6D7E8F9A0B1C8 /* Build configuration list for PBXNativeTarget "HypnogramQuickLookTests" */ = {
			isa = XCConfigurationList;
			buildConfigurations = (
				D1E2F3A4B5C6D7E8F9A0B1C9 /* Debug */,
				D1E2F3A4B5C6D7E8F9A0B1CA /* Release */,
			);
			defaultConfigurationIsVisible = 0;
			defaultConfigurationName = Release;
		};
		F9CA0C79C80E16E02BAB23DE /* Build configuration list for PBXNativeTarget "HypnoCore" */ = {
			isa = XCConfigurationList;
			buildConfigurations = (
				B3DEDE98A9F6E414EF392594 /* Debug */,
				670BB02F33C293971AEE3E28 /* Release */,
			);
			defaultConfigurationIsVisible = 0;
			defaultConfigurationName = Release;
		};
/* End XCConfigurationList section */
	};
	rootObject = 042F98F92EC8990A006D4CDE /* Project object */;
}
