// !$*UTF8*$!
{
	archiveVersion = 1;
	classes = {
	};
	objectVersion = 77;
	objects = {

/* Begin PBXContainerItemProxy section */
		042F99132EC8990C006D4CDE /* PBXContainerItemProxy */ = {
			isa = PBXContainerItemProxy;
			containerPortal = 042F98F92EC8990A006D4CDE /* Project object */;
			proxyType = 1;
			remoteGlobalIDString = 042F99002EC8990B006D4CDE;
			remoteInfo = Hypnograph;
		};
		042F991D2EC8990C006D4CDE /* PBXContainerItemProxy */ = {
			isa = PBXContainerItemProxy;
			containerPortal = 042F98F92EC8990A006D4CDE /* Project object */;
			proxyType = 1;
			remoteGlobalIDString = 042F99002EC8990B006D4CDE;
			remoteInfo = Hypnograph;
		};
/* End PBXContainerItemProxy section */

/* Begin PBXFileReference section */
		042F99012EC8990B006D4CDE /* Hypnograph.app */ = {isa = PBXFileReference; explicitFileType = wrapper.application; includeInIndex = 0; path = Hypnograph.app; sourceTree = BUILT_PRODUCTS_DIR; };
		042F99122EC8990C006D4CDE /* HypnographTests.xctest */ = {isa = PBXFileReference; explicitFileType = wrapper.cfbundle; includeInIndex = 0; path = HypnographTests.xctest; sourceTree = BUILT_PRODUCTS_DIR; };
		042F991C2EC8990C006D4CDE /* HypnographUITests.xctest */ = {isa = PBXFileReference; explicitFileType = wrapper.cfbundle; includeInIndex = 0; path = HypnographUITests.xctest; sourceTree = BUILT_PRODUCTS_DIR; };
/* End PBXFileReference section */

/* Begin PBXFileSystemSynchronizedRootGroup section */
		042F99032EC8990B006D4CDE /* Hypnograph */ = {
			isa = PBXFileSystemSynchronizedRootGroup;
			path = Hypnograph;
			sourceTree = "<group>";
		};
		042F99152EC8990C006D4CDE /* HypnographTests */ = {
			isa = PBXFileSystemSynchronizedRootGroup;
			path = HypnographTests;
			sourceTree = "<group>";
		};
		042F991F2EC8990C006D4CDE /* HypnographUITests */ = {
			isa = PBXFileSystemSynchronizedRootGroup;
			path = HypnographUITests;
			sourceTree = "<group>";
		};
/* End PBXFileSystemSynchronizedRootGroup section */

/* Begin PBXFrameworksBuildPhase section */
		042F98FE2EC8990B006D4CDE /* Frameworks */ = {
			isa = PBXFrameworksBuildPhase;
			buildActionMask = 2147483647;
			files = (
			);
			runOnlyForDeploymentPostprocessing = 0;
		};
		042F990F2EC8990C006D4CDE /* Frameworks */ = {
			isa = PBXFrameworksBuildPhase;
			buildActionMask = 2147483647;
			files = (
			);
			runOnlyForDeploymentPostprocessing = 0;
		};
		042F99192EC8990C006D4CDE /* Frameworks */ = {
			isa = PBXFrameworksBuildPhase;
			buildActionMask = 2147483647;
			files = (
			);
			runOnlyForDeploymentPostprocessing = 0;
		};
/* End PBXFrameworksBuildPhase section */

/* Begin PBXGroup section */
		042F98F82EC8990A006D4CDE = {
			isa = PBXGroup;
			children = (
				042F99032EC8990B006D4CDE /* Hypnograph */,
				042F99152EC8990C006D4CDE /* HypnographTests */,
				042F991F2EC8990C006D4CDE /* HypnographUITests */,
				042F99022EC8990B006D4CDE /* Products */,
			);
			sourceTree = "<group>";
		};
		042F99022EC8990B006D4CDE /* Products */ = {
			isa = PBXGroup;
			children = (
				042F99012EC8990B006D4CDE /* Hypnograph.app */,
				042F99122EC8990C006D4CDE /* HypnographTests.xctest */,
				042F991C2EC8990C006D4CDE /* HypnographUITests.xctest */,
			);
			name = Products;
			sourceTree = "<group>";
		};
/* End PBXGroup section */

/* Begin PBXNativeTarget section */
		042F99002EC8990B006D4CDE /* Hypnograph */ = {
			isa = PBXNativeTarget;
			buildConfigurationList = 042F99262EC8990C006D4CDE /* Build configuration list for PBXNativeTarget "Hypnograph" */;
			buildPhases = (
				042F98FD2EC8990B006D4CDE /* Sources */,
				042F98FE2EC8990B006D4CDE /* Frameworks */,
				042F98FF2EC8990B006D4CDE /* Resources */,
			);
			buildRules = (
			);
			dependencies = (
			);
			fileSystemSynchronizedGroups = (
				042F99032EC8990B006D4CDE /* Hypnograph */,
			);
			name = Hypnograph;
			packageProductDependencies = (
			);
			productName = Hypnograph;
			productReference = 042F99012EC8990B006D4CDE /* Hypnograph.app */;
			productType = "com.apple.product-type.application";
		};
		042F99112EC8990C006D4CDE /* HypnographTests */ = {
			isa = PBXNativeTarget;
			buildConfigurationList = 042F99292EC8990C006D4CDE /* Build configuration list for PBXNativeTarget "HypnographTests" */;
			buildPhases = (
				042F990E2EC8990C006D4CDE /* Sources */,
				042F990F2EC8990C006D4CDE /* Frameworks */,
				042F99102EC8990C006D4CDE /* Resources */,
			);
			buildRules = (
			);
			dependencies = (
				042F99142EC8990C006D4CDE /* PBXTargetDependency */,
			);
			fileSystemSynchronizedGroups = (
				042F99152EC8990C006D4CDE /* HypnographTests */,
			);
			name = HypnographTests;
			packageProductDependencies = (
			);
			productName = HypnographTests;
			productReference = 042F99122EC8990C006D4CDE /* HypnographTests.xctest */;
			productType = "com.apple.product-type.bundle.unit-test";
		};
		042F991B2EC8990C006D4CDE /* HypnographUITests */ = {
			isa = PBXNativeTarget;
			buildConfigurationList = 042F992C2EC8990C006D4CDE /* Build configuration list for PBXNativeTarget "HypnographUITests" */;
			buildPhases = (
				042F99182EC8990C006D4CDE /* Sources */,
				042F99192EC8990C006D4CDE /* Frameworks */,
				042F991A2EC8990C006D4CDE /* Resources */,
			);
			buildRules = (
			);
			dependencies = (
				042F991E2EC8990C006D4CDE /* PBXTargetDependency */,
			);
			fileSystemSynchronizedGroups = (
				042F991F2EC8990C006D4CDE /* HypnographUITests */,
			);
			name = HypnographUITests;
			packageProductDependencies = (
			);
			productName = HypnographUITests;
			productReference = 042F991C2EC8990C006D4CDE /* HypnographUITests.xctest */;
			productType = "com.apple.product-type.bundle.ui-testing";
		};
/* End PBXNativeTarget section */

/* Begin PBXProject section */
		042F98F92EC8990A006D4CDE /* Project object */ = {
			isa = PBXProject;
			attributes = {
				BuildIndependentTargetsInParallel = 1;
				LastSwiftUpdateCheck = 1620;
				LastUpgradeCheck = 1620;
				TargetAttributes = {
					042F99002EC8990B006D4CDE = {
						CreatedOnToolsVersion = 16.2;
					};
					042F99112EC8990C006D4CDE = {
						CreatedOnToolsVersion = 16.2;
						TestTargetID = 042F99002EC8990B006D4CDE;
					};
					042F991B2EC8990C006D4CDE = {
						CreatedOnToolsVersion = 16.2;
						TestTargetID = 042F99002EC8990B006D4CDE;
					};
				};
			};
			buildConfigurationList = 042F98FC2EC8990A006D4CDE /* Build configuration list for PBXProject "Hypnograph" */;
			developmentRegion = en;
			hasScannedForEncodings = 0;
			knownRegions = (
				en,
				Base,
			);
			mainGroup = 042F98F82EC8990A006D4CDE;
			minimizedProjectReferenceProxies = 1;
			preferredProjectObjectVersion = 77;
			productRefGroup = 042F99022EC8990B006D4CDE /* Products */;
			projectDirPath = "";
			projectRoot = "";
			targets = (
				042F99002EC8990B006D4CDE /* Hypnograph */,
				042F99112EC8990C006D4CDE /* HypnographTests */,
				042F991B2EC8990C006D4CDE /* HypnographUITests */,
			);
		};
/* End PBXProject section */

/* Begin PBXResourcesBuildPhase section */
		042F98FF2EC8990B006D4CDE /* Resources */ = {
			isa = PBXResourcesBuildPhase;
			buildActionMask = 2147483647;
			files = (
			);
			runOnlyForDeploymentPostprocessing = 0;
		};
		042F99102EC8990C006D4CDE /* Resources */ = {
			isa = PBXResourcesBuildPhase;
			buildActionMask = 2147483647;
			files = (
			);
			runOnlyForDeploymentPostprocessing = 0;
		};
		042F991A2EC8990C006D4CDE /* Resources */ = {
			isa = PBXResourcesBuildPhase;
			buildActionMask = 2147483647;
			files = (
			);
			runOnlyForDeploymentPostprocessing = 0;
		};
/* End PBXResourcesBuildPhase section */

/* Begin PBXSourcesBuildPhase section */
		042F98FD2EC8990B006D4CDE /* Sources */ = {
			isa = PBXSourcesBuildPhase;
			buildActionMask = 2147483647;
			files = (
			);
			runOnlyForDeploymentPostprocessing = 0;
		};
		042F990E2EC8990C006D4CDE /* Sources */ = {
			isa = PBXSourcesBuildPhase;
			buildActionMask = 2147483647;
			files = (
			);
			runOnlyForDeploymentPostprocessing = 0;
		};
		042F99182EC8990C006D4CDE /* Sources */ = {
			isa = PBXSourcesBuildPhase;
			buildActionMask = 2147483647;
			files = (
			);
			runOnlyForDeploymentPostprocessing = 0;
		};
/* End PBXSourcesBuildPhase section */

/* Begin PBXTargetDependency section */
		042F99142EC8990C006D4CDE /* PBXTargetDependency */ = {
			isa = PBXTargetDependency;
			target = 042F99002EC8990B006D4CDE /* Hypnograph */;
			targetProxy = 042F99132EC8990C006D4CDE /* PBXContainerItemProxy */;
		};
		042F991E2EC8990C006D4CDE /* PBXTargetDependency */ = {
			isa = PBXTargetDependency;
			target = 042F99002EC8990B006D4CDE /* Hypnograph */;
			targetProxy = 042F991D2EC8990C006D4CDE /* PBXContainerItemProxy */;
		};
/* End PBXTargetDependency section */

/* Begin XCBuildConfiguration section */
		042F99242EC8990C006D4CDE /* Debug */ = {
			isa = XCBuildConfiguration;
			buildSettings = {
				ALWAYS_SEARCH_USER_PATHS = NO;
				ASSETCATALOG_COMPILER_GENERATE_SWIFT_ASSET_SYMBOL_EXTENSIONS = YES;
				CLANG_ANALYZER_NONNULL = YES;
				CLANG_ANALYZER_NUMBER_OBJECT_CONVERSION = YES_AGGRESSIVE;
				CLANG_CXX_LANGUAGE_STANDARD = "gnu++20";
				CLANG_ENABLE_MODULES = YES;
				CLANG_ENABLE_OBJC_ARC = YES;
				CLANG_ENABLE_OBJC_WEAK = YES;
				CLANG_WARN_BLOCK_CAPTURE_AUTORELEASING = YES;
				CLANG_WARN_BOOL_CONVERSION = YES;
				CLANG_WARN_COMMA = YES;
				CLANG_WARN_CONSTANT_CONVERSION = YES;
				CLANG_WARN_DEPRECATED_OBJC_IMPLEMENTATIONS = YES;
				CLANG_WARN_DIRECT_OBJC_ISA_USAGE = YES_ERROR;
				CLANG_WARN_DOCUMENTATION_COMMENTS = YES;
				CLANG_WARN_EMPTY_BODY = YES;
				CLANG_WARN_ENUM_CONVERSION = YES;
				CLANG_WARN_INFINITE_RECURSION = YES;
				CLANG_WARN_INT_CONVERSION = YES;
				CLANG_WARN_NON_LITERAL_NULL_CONVERSION = YES;
				CLANG_WARN_OBJC_IMPLICIT_RETAIN_SELF = YES;
				CLANG_WARN_OBJC_LITERAL_CONVERSION = YES;
				CLANG_WARN_OBJC_ROOT_CLASS = YES_ERROR;
				CLANG_WARN_QUOTED_INCLUDE_IN_FRAMEWORK_HEADER = YES;
				CLANG_WARN_RANGE_LOOP_ANALYSIS = YES;
				CLANG_WARN_STRICT_PROTOTYPES = YES;
				CLANG_WARN_SUSPICIOUS_MOVE = YES;
				CLANG_WARN_UNGUARDED_AVAILABILITY = YES_AGGRESSIVE;
				CLANG_WARN_UNREACHABLE_CODE = YES;
				CLANG_WARN__DUPLICATE_METHOD_MATCH = YES;
				COPY_PHASE_STRIP = NO;
				DEBUG_INFORMATION_FORMAT = dwarf;
				ENABLE_STRICT_OBJC_MSGSEND = YES;
				ENABLE_TESTABILITY = YES;
				ENABLE_USER_SCRIPT_SANDBOXING = YES;
				GCC_C_LANGUAGE_STANDARD = gnu17;
				GCC_DYNAMIC_NO_PIC = NO;
				GCC_NO_COMMON_BLOCKS = YES;
				GCC_OPTIMIZATION_LEVEL = 0;
				GCC_PREPROCESSOR_DEFINITIONS = (
					"DEBUG=1",
					"$(inherited)",
				);
				GCC_WARN_64_TO_32_BIT_CONVERSION = YES;
				GCC_WARN_ABOUT_RETURN_TYPE = YES_ERROR;
				GCC_WARN_UNDECLARED_SELECTOR = YES;
				GCC_WARN_UNINITIALIZED_AUTOS = YES_AGGRESSIVE;
				GCC_WARN_UNUSED_FUNCTION = YES;
				GCC_WARN_UNUSED_VARIABLE = YES;
				LOCALIZATION_PREFERS_STRING_CATALOGS = YES;
				MACOSX_DEPLOYMENT_TARGET = 15.2;
				MTL_ENABLE_DEBUG_INFO = INCLUDE_SOURCE;
				MTL_FAST_MATH = YES;
				ONLY_ACTIVE_ARCH = YES;
				SDKROOT = macosx;
				SWIFT_ACTIVE_COMPILATION_CONDITIONS = "DEBUG $(inherited)";
				SWIFT_OPTIMIZATION_LEVEL = "-Onone";
			};
			name = Debug;
		};
		042F99252EC8990C006D4CDE /* Release */ = {
			isa = XCBuildConfiguration;
			buildSettings = {
				ALWAYS_SEARCH_USER_PATHS = NO;
				ASSETCATALOG_COMPILER_GENERATE_SWIFT_ASSET_SYMBOL_EXTENSIONS = YES;
				CLANG_ANALYZER_NONNULL = YES;
				CLANG_ANALYZER_NUMBER_OBJECT_CONVERSION = YES_AGGRESSIVE;
				CLANG_CXX_LANGUAGE_STANDARD = "gnu++20";
				CLANG_ENABLE_MODULES = YES;
				CLANG_ENABLE_OBJC_ARC = YES;
				CLANG_ENABLE_OBJC_WEAK = YES;
				CLANG_WARN_BLOCK_CAPTURE_AUTORELEASING = YES;
				CLANG_WARN_BOOL_CONVERSION = YES;
				CLANG_WARN_COMMA = YES;
				CLANG_WARN_CONSTANT_CONVERSION = YES;
				CLANG_WARN_DEPRECATED_OBJC_IMPLEMENTATIONS = YES;
				CLANG_WARN_DIRECT_OBJC_ISA_USAGE = YES_ERROR;
				CLANG_WARN_DOCUMENTATION_COMMENTS = YES;
				CLANG_WARN_EMPTY_BODY = YES;
				CLANG_WARN_ENUM_CONVERSION = YES;
				CLANG_WARN_INFINITE_RECURSION = YES;
				CLANG_WARN_INT_CONVERSION = YES;
				CLANG_WARN_NON_LITERAL_NULL_CONVERSION = YES;
				CLANG_WARN_OBJC_IMPLICIT_RETAIN_SELF = YES;
				CLANG_WARN_OBJC_LITERAL_CONVERSION = YES;
				CLANG_WARN_OBJC_ROOT_CLASS = YES_ERROR;
				CLANG_WARN_QUOTED_INCLUDE_IN_FRAMEWORK_HEADER = YES;
				CLANG_WARN_RANGE_LOOP_ANALYSIS = YES;
				CLANG_WARN_STRICT_PROTOTYPES = YES;
				CLANG_WARN_SUSPICIOUS_MOVE = YES;
				CLANG_WARN_UNGUARDED_AVAILABILITY = YES_AGGRESSIVE;
				CLANG_WARN_UNREACHABLE_CODE = YES;
				CLANG_WARN__DUPLICATE_METHOD_MATCH = YES;
				COPY_PHASE_STRIP = NO;
				DEBUG_INFORMATION_FORMAT = "dwarf-with-dsym";
				ENABLE_NS_ASSERTIONS = NO;
				ENABLE_STRICT_OBJC_MSGSEND = YES;
				ENABLE_USER_SCRIPT_SANDBOXING = YES;
				GCC_C_LANGUAGE_STANDARD = gnu17;
				GCC_NO_COMMON_BLOCKS = YES;
				GCC_WARN_64_TO_32_BIT_CONVERSION = YES;
				GCC_WARN_ABOUT_RETURN_TYPE = YES_ERROR;
				GCC_WARN_UNDECLARED_SELECTOR = YES;
				GCC_WARN_UNINITIALIZED_AUTOS = YES_AGGRESSIVE;
				GCC_WARN_UNUSED_FUNCTION = YES;
				GCC_WARN_UNUSED_VARIABLE = YES;
				LOCALIZATION_PREFERS_STRING_CATALOGS = YES;
				MACOSX_DEPLOYMENT_TARGET = 15.2;
				MTL_ENABLE_DEBUG_INFO = NO;
				MTL_FAST_MATH = YES;
				SDKROOT = macosx;
				SWIFT_COMPILATION_MODE = wholemodule;
			};
			name = Release;
		};
		042F99272EC8990C006D4CDE /* Debug */ = {
			isa = XCBuildConfiguration;
			buildSettings = {
				ASSETCATALOG_COMPILER_APPICON_NAME = AppIcon;
				ASSETCATALOG_COMPILER_GLOBAL_ACCENT_COLOR_NAME = AccentColor;
				CODE_SIGN_ENTITLEMENTS = Hypnograph/Hypnograph.entitlements;
				CODE_SIGN_STYLE = Automatic;
				COMBINE_HIDPI_IMAGES = YES;
				CURRENT_PROJECT_VERSION = 1;
				DEVELOPMENT_ASSET_PATHS = "\"Hypnograph/Preview Content\"";
				DEVELOPMENT_TEAM = 6A74MR47VX;
				ENABLE_HARDENED_RUNTIME = YES;
				ENABLE_PREVIEWS = YES;
				GENERATE_INFOPLIST_FILE = YES;
				INFOPLIST_KEY_NSHumanReadableCopyright = "";
				LD_RUNPATH_SEARCH_PATHS = (
					"$(inherited)",
					"@executable_path/../Frameworks",
				);
				MARKETING_VERSION = 1.0;
				PRODUCT_BUNDLE_IDENTIFIER = lorenjohnson.Hypnograph;
				PRODUCT_NAME = "$(TARGET_NAME)";
				SWIFT_EMIT_LOC_STRINGS = YES;
				SWIFT_VERSION = 5.0;
			};
			name = Debug;
		};
		042F99282EC8990C006D4CDE /* Release */ = {
			isa = XCBuildConfiguration;
			buildSettings = {
				ASSETCATALOG_COMPILER_APPICON_NAME = AppIcon;
				ASSETCATALOG_COMPILER_GLOBAL_ACCENT_COLOR_NAME = AccentColor;
				CODE_SIGN_ENTITLEMENTS = Hypnograph/Hypnograph.entitlements;
				CODE_SIGN_STYLE = Automatic;
				COMBINE_HIDPI_IMAGES = YES;
				CURRENT_PROJECT_VERSION = 1;
				DEVELOPMENT_ASSET_PATHS = "\"Hypnograph/Preview Content\"";
				DEVELOPMENT_TEAM = 6A74MR47VX;
				ENABLE_HARDENED_RUNTIME = YES;
				ENABLE_PREVIEWS = YES;
				GENERATE_INFOPLIST_FILE = YES;
				INFOPLIST_KEY_NSHumanReadableCopyright = "";
				LD_RUNPATH_SEARCH_PATHS = (
					"$(inherited)",
					"@executable_path/../Frameworks",
				);
				MARKETING_VERSION = 1.0;
				PRODUCT_BUNDLE_IDENTIFIER = lorenjohnson.Hypnograph;
				PRODUCT_NAME = "$(TARGET_NAME)";
				SWIFT_EMIT_LOC_STRINGS = YES;
				SWIFT_VERSION = 5.0;
			};
			name = Release;
		};
		042F992A2EC8990C006D4CDE /* Debug */ = {
			isa = XCBuildConfiguration;
			buildSettings = {
				BUNDLE_LOADER = "$(TEST_HOST)";
				CODE_SIGN_STYLE = Automatic;
				CURRENT_PROJECT_VERSION = 1;
				DEVELOPMENT_TEAM = 6A74MR47VX;
				GENERATE_INFOPLIST_FILE = YES;
				MACOSX_DEPLOYMENT_TARGET = 15.2;
				MARKETING_VERSION = 1.0;
				PRODUCT_BUNDLE_IDENTIFIER = lorenjohnson.HypnographTests;
				PRODUCT_NAME = "$(TARGET_NAME)";
				SWIFT_EMIT_LOC_STRINGS = NO;
				SWIFT_VERSION = 5.0;
				TEST_HOST = "$(BUILT_PRODUCTS_DIR)/Hypnograph.app/$(BUNDLE_EXECUTABLE_FOLDER_PATH)/Hypnograph";
			};
			name = Debug;
		};
		042F992B2EC8990C006D4CDE /* Release */ = {
			isa = XCBuildConfiguration;
			buildSettings = {
				BUNDLE_LOADER = "$(TEST_HOST)";
				CODE_SIGN_STYLE = Automatic;
				CURRENT_PROJECT_VERSION = 1;
				DEVELOPMENT_TEAM = 6A74MR47VX;
				GENERATE_INFOPLIST_FILE = YES;
				MACOSX_DEPLOYMENT_TARGET = 15.2;
				MARKETING_VERSION = 1.0;
				PRODUCT_BUNDLE_IDENTIFIER = lorenjohnson.HypnographTests;
				PRODUCT_NAME = "$(TARGET_NAME)";
				SWIFT_EMIT_LOC_STRINGS = NO;
				SWIFT_VERSION = 5.0;
				TEST_HOST = "$(BUILT_PRODUCTS_DIR)/Hypnograph.app/$(BUNDLE_EXECUTABLE_FOLDER_PATH)/Hypnograph";
			};
			name = Release;
		};
		042F992D2EC8990C006D4CDE /* Debug */ = {
			isa = XCBuildConfiguration;
			buildSettings = {
				CODE_SIGN_STYLE = Automatic;
				CURRENT_PROJECT_VERSION = 1;
				DEVELOPMENT_TEAM = 6A74MR47VX;
				GENERATE_INFOPLIST_FILE = YES;
				MARKETING_VERSION = 1.0;
				PRODUCT_BUNDLE_IDENTIFIER = lorenjohnson.HypnographUITests;
				PRODUCT_NAME = "$(TARGET_NAME)";
				SWIFT_EMIT_LOC_STRINGS = NO;
				SWIFT_VERSION = 5.0;
				TEST_TARGET_NAME = Hypnograph;
			};
			name = Debug;
		};
		042F992E2EC8990C006D4CDE /* Release */ = {
			isa = XCBuildConfiguration;
			buildSettings = {
				CODE_SIGN_STYLE = Automatic;
				CURRENT_PROJECT_VERSION = 1;
				DEVELOPMENT_TEAM = 6A74MR47VX;
				GENERATE_INFOPLIST_FILE = YES;
				MARKETING_VERSION = 1.0;
				PRODUCT_BUNDLE_IDENTIFIER = lorenjohnson.HypnographUITests;
				PRODUCT_NAME = "$(TARGET_NAME)";
				SWIFT_EMIT_LOC_STRINGS = NO;
				SWIFT_VERSION = 5.0;
				TEST_TARGET_NAME = Hypnograph;
			};
			name = Release;
		};
/* End XCBuildConfiguration section */

/* Begin XCConfigurationList section */
		042F98FC2EC8990A006D4CDE /* Build configuration list for PBXProject "Hypnograph" */ = {
			isa = XCConfigurationList;
			buildConfigurations = (
				042F99242EC8990C006D4CDE /* Debug */,
				042F99252EC8990C006D4CDE /* Release */,
			);
			defaultConfigurationIsVisible = 0;
			defaultConfigurationName = Release;
		};
		042F99262EC8990C006D4CDE /* Build configuration list for PBXNativeTarget "Hypnograph" */ = {
			isa = XCConfigurationList;
			buildConfigurations = (
				042F99272EC8990C006D4CDE /* Debug */,
				042F99282EC8990C006D4CDE /* Release */,
			);
			defaultConfigurationIsVisible = 0;
			defaultConfigurationName = Release;
		};
		042F99292EC8990C006D4CDE /* Build configuration list for PBXNativeTarget "HypnographTests" */ = {
			isa = XCConfigurationList;
			buildConfigurations = (
				042F992A2EC8990C006D4CDE /* Debug */,
				042F992B2EC8990C006D4CDE /* Release */,
			);
			defaultConfigurationIsVisible = 0;
			defaultConfigurationName = Release;
		};
		042F992C2EC8990C006D4CDE /* Build configuration list for PBXNativeTarget "HypnographUITests" */ = {
			isa = XCConfigurationList;
			buildConfigurations = (
				042F992D2EC8990C006D4CDE /* Debug */,
				042F992E2EC8990C006D4CDE /* Release */,
			);
			defaultConfigurationIsVisible = 0;
			defaultConfigurationName = Release;
		};
/* End XCConfigurationList section */
	};
	rootObject = 042F98F92EC8990A006D4CDE /* Project object */;
}
