// !$*UTF8*$!
{
	archiveVersion = 1;
	classes = {
	};
	objectVersion = 77;
	objects = {

/* Begin PBXBuildFile section */
		042F99382EC89E73006D4CDE /* ViewModel.swift in Sources */ = {isa = PBXBuildFile; fileRef = 042F99372EC89C7D006D4CDE /* ViewModel.swift */; };
		042F99392EC89E7F006D4CDE /* HypnogramState.swift in Sources */ = {isa = PBXBuildFile; fileRef = 042F99332EC89BF7006D4CDE /* HypnogramState.swift */; };
		042F993A2EC89E88006D4CDE /* RenderQueue.swift in Sources */ = {isa = PBXBuildFile; fileRef = 042F99352EC89C4C006D4CDE /* RenderQueue.swift */; };
		042F993B2EC89ED2006D4CDE /* Settings.swift in Sources */ = {isa = PBXBuildFile; fileRef = 042F99312EC89B77006D4CDE /* Settings.swift */; };
		042F993C2EC89EDB006D4CDE /* Models.swift in Sources */ = {isa = PBXBuildFile; fileRef = 042F99302EC89B3B006D4CDE /* Models.swift */; };
		042F993D2EC89EDB006D4CDE /* FolderMediaLibrary.swift in Sources */ = {isa = PBXBuildFile; fileRef = 042F99322EC89BBD006D4CDE /* FolderMediaLibrary.swift */; };
		042F993E2EC89EDB006D4CDE /* RenderBackend.swift in Sources */ = {isa = PBXBuildFile; fileRef = 042F99342EC89C29006D4CDE /* RenderBackend.swift */; };
		042F99402EC8A2F3006D4CDE /* VideoPreviewView.swift in Sources */ = {isa = PBXBuildFile; fileRef = 042F993F2EC8A2F3006D4CDE /* VideoPreviewView.swift */; };
		042F99422EC8A8EC006D4CDE /* AVRenderBackend.swift in Sources */ = {isa = PBXBuildFile; fileRef = 042F99412EC8A8EC006D4CDE /* AVRenderBackend.swift */; };
		042F99442EC8C2DA006D4CDE /* VideoCompositionInstruction.swift in Sources */ = {isa = PBXBuildFile; fileRef = 042F99432EC8C2DA006D4CDE /* VideoCompositionInstruction.swift */; };
		042F99462EC90121006D4CDE /* ClipLibrary.swift in Sources */ = {isa = PBXBuildFile; fileRef = 042F99452EC90121006D4CDE /* ClipLibrary.swift */; };
		042F99482EC91403006D4CDE /* hypnogram-settings.json in Resources */ = {isa = PBXBuildFile; fileRef = 042F99472EC91403006D4CDE /* hypnogram-settings.json */; };
		04594FF52EC9B0B10012F009 /* hypnogram-default-settings.json in Resources */ = {isa = PBXBuildFile; fileRef = 04594FF42EC9B0A00012F009 /* hypnogram-default-settings.json */; };
		04594FF72EC9B1740012F009 /* AppSettingsPaths.swift in Sources */ = {isa = PBXBuildFile; fileRef = 04594FF62EC9B1740012F009 /* AppSettingsPaths.swift */; };
/* End PBXBuildFile section */

/* Begin PBXContainerItemProxy section */
		042F99132EC8990C006D4CDE /* PBXContainerItemProxy */ = {
			isa = PBXContainerItemProxy;
			containerPortal = 042F98F92EC8990A006D4CDE /* Project object */;
			proxyType = 1;
			remoteGlobalIDString = 042F99002EC8990B006D4CDE;
			remoteInfo = Hypnogram;
		};
		042F991D2EC8990C006D4CDE /* PBXContainerItemProxy */ = {
			isa = PBXContainerItemProxy;
			containerPortal = 042F98F92EC8990A006D4CDE /* Project object */;
			proxyType = 1;
			remoteGlobalIDString = 042F99002EC8990B006D4CDE;
			remoteInfo = Hypnogram;
		};
/* End PBXContainerItemProxy section */

/* Begin PBXFileReference section */
		042F99012EC8990B006D4CDE /* Hypnogram.app */ = {isa = PBXFileReference; explicitFileType = wrapper.application; includeInIndex = 0; path = Hypnogram.app; sourceTree = BUILT_PRODUCTS_DIR; };
		042F99122EC8990C006D4CDE /* HypnogramTests.xctest */ = {isa = PBXFileReference; explicitFileType = wrapper.cfbundle; includeInIndex = 0; path = HypnogramTests.xctest; sourceTree = BUILT_PRODUCTS_DIR; };
		042F991C2EC8990C006D4CDE /* HypnogramUITests.xctest */ = {isa = PBXFileReference; explicitFileType = wrapper.cfbundle; includeInIndex = 0; path = HypnogramUITests.xctest; sourceTree = BUILT_PRODUCTS_DIR; };
		042F99302EC89B3B006D4CDE /* Models.swift */ = {isa = PBXFileReference; lastKnownFileType = sourcecode.swift; path = Models.swift; sourceTree = "<group>"; };
		042F99312EC89B77006D4CDE /* Settings.swift */ = {isa = PBXFileReference; lastKnownFileType = sourcecode.swift; path = Settings.swift; sourceTree = "<group>"; };
		042F99322EC89BBD006D4CDE /* FolderMediaLibrary.swift */ = {isa = PBXFileReference; lastKnownFileType = sourcecode.swift; path = FolderMediaLibrary.swift; sourceTree = "<group>"; };
		042F99332EC89BF7006D4CDE /* HypnogramState.swift */ = {isa = PBXFileReference; lastKnownFileType = sourcecode.swift; path = HypnogramState.swift; sourceTree = "<group>"; };
		042F99342EC89C29006D4CDE /* RenderBackend.swift */ = {isa = PBXFileReference; lastKnownFileType = sourcecode.swift; path = RenderBackend.swift; sourceTree = "<group>"; };
		042F99352EC89C4C006D4CDE /* RenderQueue.swift */ = {isa = PBXFileReference; lastKnownFileType = sourcecode.swift; path = RenderQueue.swift; sourceTree = "<group>"; };
		042F99372EC89C7D006D4CDE /* ViewModel.swift */ = {isa = PBXFileReference; lastKnownFileType = sourcecode.swift; path = ViewModel.swift; sourceTree = "<group>"; };
		042F993F2EC8A2F3006D4CDE /* VideoPreviewView.swift */ = {isa = PBXFileReference; lastKnownFileType = sourcecode.swift; path = VideoPreviewView.swift; sourceTree = "<group>"; };
		042F99412EC8A8EC006D4CDE /* AVRenderBackend.swift */ = {isa = PBXFileReference; lastKnownFileType = sourcecode.swift; path = AVRenderBackend.swift; sourceTree = "<group>"; };
		042F99432EC8C2DA006D4CDE /* VideoCompositionInstruction.swift */ = {isa = PBXFileReference; lastKnownFileType = sourcecode.swift; path = VideoCompositionInstruction.swift; sourceTree = "<group>"; };
		042F99452EC90121006D4CDE /* ClipLibrary.swift */ = {isa = PBXFileReference; lastKnownFileType = sourcecode.swift; path = ClipLibrary.swift; sourceTree = "<group>"; };
		042F99472EC91403006D4CDE /* hypnogram-settings.json */ = {isa = PBXFileReference; lastKnownFileType = text.json; path = "hypnogram-settings.json"; sourceTree = "<group>"; };
		04594FF42EC9B0A00012F009 /* hypnogram-default-settings.json */ = {isa = PBXFileReference; lastKnownFileType = text.json; path = "hypnogram-default-settings.json"; sourceTree = "<group>"; };
		04594FF62EC9B1740012F009 /* AppSettingsPaths.swift */ = {isa = PBXFileReference; lastKnownFileType = sourcecode.swift; path = AppSettingsPaths.swift; sourceTree = "<group>"; };
/* End PBXFileReference section */

/* Begin PBXFileSystemSynchronizedRootGroup section */
		042F99032EC8990B006D4CDE /* Hypnogram */ = {
			isa = PBXFileSystemSynchronizedRootGroup;
			path = Hypnogram;
			sourceTree = "<group>";
		};
		042F99152EC8990C006D4CDE /* HypnogramTests */ = {
			isa = PBXFileSystemSynchronizedRootGroup;
			path = HypnogramTests;
			sourceTree = "<group>";
		};
		042F991F2EC8990C006D4CDE /* HypnogramUITests */ = {
			isa = PBXFileSystemSynchronizedRootGroup;
			path = HypnogramUITests;
			sourceTree = "<group>";
		};
/* End PBXFileSystemSynchronizedRootGroup section */

/* Begin PBXFrameworksBuildPhase section */
		042F98FE2EC8990B006D4CDE /* Frameworks */ = {
			isa = PBXFrameworksBuildPhase;
			buildActionMask = 2147483647;
			files = (
			);
			runOnlyForDeploymentPostprocessing = 0;
		};
		042F990F2EC8990C006D4CDE /* Frameworks */ = {
			isa = PBXFrameworksBuildPhase;
			buildActionMask = 2147483647;
			files = (
			);
			runOnlyForDeploymentPostprocessing = 0;
		};
		042F99192EC8990C006D4CDE /* Frameworks */ = {
			isa = PBXFrameworksBuildPhase;
			buildActionMask = 2147483647;
			files = (
			);
			runOnlyForDeploymentPostprocessing = 0;
		};
/* End PBXFrameworksBuildPhase section */

/* Begin PBXGroup section */
		042F98F82EC8990A006D4CDE = {
			isa = PBXGroup;
			children = (
				04594FF42EC9B0A00012F009 /* hypnogram-default-settings.json */,
				042F99472EC91403006D4CDE /* hypnogram-settings.json */,
				042F99362EC89C73006D4CDE /* HypnogramUI */,
				042F992F2EC89960006D4CDE /* HypnogramCore */,
				042F99032EC8990B006D4CDE /* Hypnogram */,
				042F99152EC8990C006D4CDE /* HypnogramTests */,
				042F991F2EC8990C006D4CDE /* HypnogramUITests */,
				042F99022EC8990B006D4CDE /* Products */,
			);
			sourceTree = "<group>";
		};
		042F99022EC8990B006D4CDE /* Products */ = {
			isa = PBXGroup;
			children = (
				042F99012EC8990B006D4CDE /* Hypnogram.app */,
				042F99122EC8990C006D4CDE /* HypnogramTests.xctest */,
				042F991C2EC8990C006D4CDE /* HypnogramUITests.xctest */,
			);
			name = Products;
			sourceTree = "<group>";
		};
		042F992F2EC89960006D4CDE /* HypnogramCore */ = {
			isa = PBXGroup;
			children = (
				04594FF62EC9B1740012F009 /* AppSettingsPaths.swift */,
				042F99452EC90121006D4CDE /* ClipLibrary.swift */,
				042F99432EC8C2DA006D4CDE /* VideoCompositionInstruction.swift */,
				042F99412EC8A8EC006D4CDE /* AVRenderBackend.swift */,
				042F99352EC89C4C006D4CDE /* RenderQueue.swift */,
				042F99342EC89C29006D4CDE /* RenderBackend.swift */,
				042F99332EC89BF7006D4CDE /* HypnogramState.swift */,
				042F99322EC89BBD006D4CDE /* FolderMediaLibrary.swift */,
				042F99312EC89B77006D4CDE /* Settings.swift */,
				042F99302EC89B3B006D4CDE /* Models.swift */,
			);
			path = HypnogramCore;
			sourceTree = "<group>";
		};
		042F99362EC89C73006D4CDE /* HypnogramUI */ = {
			isa = PBXGroup;
			children = (
				042F993F2EC8A2F3006D4CDE /* VideoPreviewView.swift */,
				042F99372EC89C7D006D4CDE /* ViewModel.swift */,
			);
			path = HypnogramUI;
			sourceTree = "<group>";
		};
/* End PBXGroup section */

/* Begin PBXNativeTarget section */
		042F99002EC8990B006D4CDE /* Hypnogram */ = {
			isa = PBXNativeTarget;
			buildConfigurationList = 042F99262EC8990C006D4CDE /* Build configuration list for PBXNativeTarget "Hypnogram" */;
			buildPhases = (
				042F98FD2EC8990B006D4CDE /* Sources */,
				042F98FE2EC8990B006D4CDE /* Frameworks */,
				042F98FF2EC8990B006D4CDE /* Resources */,
			);
			buildRules = (
			);
			dependencies = (
			);
			fileSystemSynchronizedGroups = (
				042F99032EC8990B006D4CDE /* Hypnogram */,
			);
			name = Hypnogram;
			packageProductDependencies = (
			);
			productName = Hypnogram;
			productReference = 042F99012EC8990B006D4CDE /* Hypnogram.app */;
			productType = "com.apple.product-type.application";
		};
		042F99112EC8990C006D4CDE /* HypnogramTests */ = {
			isa = PBXNativeTarget;
			buildConfigurationList = 042F99292EC8990C006D4CDE /* Build configuration list for PBXNativeTarget "HypnogramTests" */;
			buildPhases = (
				042F990E2EC8990C006D4CDE /* Sources */,
				042F990F2EC8990C006D4CDE /* Frameworks */,
				042F99102EC8990C006D4CDE /* Resources */,
			);
			buildRules = (
			);
			dependencies = (
				042F99142EC8990C006D4CDE /* PBXTargetDependency */,
			);
			fileSystemSynchronizedGroups = (
				042F99152EC8990C006D4CDE /* HypnogramTests */,
			);
			name = HypnogramTests;
			packageProductDependencies = (
			);
			productName = HypnogramTests;
			productReference = 042F99122EC8990C006D4CDE /* HypnogramTests.xctest */;
			productType = "com.apple.product-type.bundle.unit-test";
		};
		042F991B2EC8990C006D4CDE /* HypnogramUITests */ = {
			isa = PBXNativeTarget;
			buildConfigurationList = 042F992C2EC8990C006D4CDE /* Build configuration list for PBXNativeTarget "HypnogramUITests" */;
			buildPhases = (
				042F99182EC8990C006D4CDE /* Sources */,
				042F99192EC8990C006D4CDE /* Frameworks */,
				042F991A2EC8990C006D4CDE /* Resources */,
			);
			buildRules = (
			);
			dependencies = (
				042F991E2EC8990C006D4CDE /* PBXTargetDependency */,
			);
			fileSystemSynchronizedGroups = (
				042F991F2EC8990C006D4CDE /* HypnogramUITests */,
			);
			name = HypnogramUITests;
			packageProductDependencies = (
			);
			productName = HypnogramUITests;
			productReference = 042F991C2EC8990C006D4CDE /* HypnogramUITests.xctest */;
			productType = "com.apple.product-type.bundle.ui-testing";
		};
/* End PBXNativeTarget section */

/* Begin PBXProject section */
		042F98F92EC8990A006D4CDE /* Project object */ = {
			isa = PBXProject;
			attributes = {
				BuildIndependentTargetsInParallel = 1;
				LastSwiftUpdateCheck = 1620;
				LastUpgradeCheck = 1620;
				TargetAttributes = {
					042F99002EC8990B006D4CDE = {
						CreatedOnToolsVersion = 16.2;
					};
					042F99112EC8990C006D4CDE = {
						CreatedOnToolsVersion = 16.2;
						TestTargetID = 042F99002EC8990B006D4CDE;
					};
					042F991B2EC8990C006D4CDE = {
						CreatedOnToolsVersion = 16.2;
						TestTargetID = 042F99002EC8990B006D4CDE;
					};
				};
			};
			buildConfigurationList = 042F98FC2EC8990A006D4CDE /* Build configuration list for PBXProject "Hypnogram" */;
			developmentRegion = en;
			hasScannedForEncodings = 0;
			knownRegions = (
				en,
				Base,
			);
			mainGroup = 042F98F82EC8990A006D4CDE;
			minimizedProjectReferenceProxies = 1;
			preferredProjectObjectVersion = 77;
			productRefGroup = 042F99022EC8990B006D4CDE /* Products */;
			projectDirPath = "";
			projectRoot = "";
			targets = (
				042F99002EC8990B006D4CDE /* Hypnogram */,
				042F99112EC8990C006D4CDE /* HypnogramTests */,
				042F991B2EC8990C006D4CDE /* HypnogramUITests */,
			);
		};
/* End PBXProject section */

/* Begin PBXResourcesBuildPhase section */
		042F98FF2EC8990B006D4CDE /* Resources */ = {
			isa = PBXResourcesBuildPhase;
			buildActionMask = 2147483647;
			files = (
				042F99482EC91403006D4CDE /* hypnogram-settings.json in Resources */,
				04594FF52EC9B0B10012F009 /* hypnogram-default-settings.json in Resources */,
			);
			runOnlyForDeploymentPostprocessing = 0;
		};
		042F99102EC8990C006D4CDE /* Resources */ = {
			isa = PBXResourcesBuildPhase;
			buildActionMask = 2147483647;
			files = (
			);
			runOnlyForDeploymentPostprocessing = 0;
		};
		042F991A2EC8990C006D4CDE /* Resources */ = {
			isa = PBXResourcesBuildPhase;
			buildActionMask = 2147483647;
			files = (
			);
			runOnlyForDeploymentPostprocessing = 0;
		};
/* End PBXResourcesBuildPhase section */

/* Begin PBXSourcesBuildPhase section */
		042F98FD2EC8990B006D4CDE /* Sources */ = {
			isa = PBXSourcesBuildPhase;
			buildActionMask = 2147483647;
			files = (
				042F993A2EC89E88006D4CDE /* RenderQueue.swift in Sources */,
				042F99392EC89E7F006D4CDE /* HypnogramState.swift in Sources */,
				042F99382EC89E73006D4CDE /* ViewModel.swift in Sources */,
				042F99462EC90121006D4CDE /* ClipLibrary.swift in Sources */,
				042F993C2EC89EDB006D4CDE /* Models.swift in Sources */,
				042F99422EC8A8EC006D4CDE /* AVRenderBackend.swift in Sources */,
				042F993D2EC89EDB006D4CDE /* FolderMediaLibrary.swift in Sources */,
				042F993E2EC89EDB006D4CDE /* RenderBackend.swift in Sources */,
				042F993B2EC89ED2006D4CDE /* Settings.swift in Sources */,
				04594FF72EC9B1740012F009 /* AppSettingsPaths.swift in Sources */,
				042F99402EC8A2F3006D4CDE /* VideoPreviewView.swift in Sources */,
				042F99442EC8C2DA006D4CDE /* VideoCompositionInstruction.swift in Sources */,
			);
			runOnlyForDeploymentPostprocessing = 0;
		};
		042F990E2EC8990C006D4CDE /* Sources */ = {
			isa = PBXSourcesBuildPhase;
			buildActionMask = 2147483647;
			files = (
			);
			runOnlyForDeploymentPostprocessing = 0;
		};
		042F99182EC8990C006D4CDE /* Sources */ = {
			isa = PBXSourcesBuildPhase;
			buildActionMask = 2147483647;
			files = (
			);
			runOnlyForDeploymentPostprocessing = 0;
		};
/* End PBXSourcesBuildPhase section */

/* Begin PBXTargetDependency section */
		042F99142EC8990C006D4CDE /* PBXTargetDependency */ = {
			isa = PBXTargetDependency;
			target = 042F99002EC8990B006D4CDE /* Hypnogram */;
			targetProxy = 042F99132EC8990C006D4CDE /* PBXContainerItemProxy */;
		};
		042F991E2EC8990C006D4CDE /* PBXTargetDependency */ = {
			isa = PBXTargetDependency;
			target = 042F99002EC8990B006D4CDE /* Hypnogram */;
			targetProxy = 042F991D2EC8990C006D4CDE /* PBXContainerItemProxy */;
		};
/* End PBXTargetDependency section */

/* Begin XCBuildConfiguration section */
		042F99242EC8990C006D4CDE /* Debug */ = {
			isa = XCBuildConfiguration;
			buildSettings = {
				ALWAYS_SEARCH_USER_PATHS = NO;
				ASSETCATALOG_COMPILER_GENERATE_SWIFT_ASSET_SYMBOL_EXTENSIONS = YES;
				CLANG_ANALYZER_NONNULL = YES;
				CLANG_ANALYZER_NUMBER_OBJECT_CONVERSION = YES_AGGRESSIVE;
				CLANG_CXX_LANGUAGE_STANDARD = "gnu++20";
				CLANG_ENABLE_MODULES = YES;
				CLANG_ENABLE_OBJC_ARC = YES;
				CLANG_ENABLE_OBJC_WEAK = YES;
				CLANG_WARN_BLOCK_CAPTURE_AUTORELEASING = YES;
				CLANG_WARN_BOOL_CONVERSION = YES;
				CLANG_WARN_COMMA = YES;
				CLANG_WARN_CONSTANT_CONVERSION = YES;
				CLANG_WARN_DEPRECATED_OBJC_IMPLEMENTATIONS = YES;
				CLANG_WARN_DIRECT_OBJC_ISA_USAGE = YES_ERROR;
				CLANG_WARN_DOCUMENTATION_COMMENTS = YES;
				CLANG_WARN_EMPTY_BODY = YES;
				CLANG_WARN_ENUM_CONVERSION = YES;
				CLANG_WARN_INFINITE_RECURSION = YES;
				CLANG_WARN_INT_CONVERSION = YES;
				CLANG_WARN_NON_LITERAL_NULL_CONVERSION = YES;
				CLANG_WARN_OBJC_IMPLICIT_RETAIN_SELF = YES;
				CLANG_WARN_OBJC_LITERAL_CONVERSION = YES;
				CLANG_WARN_OBJC_ROOT_CLASS = YES_ERROR;
				CLANG_WARN_QUOTED_INCLUDE_IN_FRAMEWORK_HEADER = YES;
				CLANG_WARN_RANGE_LOOP_ANALYSIS = YES;
				CLANG_WARN_STRICT_PROTOTYPES = YES;
				CLANG_WARN_SUSPICIOUS_MOVE = YES;
				CLANG_WARN_UNGUARDED_AVAILABILITY = YES_AGGRESSIVE;
				CLANG_WARN_UNREACHABLE_CODE = YES;
				CLANG_WARN__DUPLICATE_METHOD_MATCH = YES;
				COPY_PHASE_STRIP = NO;
				DEBUG_INFORMATION_FORMAT = dwarf;
				ENABLE_STRICT_OBJC_MSGSEND = YES;
				ENABLE_TESTABILITY = YES;
				ENABLE_USER_SCRIPT_SANDBOXING = YES;
				GCC_C_LANGUAGE_STANDARD = gnu17;
				GCC_DYNAMIC_NO_PIC = NO;
				GCC_NO_COMMON_BLOCKS = YES;
				GCC_OPTIMIZATION_LEVEL = 0;
				GCC_PREPROCESSOR_DEFINITIONS = (
					"DEBUG=1",
					"$(inherited)",
				);
				GCC_WARN_64_TO_32_BIT_CONVERSION = YES;
				GCC_WARN_ABOUT_RETURN_TYPE = YES_ERROR;
				GCC_WARN_UNDECLARED_SELECTOR = YES;
				GCC_WARN_UNINITIALIZED_AUTOS = YES_AGGRESSIVE;
				GCC_WARN_UNUSED_FUNCTION = YES;
				GCC_WARN_UNUSED_VARIABLE = YES;
				LOCALIZATION_PREFERS_STRING_CATALOGS = YES;
				MACOSX_DEPLOYMENT_TARGET = 15.2;
				MTL_ENABLE_DEBUG_INFO = INCLUDE_SOURCE;
				MTL_FAST_MATH = YES;
				ONLY_ACTIVE_ARCH = YES;
				SDKROOT = macosx;
				SWIFT_ACTIVE_COMPILATION_CONDITIONS = "DEBUG $(inherited)";
				SWIFT_OPTIMIZATION_LEVEL = "-Onone";
			};
			name = Debug;
		};
		042F99252EC8990C006D4CDE /* Release */ = {
			isa = XCBuildConfiguration;
			buildSettings = {
				ALWAYS_SEARCH_USER_PATHS = NO;
				ASSETCATALOG_COMPILER_GENERATE_SWIFT_ASSET_SYMBOL_EXTENSIONS = YES;
				CLANG_ANALYZER_NONNULL = YES;
				CLANG_ANALYZER_NUMBER_OBJECT_CONVERSION = YES_AGGRESSIVE;
				CLANG_CXX_LANGUAGE_STANDARD = "gnu++20";
				CLANG_ENABLE_MODULES = YES;
				CLANG_ENABLE_OBJC_ARC = YES;
				CLANG_ENABLE_OBJC_WEAK = YES;
				CLANG_WARN_BLOCK_CAPTURE_AUTORELEASING = YES;
				CLANG_WARN_BOOL_CONVERSION = YES;
				CLANG_WARN_COMMA = YES;
				CLANG_WARN_CONSTANT_CONVERSION = YES;
				CLANG_WARN_DEPRECATED_OBJC_IMPLEMENTATIONS = YES;
				CLANG_WARN_DIRECT_OBJC_ISA_USAGE = YES_ERROR;
				CLANG_WARN_DOCUMENTATION_COMMENTS = YES;
				CLANG_WARN_EMPTY_BODY = YES;
				CLANG_WARN_ENUM_CONVERSION = YES;
				CLANG_WARN_INFINITE_RECURSION = YES;
				CLANG_WARN_INT_CONVERSION = YES;
				CLANG_WARN_NON_LITERAL_NULL_CONVERSION = YES;
				CLANG_WARN_OBJC_IMPLICIT_RETAIN_SELF = YES;
				CLANG_WARN_OBJC_LITERAL_CONVERSION = YES;
				CLANG_WARN_OBJC_ROOT_CLASS = YES_ERROR;
				CLANG_WARN_QUOTED_INCLUDE_IN_FRAMEWORK_HEADER = YES;
				CLANG_WARN_RANGE_LOOP_ANALYSIS = YES;
				CLANG_WARN_STRICT_PROTOTYPES = YES;
				CLANG_WARN_SUSPICIOUS_MOVE = YES;
				CLANG_WARN_UNGUARDED_AVAILABILITY = YES_AGGRESSIVE;
				CLANG_WARN_UNREACHABLE_CODE = YES;
				CLANG_WARN__DUPLICATE_METHOD_MATCH = YES;
				COPY_PHASE_STRIP = NO;
				DEBUG_INFORMATION_FORMAT = "dwarf-with-dsym";
				ENABLE_NS_ASSERTIONS = NO;
				ENABLE_STRICT_OBJC_MSGSEND = YES;
				ENABLE_USER_SCRIPT_SANDBOXING = YES;
				GCC_C_LANGUAGE_STANDARD = gnu17;
				GCC_NO_COMMON_BLOCKS = YES;
				GCC_WARN_64_TO_32_BIT_CONVERSION = YES;
				GCC_WARN_ABOUT_RETURN_TYPE = YES_ERROR;
				GCC_WARN_UNDECLARED_SELECTOR = YES;
				GCC_WARN_UNINITIALIZED_AUTOS = YES_AGGRESSIVE;
				GCC_WARN_UNUSED_FUNCTION = YES;
				GCC_WARN_UNUSED_VARIABLE = YES;
				LOCALIZATION_PREFERS_STRING_CATALOGS = YES;
				MACOSX_DEPLOYMENT_TARGET = 15.2;
				MTL_ENABLE_DEBUG_INFO = NO;
				MTL_FAST_MATH = YES;
				SDKROOT = macosx;
				SWIFT_COMPILATION_MODE = wholemodule;
			};
			name = Release;
		};
		042F99272EC8990C006D4CDE /* Debug */ = {
			isa = XCBuildConfiguration;
			buildSettings = {
				ASSETCATALOG_COMPILER_APPICON_NAME = AppIcon;
				ASSETCATALOG_COMPILER_GLOBAL_ACCENT_COLOR_NAME = AccentColor;
				CODE_SIGN_ENTITLEMENTS = Hypnogram/Hypnogram.entitlements;
				CODE_SIGN_STYLE = Automatic;
				COMBINE_HIDPI_IMAGES = YES;
				CURRENT_PROJECT_VERSION = 1;
				DEVELOPMENT_ASSET_PATHS = "\"Hypnogram/Preview Content\"";
				DEVELOPMENT_TEAM = 6A74MR47VX;
				ENABLE_HARDENED_RUNTIME = YES;
				ENABLE_PREVIEWS = YES;
				GENERATE_INFOPLIST_FILE = YES;
				INFOPLIST_KEY_NSHumanReadableCopyright = "";
				LD_RUNPATH_SEARCH_PATHS = (
					"$(inherited)",
					"@executable_path/../Frameworks",
				);
				MARKETING_VERSION = 1.0;
				PRODUCT_BUNDLE_IDENTIFIER = lorenjohnson.Hypnogram;
				PRODUCT_NAME = "$(TARGET_NAME)";
				SWIFT_EMIT_LOC_STRINGS = YES;
				SWIFT_VERSION = 5.0;
			};
			name = Debug;
		};
		042F99282EC8990C006D4CDE /* Release */ = {
			isa = XCBuildConfiguration;
			buildSettings = {
				ASSETCATALOG_COMPILER_APPICON_NAME = AppIcon;
				ASSETCATALOG_COMPILER_GLOBAL_ACCENT_COLOR_NAME = AccentColor;
				CODE_SIGN_ENTITLEMENTS = Hypnogram/Hypnogram.entitlements;
				CODE_SIGN_STYLE = Automatic;
				COMBINE_HIDPI_IMAGES = YES;
				CURRENT_PROJECT_VERSION = 1;
				DEVELOPMENT_ASSET_PATHS = "\"Hypnogram/Preview Content\"";
				DEVELOPMENT_TEAM = 6A74MR47VX;
				ENABLE_HARDENED_RUNTIME = YES;
				ENABLE_PREVIEWS = YES;
				GENERATE_INFOPLIST_FILE = YES;
				INFOPLIST_KEY_NSHumanReadableCopyright = "";
				LD_RUNPATH_SEARCH_PATHS = (
					"$(inherited)",
					"@executable_path/../Frameworks",
				);
				MARKETING_VERSION = 1.0;
				PRODUCT_BUNDLE_IDENTIFIER = lorenjohnson.Hypnogram;
				PRODUCT_NAME = "$(TARGET_NAME)";
				SWIFT_EMIT_LOC_STRINGS = YES;
				SWIFT_VERSION = 5.0;
			};
			name = Release;
		};
		042F992A2EC8990C006D4CDE /* Debug */ = {
			isa = XCBuildConfiguration;
			buildSettings = {
				BUNDLE_LOADER = "$(TEST_HOST)";
				CODE_SIGN_STYLE = Automatic;
				CURRENT_PROJECT_VERSION = 1;
				DEVELOPMENT_TEAM = 6A74MR47VX;
				GENERATE_INFOPLIST_FILE = YES;
				MACOSX_DEPLOYMENT_TARGET = 15.2;
				MARKETING_VERSION = 1.0;
				PRODUCT_BUNDLE_IDENTIFIER = lorenjohnson.HypnogramTests;
				PRODUCT_NAME = "$(TARGET_NAME)";
				SWIFT_EMIT_LOC_STRINGS = NO;
				SWIFT_VERSION = 5.0;
				TEST_HOST = "$(BUILT_PRODUCTS_DIR)/Hypnogram.app/$(BUNDLE_EXECUTABLE_FOLDER_PATH)/Hypnogram";
			};
			name = Debug;
		};
		042F992B2EC8990C006D4CDE /* Release */ = {
			isa = XCBuildConfiguration;
			buildSettings = {
				BUNDLE_LOADER = "$(TEST_HOST)";
				CODE_SIGN_STYLE = Automatic;
				CURRENT_PROJECT_VERSION = 1;
				DEVELOPMENT_TEAM = 6A74MR47VX;
				GENERATE_INFOPLIST_FILE = YES;
				MACOSX_DEPLOYMENT_TARGET = 15.2;
				MARKETING_VERSION = 1.0;
				PRODUCT_BUNDLE_IDENTIFIER = lorenjohnson.HypnogramTests;
				PRODUCT_NAME = "$(TARGET_NAME)";
				SWIFT_EMIT_LOC_STRINGS = NO;
				SWIFT_VERSION = 5.0;
				TEST_HOST = "$(BUILT_PRODUCTS_DIR)/Hypnogram.app/$(BUNDLE_EXECUTABLE_FOLDER_PATH)/Hypnogram";
			};
			name = Release;
		};
		042F992D2EC8990C006D4CDE /* Debug */ = {
			isa = XCBuildConfiguration;
			buildSettings = {
				CODE_SIGN_STYLE = Automatic;
				CURRENT_PROJECT_VERSION = 1;
				DEVELOPMENT_TEAM = 6A74MR47VX;
				GENERATE_INFOPLIST_FILE = YES;
				MARKETING_VERSION = 1.0;
				PRODUCT_BUNDLE_IDENTIFIER = lorenjohnson.HypnogramUITests;
				PRODUCT_NAME = "$(TARGET_NAME)";
				SWIFT_EMIT_LOC_STRINGS = NO;
				SWIFT_VERSION = 5.0;
				TEST_TARGET_NAME = Hypnogram;
			};
			name = Debug;
		};
		042F992E2EC8990C006D4CDE /* Release */ = {
			isa = XCBuildConfiguration;
			buildSettings = {
				CODE_SIGN_STYLE = Automatic;
				CURRENT_PROJECT_VERSION = 1;
				DEVELOPMENT_TEAM = 6A74MR47VX;
				GENERATE_INFOPLIST_FILE = YES;
				MARKETING_VERSION = 1.0;
				PRODUCT_BUNDLE_IDENTIFIER = lorenjohnson.HypnogramUITests;
				PRODUCT_NAME = "$(TARGET_NAME)";
				SWIFT_EMIT_LOC_STRINGS = NO;
				SWIFT_VERSION = 5.0;
				TEST_TARGET_NAME = Hypnogram;
			};
			name = Release;
		};
/* End XCBuildConfiguration section */

/* Begin XCConfigurationList section */
		042F98FC2EC8990A006D4CDE /* Build configuration list for PBXProject "Hypnogram" */ = {
			isa = XCConfigurationList;
			buildConfigurations = (
				042F99242EC8990C006D4CDE /* Debug */,
				042F99252EC8990C006D4CDE /* Release */,
			);
			defaultConfigurationIsVisible = 0;
			defaultConfigurationName = Release;
		};
		042F99262EC8990C006D4CDE /* Build configuration list for PBXNativeTarget "Hypnogram" */ = {
			isa = XCConfigurationList;
			buildConfigurations = (
				042F99272EC8990C006D4CDE /* Debug */,
				042F99282EC8990C006D4CDE /* Release */,
			);
			defaultConfigurationIsVisible = 0;
			defaultConfigurationName = Release;
		};
		042F99292EC8990C006D4CDE /* Build configuration list for PBXNativeTarget "HypnogramTests" */ = {
			isa = XCConfigurationList;
			buildConfigurations = (
				042F992A2EC8990C006D4CDE /* Debug */,
				042F992B2EC8990C006D4CDE /* Release */,
			);
			defaultConfigurationIsVisible = 0;
			defaultConfigurationName = Release;
		};
		042F992C2EC8990C006D4CDE /* Build configuration list for PBXNativeTarget "HypnogramUITests" */ = {
			isa = XCConfigurationList;
			buildConfigurations = (
				042F992D2EC8990C006D4CDE /* Debug */,
				042F992E2EC8990C006D4CDE /* Release */,
			);
			defaultConfigurationIsVisible = 0;
			defaultConfigurationName = Release;
		};
/* End XCConfigurationList section */
	};
	rootObject = 042F98F92EC8990A006D4CDE /* Project object */;
}
